// !$*UTF8*$!
{
	archiveVersion = 1;
	classes = {
	};
	objectVersion = 50;
	objects = {

/* Begin PBXBuildFile section */
		251525B220C149C800BA5170 /* CommonTableViewCell.swift in Sources */ = {isa = PBXBuildFile; fileRef = 251525B120C149C800BA5170 /* CommonTableViewCell.swift */; };
		251525B420C14B3600BA5170 /* MovieDetailInfoCell.swift in Sources */ = {isa = PBXBuildFile; fileRef = 251525B320C14B3600BA5170 /* MovieDetailInfoCell.swift */; };
		251525B620C14D6800BA5170 /* MovieRateAreaView.swift in Sources */ = {isa = PBXBuildFile; fileRef = 251525B520C14D6800BA5170 /* MovieRateAreaView.swift */; };
		252678CE20BE42B200F7627F /* UIState+Rx.swift in Sources */ = {isa = PBXBuildFile; fileRef = 252678CD20BE42B200F7627F /* UIState+Rx.swift */; };
		252678D020BE7D0000F7627F /* UIScrollView+Rx.swift in Sources */ = {isa = PBXBuildFile; fileRef = 252678CF20BE7D0000F7627F /* UIScrollView+Rx.swift */; };
		252678D720BE875200F7627F /* MovieDetailViewController.swift in Sources */ = {isa = PBXBuildFile; fileRef = 252678D620BE875200F7627F /* MovieDetailViewController.swift */; };
		252678D920BE8DD200F7627F /* MovieDetailModel.swift in Sources */ = {isa = PBXBuildFile; fileRef = 252678D820BE8DD200F7627F /* MovieDetailModel.swift */; };
		252678DB20BE8DE000F7627F /* MovieDetailMovieModel.swift in Sources */ = {isa = PBXBuildFile; fileRef = 252678DA20BE8DE000F7627F /* MovieDetailMovieModel.swift */; };
		252758BB20B6B2B000347877 /* AppDelegate.swift in Sources */ = {isa = PBXBuildFile; fileRef = 252758B620B6B2B000347877 /* AppDelegate.swift */; };
		252758BC20B6B2B000347877 /* LaunchScreen.storyboard in Resources */ = {isa = PBXBuildFile; fileRef = 252758B820B6B2B000347877 /* LaunchScreen.storyboard */; };
		252758BF20B6B2E100347877 /* AppDelegat+Service.swift in Sources */ = {isa = PBXBuildFile; fileRef = 252758BE20B6B2E100347877 /* AppDelegat+Service.swift */; };
		252758C120B6B47F00347877 /* AppDelegate+Root.swift in Sources */ = {isa = PBXBuildFile; fileRef = 252758C020B6B47F00347877 /* AppDelegate+Root.swift */; };
		252758C920B6BE6800347877 /* MainViewController.swift in Sources */ = {isa = PBXBuildFile; fileRef = 252758C820B6BE6800347877 /* MainViewController.swift */; };
		252758DA20B6BFD000347877 /* BaseViewController.swift in Sources */ = {isa = PBXBuildFile; fileRef = 252758D920B6BFD000347877 /* BaseViewController.swift */; };
		252758DE20B6C0AB00347877 /* PersonalViewController.swift in Sources */ = {isa = PBXBuildFile; fileRef = 252758DD20B6C0AB00347877 /* PersonalViewController.swift */; };
		252758E020B6C0C100347877 /* RecommendViewController.swift in Sources */ = {isa = PBXBuildFile; fileRef = 252758DF20B6C0C100347877 /* RecommendViewController.swift */; };
		252758E220B6C0D000347877 /* SearchViewController.swift in Sources */ = {isa = PBXBuildFile; fileRef = 252758E120B6C0D000347877 /* SearchViewController.swift */; };
		2555D7B920BB8F6500CC010F /* HotViewController.swift in Sources */ = {isa = PBXBuildFile; fileRef = 2555D7B820BB8F6500CC010F /* HotViewController.swift */; };
		2555D7CE20BBE90C00CC010F /* BounceTabBar.swift in Sources */ = {isa = PBXBuildFile; fileRef = 2555D7CD20BBE90C00CC010F /* BounceTabBar.swift */; };
		2555D7D120BBEEA300CC010F /* SwiftyStarRatingView.swift in Sources */ = {isa = PBXBuildFile; fileRef = 2555D7D020BBEEA300CC010F /* SwiftyStarRatingView.swift */; };
		2555D7D620BBF0A500CC010F /* Common.swift in Sources */ = {isa = PBXBuildFile; fileRef = 2555D7D420BBF0A500CC010F /* Common.swift */; };
		2555D7D720BBF0A500CC010F /* XUtils.swift in Sources */ = {isa = PBXBuildFile; fileRef = 2555D7D520BBF0A500CC010F /* XUtils.swift */; };
		2555D7D920BBF0B700CC010F /* CommonMovieCell.swift in Sources */ = {isa = PBXBuildFile; fileRef = 2555D7D820BBF0B700CC010F /* CommonMovieCell.swift */; };
		2579028B20B7A2C600272600 /* UIImageExtension.swift in Sources */ = {isa = PBXBuildFile; fileRef = 2579028A20B7A2C600272600 /* UIImageExtension.swift */; };
		2579028D20B7B01F00272600 /* PopularModel.swift in Sources */ = {isa = PBXBuildFile; fileRef = 2579028C20B7B01F00272600 /* PopularModel.swift */; };
		2579029220B7B23A00272600 /* PixelExtension.swift in Sources */ = {isa = PBXBuildFile; fileRef = 2579028F20B7B23A00272600 /* PixelExtension.swift */; };
		2579030F20B7BE7C00272600 /* Router.swift in Sources */ = {isa = PBXBuildFile; fileRef = 257902AA20B7BE7B00272600 /* Router.swift */; };
		2579031020B7BE7C00272600 /* HUD.swift in Sources */ = {isa = PBXBuildFile; fileRef = 257902AC20B7BE7B00272600 /* HUD.swift */; };
		2579031120B7BE7C00272600 /* KRActivityIndicatorPath.swift in Sources */ = {isa = PBXBuildFile; fileRef = 257902AF20B7BE7B00272600 /* KRActivityIndicatorPath.swift */; };
		2579031220B7BE7C00272600 /* KRActivityIndicatorView.swift in Sources */ = {isa = PBXBuildFile; fileRef = 257902B020B7BE7B00272600 /* KRActivityIndicatorView.swift */; };
		2579031320B7BE7C00272600 /* KRActivityIndicatorViewStyle.swift in Sources */ = {isa = PBXBuildFile; fileRef = 257902B120B7BE7B00272600 /* KRActivityIndicatorViewStyle.swift */; };
		2579031420B7BE7C00272600 /* Extensions.swift in Sources */ = {isa = PBXBuildFile; fileRef = 257902B420B7BE7B00272600 /* Extensions.swift */; };
		2579031520B7BE7C00272600 /* InnerKRProgressHUD.swift in Sources */ = {isa = PBXBuildFile; fileRef = 257902B520B7BE7B00272600 /* InnerKRProgressHUD.swift */; };
		2579031620B7BE7C00272600 /* KRProgressHUD.swift in Sources */ = {isa = PBXBuildFile; fileRef = 257902B620B7BE7B00272600 /* KRProgressHUD.swift */; };
		2579031720B7BE7C00272600 /* KRProgressHUDIconType.swift in Sources */ = {isa = PBXBuildFile; fileRef = 257902B720B7BE7B00272600 /* KRProgressHUDIconType.swift */; };
		2579031820B7BE7C00272600 /* KRProgressHUDViewController.swift in Sources */ = {isa = PBXBuildFile; fileRef = 257902B820B7BE7B00272600 /* KRProgressHUDViewController.swift */; };
		2579031C20B7BE7C00272600 /* WebViewContainer.swift in Sources */ = {isa = PBXBuildFile; fileRef = 257902BE20B7BE7B00272600 /* WebViewContainer.swift */; };
		2579031D20B7BE7C00272600 /* WebViewController.swift in Sources */ = {isa = PBXBuildFile; fileRef = 257902BF20B7BE7B00272600 /* WebViewController.swift */; };
		2579035C20B7D76800272600 /* MoviesTarget.swift in Sources */ = {isa = PBXBuildFile; fileRef = 2579035B20B7D76800272600 /* MoviesTarget.swift */; };
		258F09EB20B6A71D004256EF /* Assets.xcassets in Resources */ = {isa = PBXBuildFile; fileRef = 258F09EA20B6A71D004256EF /* Assets.xcassets */; };
		258F0DC020C1153400295E9F /* UIViewExtension.swift in Sources */ = {isa = PBXBuildFile; fileRef = 258F0DBF20C1153400295E9F /* UIViewExtension.swift */; };
		25BE227920BCEC6800D066D6 /* CommonMovieViewModel.swift in Sources */ = {isa = PBXBuildFile; fileRef = 25BE227820BCEC6800D066D6 /* CommonMovieViewModel.swift */; };
		25BE227D20BCEE3800D066D6 /* CommonViewModel.swift in Sources */ = {isa = PBXBuildFile; fileRef = 25BE227C20BCEE3800D066D6 /* CommonViewModel.swift */; };
		25BE228E20BCF61600D066D6 /* HotChildViewController.swift in Sources */ = {isa = PBXBuildFile; fileRef = 25BE228D20BCF61600D066D6 /* HotChildViewController.swift */; };
		25BE229120BCF90700D066D6 /* CommonMovieModel.swift in Sources */ = {isa = PBXBuildFile; fileRef = 25BE229020BCF90700D066D6 /* CommonMovieModel.swift */; };
		25BE229420BD2A7F00D066D6 /* CleanJSON.swift in Sources */ = {isa = PBXBuildFile; fileRef = 25BE229320BD2A7F00D066D6 /* CleanJSON.swift */; };
		25BE229E20BD3BC600D066D6 /* Refresh+Rx.swift in Sources */ = {isa = PBXBuildFile; fileRef = 25BE229620BD3BC600D066D6 /* Refresh+Rx.swift */; };
		25BE22A020BD3BC600D066D6 /* MapTo+Rx.swift in Sources */ = {isa = PBXBuildFile; fileRef = 25BE229820BD3BC600D066D6 /* MapTo+Rx.swift */; };
		25BE22A120BD3BC600D066D6 /* UIResponder+Rx.swift in Sources */ = {isa = PBXBuildFile; fileRef = 25BE229920BD3BC600D066D6 /* UIResponder+Rx.swift */; };
		25BE22A220BD3BC600D066D6 /* UIViewController+Rx.swift in Sources */ = {isa = PBXBuildFile; fileRef = 25BE229A20BD3BC600D066D6 /* UIViewController+Rx.swift */; };
		25BE22A320BD3BC600D066D6 /* AsObservable.swift in Sources */ = {isa = PBXBuildFile; fileRef = 25BE229B20BD3BC600D066D6 /* AsObservable.swift */; };
		25BE22A420BD3BC600D066D6 /* ShareOnce+Rx.swift in Sources */ = {isa = PBXBuildFile; fileRef = 25BE229C20BD3BC600D066D6 /* ShareOnce+Rx.swift */; };
		25BE22A720BD3C5200D066D6 /* ImportFile.swift in Sources */ = {isa = PBXBuildFile; fileRef = 25BE22A620BD3C5200D066D6 /* ImportFile.swift */; };
		25BE22C320BD3DED00D066D6 /* StringExt.swift in Sources */ = {isa = PBXBuildFile; fileRef = 25BE22BD20BD3DED00D066D6 /* StringExt.swift */; };
		25BE22C420BD3DED00D066D6 /* UIViewControllerExt.swift in Sources */ = {isa = PBXBuildFile; fileRef = 25BE22BE20BD3DED00D066D6 /* UIViewControllerExt.swift */; };
		25BE22C520BD3DED00D066D6 /* UIColorExt.swift in Sources */ = {isa = PBXBuildFile; fileRef = 25BE22BF20BD3DED00D066D6 /* UIColorExt.swift */; };
		25BE22C620BD3DED00D066D6 /* ArrayExt.swift in Sources */ = {isa = PBXBuildFile; fileRef = 25BE22C020BD3DED00D066D6 /* ArrayExt.swift */; };
		25BE22C720BD3DED00D066D6 /* UIScreenExt.swift in Sources */ = {isa = PBXBuildFile; fileRef = 25BE22C120BD3DED00D066D6 /* UIScreenExt.swift */; };
		25BE22C820BD3DED00D066D6 /* UIBarButtonItemExt.swift in Sources */ = {isa = PBXBuildFile; fileRef = 25BE22C220BD3DED00D066D6 /* UIBarButtonItemExt.swift */; };
		25BE22CA20BD3F1500D066D6 /* UIColorExtension.swift in Sources */ = {isa = PBXBuildFile; fileRef = 25BE22C920BD3F1500D066D6 /* UIColorExtension.swift */; };
		25BE22D120BD48E400D066D6 /* Network+Rx.swift in Sources */ = {isa = PBXBuildFile; fileRef = 25BE22D020BD48E400D066D6 /* Network+Rx.swift */; };
		25BE22D520BD50B400D066D6 /* NetworkEnvironment.swift in Sources */ = {isa = PBXBuildFile; fileRef = 25BE22D420BD50B400D066D6 /* NetworkEnvironment.swift */; };
		25BE22D720BD51CD00D066D6 /* NetworkService.swift in Sources */ = {isa = PBXBuildFile; fileRef = 25BE22D620BD51CD00D066D6 /* NetworkService.swift */; };
		25BE22D920BD571C00D066D6 /* TargetExt.swift in Sources */ = {isa = PBXBuildFile; fileRef = 25BE22D820BD571C00D066D6 /* TargetExt.swift */; };
		25C1D54120BFC31E00DEFB3C /* HUD+Rx.swift in Sources */ = {isa = PBXBuildFile; fileRef = 25C1D54020BFC31E00DEFB3C /* HUD+Rx.swift */; };
		25C1D54320BFFE5F00DEFB3C /* MovieDetailHeaderView.swift in Sources */ = {isa = PBXBuildFile; fileRef = 25C1D54220BFFE5F00DEFB3C /* MovieDetailHeaderView.swift */; };
		2892E8EDB65262D04C0C20F4 /* Pods_magnetX.framework in Frameworks */ = {isa = PBXBuildFile; fileRef = FAE5AD0089BEF84A2A4E36F7 /* Pods_magnetX.framework */; };
/* End PBXBuildFile section */

/* Begin PBXFileReference section */
		251525B120C149C800BA5170 /* CommonTableViewCell.swift */ = {isa = PBXFileReference; lastKnownFileType = sourcecode.swift; path = CommonTableViewCell.swift; sourceTree = "<group>"; };
		251525B320C14B3600BA5170 /* MovieDetailInfoCell.swift */ = {isa = PBXFileReference; lastKnownFileType = sourcecode.swift; path = MovieDetailInfoCell.swift; sourceTree = "<group>"; };
		251525B520C14D6800BA5170 /* MovieRateAreaView.swift */ = {isa = PBXFileReference; lastKnownFileType = sourcecode.swift; path = MovieRateAreaView.swift; sourceTree = "<group>"; };
		252678CD20BE42B200F7627F /* UIState+Rx.swift */ = {isa = PBXFileReference; fileEncoding = 4; lastKnownFileType = sourcecode.swift; path = "UIState+Rx.swift"; sourceTree = "<group>"; };
		252678CF20BE7D0000F7627F /* UIScrollView+Rx.swift */ = {isa = PBXFileReference; lastKnownFileType = sourcecode.swift; path = "UIScrollView+Rx.swift"; sourceTree = "<group>"; };
		252678D620BE875200F7627F /* MovieDetailViewController.swift */ = {isa = PBXFileReference; lastKnownFileType = sourcecode.swift; path = MovieDetailViewController.swift; sourceTree = "<group>"; };
		252678D820BE8DD200F7627F /* MovieDetailModel.swift */ = {isa = PBXFileReference; lastKnownFileType = sourcecode.swift; path = MovieDetailModel.swift; sourceTree = "<group>"; };
		252678DA20BE8DE000F7627F /* MovieDetailMovieModel.swift */ = {isa = PBXFileReference; lastKnownFileType = sourcecode.swift; path = MovieDetailMovieModel.swift; sourceTree = "<group>"; };
		252758B620B6B2B000347877 /* AppDelegate.swift */ = {isa = PBXFileReference; fileEncoding = 4; lastKnownFileType = sourcecode.swift; path = AppDelegate.swift; sourceTree = "<group>"; };
		252758B920B6B2B000347877 /* Base */ = {isa = PBXFileReference; lastKnownFileType = file.storyboard; name = Base; path = Base.lproj/LaunchScreen.storyboard; sourceTree = "<group>"; };
		252758BA20B6B2B000347877 /* Info.plist */ = {isa = PBXFileReference; fileEncoding = 4; lastKnownFileType = text.plist.xml; path = Info.plist; sourceTree = "<group>"; };
		252758BE20B6B2E100347877 /* AppDelegat+Service.swift */ = {isa = PBXFileReference; lastKnownFileType = sourcecode.swift; path = "AppDelegat+Service.swift"; sourceTree = "<group>"; };
		252758C020B6B47F00347877 /* AppDelegate+Root.swift */ = {isa = PBXFileReference; lastKnownFileType = sourcecode.swift; path = "AppDelegate+Root.swift"; sourceTree = "<group>"; };
		252758C820B6BE6800347877 /* MainViewController.swift */ = {isa = PBXFileReference; lastKnownFileType = sourcecode.swift; path = MainViewController.swift; sourceTree = "<group>"; };
		252758D920B6BFD000347877 /* BaseViewController.swift */ = {isa = PBXFileReference; lastKnownFileType = sourcecode.swift; path = BaseViewController.swift; sourceTree = "<group>"; };
		252758DD20B6C0AB00347877 /* PersonalViewController.swift */ = {isa = PBXFileReference; lastKnownFileType = sourcecode.swift; path = PersonalViewController.swift; sourceTree = "<group>"; };
		252758DF20B6C0C100347877 /* RecommendViewController.swift */ = {isa = PBXFileReference; lastKnownFileType = sourcecode.swift; path = RecommendViewController.swift; sourceTree = "<group>"; };
		252758E120B6C0D000347877 /* SearchViewController.swift */ = {isa = PBXFileReference; lastKnownFileType = sourcecode.swift; path = SearchViewController.swift; sourceTree = "<group>"; };
		2555D7B820BB8F6500CC010F /* HotViewController.swift */ = {isa = PBXFileReference; lastKnownFileType = sourcecode.swift; path = HotViewController.swift; sourceTree = "<group>"; };
		2555D7CD20BBE90C00CC010F /* BounceTabBar.swift */ = {isa = PBXFileReference; lastKnownFileType = sourcecode.swift; path = BounceTabBar.swift; sourceTree = "<group>"; };
		2555D7D020BBEEA300CC010F /* SwiftyStarRatingView.swift */ = {isa = PBXFileReference; fileEncoding = 4; lastKnownFileType = sourcecode.swift; path = SwiftyStarRatingView.swift; sourceTree = "<group>"; };
		2555D7D420BBF0A500CC010F /* Common.swift */ = {isa = PBXFileReference; fileEncoding = 4; lastKnownFileType = sourcecode.swift; path = Common.swift; sourceTree = "<group>"; };
		2555D7D520BBF0A500CC010F /* XUtils.swift */ = {isa = PBXFileReference; fileEncoding = 4; lastKnownFileType = sourcecode.swift; path = XUtils.swift; sourceTree = "<group>"; };
		2555D7D820BBF0B700CC010F /* CommonMovieCell.swift */ = {isa = PBXFileReference; lastKnownFileType = sourcecode.swift; path = CommonMovieCell.swift; sourceTree = "<group>"; };
		2579028A20B7A2C600272600 /* UIImageExtension.swift */ = {isa = PBXFileReference; lastKnownFileType = sourcecode.swift; path = UIImageExtension.swift; sourceTree = "<group>"; };
		2579028C20B7B01F00272600 /* PopularModel.swift */ = {isa = PBXFileReference; lastKnownFileType = sourcecode.swift; path = PopularModel.swift; sourceTree = "<group>"; };
		2579028F20B7B23A00272600 /* PixelExtension.swift */ = {isa = PBXFileReference; fileEncoding = 4; lastKnownFileType = sourcecode.swift; path = PixelExtension.swift; sourceTree = "<group>"; };
		257902AA20B7BE7B00272600 /* Router.swift */ = {isa = PBXFileReference; fileEncoding = 4; lastKnownFileType = sourcecode.swift; path = Router.swift; sourceTree = "<group>"; };
		257902AC20B7BE7B00272600 /* HUD.swift */ = {isa = PBXFileReference; fileEncoding = 4; lastKnownFileType = sourcecode.swift; path = HUD.swift; sourceTree = "<group>"; };
		257902AF20B7BE7B00272600 /* KRActivityIndicatorPath.swift */ = {isa = PBXFileReference; fileEncoding = 4; lastKnownFileType = sourcecode.swift; path = KRActivityIndicatorPath.swift; sourceTree = "<group>"; };
		257902B020B7BE7B00272600 /* KRActivityIndicatorView.swift */ = {isa = PBXFileReference; fileEncoding = 4; lastKnownFileType = sourcecode.swift; path = KRActivityIndicatorView.swift; sourceTree = "<group>"; };
		257902B120B7BE7B00272600 /* KRActivityIndicatorViewStyle.swift */ = {isa = PBXFileReference; fileEncoding = 4; lastKnownFileType = sourcecode.swift; path = KRActivityIndicatorViewStyle.swift; sourceTree = "<group>"; };
		257902B420B7BE7B00272600 /* Extensions.swift */ = {isa = PBXFileReference; fileEncoding = 4; lastKnownFileType = sourcecode.swift; path = Extensions.swift; sourceTree = "<group>"; };
		257902B520B7BE7B00272600 /* InnerKRProgressHUD.swift */ = {isa = PBXFileReference; fileEncoding = 4; lastKnownFileType = sourcecode.swift; path = InnerKRProgressHUD.swift; sourceTree = "<group>"; };
		257902B620B7BE7B00272600 /* KRProgressHUD.swift */ = {isa = PBXFileReference; fileEncoding = 4; lastKnownFileType = sourcecode.swift; path = KRProgressHUD.swift; sourceTree = "<group>"; };
		257902B720B7BE7B00272600 /* KRProgressHUDIconType.swift */ = {isa = PBXFileReference; fileEncoding = 4; lastKnownFileType = sourcecode.swift; path = KRProgressHUDIconType.swift; sourceTree = "<group>"; };
		257902B820B7BE7B00272600 /* KRProgressHUDViewController.swift */ = {isa = PBXFileReference; fileEncoding = 4; lastKnownFileType = sourcecode.swift; path = KRProgressHUDViewController.swift; sourceTree = "<group>"; };
		257902BE20B7BE7B00272600 /* WebViewContainer.swift */ = {isa = PBXFileReference; fileEncoding = 4; lastKnownFileType = sourcecode.swift; path = WebViewContainer.swift; sourceTree = "<group>"; };
		257902BF20B7BE7B00272600 /* WebViewController.swift */ = {isa = PBXFileReference; fileEncoding = 4; lastKnownFileType = sourcecode.swift; path = WebViewController.swift; sourceTree = "<group>"; };
		2579035920B7C03B00272600 /* magnetX-Bridging-Header.h */ = {isa = PBXFileReference; lastKnownFileType = sourcecode.c.h; path = "magnetX-Bridging-Header.h"; sourceTree = "<group>"; };
		2579035B20B7D76800272600 /* MoviesTarget.swift */ = {isa = PBXFileReference; lastKnownFileType = sourcecode.swift; path = MoviesTarget.swift; sourceTree = "<group>"; };
		258F09E020B6A71C004256EF /* magnetX.app */ = {isa = PBXFileReference; explicitFileType = wrapper.application; includeInIndex = 0; path = magnetX.app; sourceTree = BUILT_PRODUCTS_DIR; };
		258F09EA20B6A71D004256EF /* Assets.xcassets */ = {isa = PBXFileReference; lastKnownFileType = folder.assetcatalog; path = Assets.xcassets; sourceTree = "<group>"; };
		258F0DBF20C1153400295E9F /* UIViewExtension.swift */ = {isa = PBXFileReference; lastKnownFileType = sourcecode.swift; path = UIViewExtension.swift; sourceTree = "<group>"; };
		25BE227820BCEC6800D066D6 /* CommonMovieViewModel.swift */ = {isa = PBXFileReference; lastKnownFileType = sourcecode.swift; path = CommonMovieViewModel.swift; sourceTree = "<group>"; };
		25BE227C20BCEE3800D066D6 /* CommonViewModel.swift */ = {isa = PBXFileReference; lastKnownFileType = sourcecode.swift; path = CommonViewModel.swift; sourceTree = "<group>"; };
		25BE228D20BCF61600D066D6 /* HotChildViewController.swift */ = {isa = PBXFileReference; lastKnownFileType = sourcecode.swift; path = HotChildViewController.swift; sourceTree = "<group>"; };
		25BE229020BCF90700D066D6 /* CommonMovieModel.swift */ = {isa = PBXFileReference; lastKnownFileType = sourcecode.swift; path = CommonMovieModel.swift; sourceTree = "<group>"; };
		25BE229320BD2A7F00D066D6 /* CleanJSON.swift */ = {isa = PBXFileReference; fileEncoding = 4; lastKnownFileType = sourcecode.swift; path = CleanJSON.swift; sourceTree = "<group>"; };
		25BE229620BD3BC600D066D6 /* Refresh+Rx.swift */ = {isa = PBXFileReference; fileEncoding = 4; lastKnownFileType = sourcecode.swift; path = "Refresh+Rx.swift"; sourceTree = "<group>"; };
		25BE229820BD3BC600D066D6 /* MapTo+Rx.swift */ = {isa = PBXFileReference; fileEncoding = 4; lastKnownFileType = sourcecode.swift; path = "MapTo+Rx.swift"; sourceTree = "<group>"; };
		25BE229920BD3BC600D066D6 /* UIResponder+Rx.swift */ = {isa = PBXFileReference; fileEncoding = 4; lastKnownFileType = sourcecode.swift; path = "UIResponder+Rx.swift"; sourceTree = "<group>"; };
		25BE229A20BD3BC600D066D6 /* UIViewController+Rx.swift */ = {isa = PBXFileReference; fileEncoding = 4; lastKnownFileType = sourcecode.swift; path = "UIViewController+Rx.swift"; sourceTree = "<group>"; };
		25BE229B20BD3BC600D066D6 /* AsObservable.swift */ = {isa = PBXFileReference; fileEncoding = 4; lastKnownFileType = sourcecode.swift; path = AsObservable.swift; sourceTree = "<group>"; };
		25BE229C20BD3BC600D066D6 /* ShareOnce+Rx.swift */ = {isa = PBXFileReference; fileEncoding = 4; lastKnownFileType = sourcecode.swift; path = "ShareOnce+Rx.swift"; sourceTree = "<group>"; };
		25BE22A620BD3C5200D066D6 /* ImportFile.swift */ = {isa = PBXFileReference; lastKnownFileType = sourcecode.swift; path = ImportFile.swift; sourceTree = "<group>"; };
		25BE22BD20BD3DED00D066D6 /* StringExt.swift */ = {isa = PBXFileReference; fileEncoding = 4; lastKnownFileType = sourcecode.swift; path = StringExt.swift; sourceTree = "<group>"; };
		25BE22BE20BD3DED00D066D6 /* UIViewControllerExt.swift */ = {isa = PBXFileReference; fileEncoding = 4; lastKnownFileType = sourcecode.swift; path = UIViewControllerExt.swift; sourceTree = "<group>"; };
		25BE22BF20BD3DED00D066D6 /* UIColorExt.swift */ = {isa = PBXFileReference; fileEncoding = 4; lastKnownFileType = sourcecode.swift; path = UIColorExt.swift; sourceTree = "<group>"; };
		25BE22C020BD3DED00D066D6 /* ArrayExt.swift */ = {isa = PBXFileReference; fileEncoding = 4; lastKnownFileType = sourcecode.swift; path = ArrayExt.swift; sourceTree = "<group>"; };
		25BE22C120BD3DED00D066D6 /* UIScreenExt.swift */ = {isa = PBXFileReference; fileEncoding = 4; lastKnownFileType = sourcecode.swift; path = UIScreenExt.swift; sourceTree = "<group>"; };
		25BE22C220BD3DED00D066D6 /* UIBarButtonItemExt.swift */ = {isa = PBXFileReference; fileEncoding = 4; lastKnownFileType = sourcecode.swift; path = UIBarButtonItemExt.swift; sourceTree = "<group>"; };
		25BE22C920BD3F1500D066D6 /* UIColorExtension.swift */ = {isa = PBXFileReference; fileEncoding = 4; lastKnownFileType = sourcecode.swift; path = UIColorExtension.swift; sourceTree = "<group>"; };
		25BE22D020BD48E400D066D6 /* Network+Rx.swift */ = {isa = PBXFileReference; fileEncoding = 4; lastKnownFileType = sourcecode.swift; path = "Network+Rx.swift"; sourceTree = "<group>"; };
		25BE22D420BD50B400D066D6 /* NetworkEnvironment.swift */ = {isa = PBXFileReference; lastKnownFileType = sourcecode.swift; path = NetworkEnvironment.swift; sourceTree = "<group>"; };
		25BE22D620BD51CD00D066D6 /* NetworkService.swift */ = {isa = PBXFileReference; lastKnownFileType = sourcecode.swift; path = NetworkService.swift; sourceTree = "<group>"; };
		25BE22D820BD571C00D066D6 /* TargetExt.swift */ = {isa = PBXFileReference; lastKnownFileType = sourcecode.swift; path = TargetExt.swift; sourceTree = "<group>"; };
		25C1D54020BFC31E00DEFB3C /* HUD+Rx.swift */ = {isa = PBXFileReference; lastKnownFileType = sourcecode.swift; path = "HUD+Rx.swift"; sourceTree = "<group>"; };
		25C1D54220BFFE5F00DEFB3C /* MovieDetailHeaderView.swift */ = {isa = PBXFileReference; lastKnownFileType = sourcecode.swift; path = MovieDetailHeaderView.swift; sourceTree = "<group>"; };
		3AF93A1D4E4CAE38E95B98C0 /* Pods-magnetX.release.xcconfig */ = {isa = PBXFileReference; includeInIndex = 1; lastKnownFileType = text.xcconfig; name = "Pods-magnetX.release.xcconfig"; path = "Pods/Target Support Files/Pods-magnetX/Pods-magnetX.release.xcconfig"; sourceTree = "<group>"; };
		793B842B83B43925AAEC4A63 /* Pods-magnetX.debug.xcconfig */ = {isa = PBXFileReference; includeInIndex = 1; lastKnownFileType = text.xcconfig; name = "Pods-magnetX.debug.xcconfig"; path = "Pods/Target Support Files/Pods-magnetX/Pods-magnetX.debug.xcconfig"; sourceTree = "<group>"; };
		FAE5AD0089BEF84A2A4E36F7 /* Pods_magnetX.framework */ = {isa = PBXFileReference; explicitFileType = wrapper.framework; includeInIndex = 0; path = Pods_magnetX.framework; sourceTree = BUILT_PRODUCTS_DIR; };
/* End PBXFileReference section */

/* Begin PBXFrameworksBuildPhase section */
		258F09DD20B6A71C004256EF /* Frameworks */ = {
			isa = PBXFrameworksBuildPhase;
			buildActionMask = 2147483647;
			files = (
				2892E8EDB65262D04C0C20F4 /* Pods_magnetX.framework in Frameworks */,
			);
			runOnlyForDeploymentPostprocessing = 0;
		};
/* End PBXFrameworksBuildPhase section */

/* Begin PBXGroup section */
		1DAEB440FAC4ACCF2BAC7FC5 /* Pods */ = {
			isa = PBXGroup;
			children = (
				793B842B83B43925AAEC4A63 /* Pods-magnetX.debug.xcconfig */,
				3AF93A1D4E4CAE38E95B98C0 /* Pods-magnetX.release.xcconfig */,
			);
			name = Pods;
			sourceTree = "<group>";
		};
		252678D120BE873A00F7627F /* MovieDetail */ = {
			isa = PBXGroup;
			children = (
				252678D220BE873A00F7627F /* Controller */,
				252678D320BE873A00F7627F /* Model */,
				252678D420BE873A00F7627F /* View */,
				252678D520BE873A00F7627F /* ViewModel */,
			);
			path = MovieDetail;
			sourceTree = "<group>";
		};
		252678D220BE873A00F7627F /* Controller */ = {
			isa = PBXGroup;
			children = (
				252678D620BE875200F7627F /* MovieDetailViewController.swift */,
			);
			path = Controller;
			sourceTree = "<group>";
		};
		252678D320BE873A00F7627F /* Model */ = {
			isa = PBXGroup;
			children = (
				252678D820BE8DD200F7627F /* MovieDetailModel.swift */,
			);
			path = Model;
			sourceTree = "<group>";
		};
		252678D420BE873A00F7627F /* View */ = {
			isa = PBXGroup;
			children = (
				25C1D54220BFFE5F00DEFB3C /* MovieDetailHeaderView.swift */,
				251525B520C14D6800BA5170 /* MovieRateAreaView.swift */,
				251525B320C14B3600BA5170 /* MovieDetailInfoCell.swift */,
			);
			path = View;
			sourceTree = "<group>";
		};
		252678D520BE873A00F7627F /* ViewModel */ = {
			isa = PBXGroup;
			children = (
				252678DA20BE8DE000F7627F /* MovieDetailMovieModel.swift */,
			);
			path = ViewModel;
			sourceTree = "<group>";
		};
		252758B520B6B2B000347877 /* App */ = {
			isa = PBXGroup;
			children = (
				252758B620B6B2B000347877 /* AppDelegate.swift */,
				252758BE20B6B2E100347877 /* AppDelegat+Service.swift */,
				252758C020B6B47F00347877 /* AppDelegate+Root.swift */,
			);
			path = App;
			sourceTree = "<group>";
		};
		252758B720B6B2B000347877 /* Other */ = {
			isa = PBXGroup;
			children = (
				252758B820B6B2B000347877 /* LaunchScreen.storyboard */,
				252758BA20B6B2B000347877 /* Info.plist */,
			);
			path = Other;
			sourceTree = "<group>";
		};
		252758C220B6B4B900347877 /* Extension */ = {
			isa = PBXGroup;
			children = (
				25BE227E20BCF15B00D066D6 /* Cocoa+Rx */,
				2579028A20B7A2C600272600 /* UIImageExtension.swift */,
				2579028F20B7B23A00272600 /* PixelExtension.swift */,
				25BE22C920BD3F1500D066D6 /* UIColorExtension.swift */,
				258F0DBF20C1153400295E9F /* UIViewExtension.swift */,
			);
			path = Extension;
			sourceTree = "<group>";
		};
		252758C520B6BE5700347877 /* Classes */ = {
			isa = PBXGroup;
			children = (
				252758C720B6BE5700347877 /* Main */,
				252758C620B6BE5700347877 /* Base */,
				2555D7B320BB8F5700CC010F /* Hot */,
				252758CA20B6BF8700347877 /* Recommend */,
				252758CF20B6BF8700347877 /* Search */,
				252758D420B6BF8700347877 /* Personal */,
				252678D120BE873A00F7627F /* MovieDetail */,
			);
			path = Classes;
			sourceTree = "<group>";
		};
		252758C620B6BE5700347877 /* Base */ = {
			isa = PBXGroup;
			children = (
				252758D920B6BFD000347877 /* BaseViewController.swift */,
			);
			path = Base;
			sourceTree = "<group>";
		};
		252758C720B6BE5700347877 /* Main */ = {
			isa = PBXGroup;
			children = (
				252758C820B6BE6800347877 /* MainViewController.swift */,
				2555D7CD20BBE90C00CC010F /* BounceTabBar.swift */,
			);
			path = Main;
			sourceTree = "<group>";
		};
		252758CA20B6BF8700347877 /* Recommend */ = {
			isa = PBXGroup;
			children = (
				252758CB20B6BF8700347877 /* Controller */,
				252758CC20B6BF8700347877 /* Model */,
				252758CD20B6BF8700347877 /* View */,
				252758CE20B6BF8700347877 /* ViewModel */,
			);
			path = Recommend;
			sourceTree = "<group>";
		};
		252758CB20B6BF8700347877 /* Controller */ = {
			isa = PBXGroup;
			children = (
				252758DF20B6C0C100347877 /* RecommendViewController.swift */,
			);
			path = Controller;
			sourceTree = "<group>";
		};
		252758CC20B6BF8700347877 /* Model */ = {
			isa = PBXGroup;
			children = (
				2579028C20B7B01F00272600 /* PopularModel.swift */,
			);
			path = Model;
			sourceTree = "<group>";
		};
		252758CD20B6BF8700347877 /* View */ = {
			isa = PBXGroup;
			children = (
			);
			path = View;
			sourceTree = "<group>";
		};
		252758CE20B6BF8700347877 /* ViewModel */ = {
			isa = PBXGroup;
			children = (
			);
			path = ViewModel;
			sourceTree = "<group>";
		};
		252758CF20B6BF8700347877 /* Search */ = {
			isa = PBXGroup;
			children = (
				252758D020B6BF8700347877 /* Controller */,
				252758D120B6BF8700347877 /* Model */,
				252758D220B6BF8700347877 /* View */,
				252758D320B6BF8700347877 /* ViewModel */,
			);
			path = Search;
			sourceTree = "<group>";
		};
		252758D020B6BF8700347877 /* Controller */ = {
			isa = PBXGroup;
			children = (
				252758E120B6C0D000347877 /* SearchViewController.swift */,
			);
			path = Controller;
			sourceTree = "<group>";
		};
		252758D120B6BF8700347877 /* Model */ = {
			isa = PBXGroup;
			children = (
			);
			path = Model;
			sourceTree = "<group>";
		};
		252758D220B6BF8700347877 /* View */ = {
			isa = PBXGroup;
			children = (
			);
			path = View;
			sourceTree = "<group>";
		};
		252758D320B6BF8700347877 /* ViewModel */ = {
			isa = PBXGroup;
			children = (
			);
			path = ViewModel;
			sourceTree = "<group>";
		};
		252758D420B6BF8700347877 /* Personal */ = {
			isa = PBXGroup;
			children = (
				252758D520B6BF8700347877 /* Controller */,
				252758D620B6BF8700347877 /* Model */,
				252758D720B6BF8700347877 /* View */,
				252758D820B6BF8700347877 /* ViewModel */,
			);
			path = Personal;
			sourceTree = "<group>";
		};
		252758D520B6BF8700347877 /* Controller */ = {
			isa = PBXGroup;
			children = (
				252758DD20B6C0AB00347877 /* PersonalViewController.swift */,
			);
			path = Controller;
			sourceTree = "<group>";
		};
		252758D620B6BF8700347877 /* Model */ = {
			isa = PBXGroup;
			children = (
			);
			path = Model;
			sourceTree = "<group>";
		};
		252758D720B6BF8700347877 /* View */ = {
			isa = PBXGroup;
			children = (
			);
			path = View;
			sourceTree = "<group>";
		};
		252758D820B6BF8700347877 /* ViewModel */ = {
			isa = PBXGroup;
			children = (
			);
			path = ViewModel;
			sourceTree = "<group>";
		};
		2555D7B320BB8F5700CC010F /* Hot */ = {
			isa = PBXGroup;
			children = (
				2555D7B420BB8F5700CC010F /* Controller */,
				2555D7B520BB8F5700CC010F /* Model */,
				2555D7B620BB8F5700CC010F /* View */,
				2555D7B720BB8F5700CC010F /* ViewModel */,
			);
			path = Hot;
			sourceTree = "<group>";
		};
		2555D7B420BB8F5700CC010F /* Controller */ = {
			isa = PBXGroup;
			children = (
				2555D7B820BB8F6500CC010F /* HotViewController.swift */,
				25BE228D20BCF61600D066D6 /* HotChildViewController.swift */,
			);
			path = Controller;
			sourceTree = "<group>";
		};
		2555D7B520BB8F5700CC010F /* Model */ = {
			isa = PBXGroup;
			children = (
			);
			path = Model;
			sourceTree = "<group>";
		};
		2555D7B620BB8F5700CC010F /* View */ = {
			isa = PBXGroup;
			children = (
			);
			path = View;
			sourceTree = "<group>";
		};
		2555D7B720BB8F5700CC010F /* ViewModel */ = {
			isa = PBXGroup;
			children = (
			);
			path = ViewModel;
			sourceTree = "<group>";
		};
		2555D7CF20BBEEA300CC010F /* SwiftyStarRatingView */ = {
			isa = PBXGroup;
			children = (
				2555D7D020BBEEA300CC010F /* SwiftyStarRatingView.swift */,
			);
			path = SwiftyStarRatingView;
			sourceTree = "<group>";
		};
		2555D7D220BBF0A500CC010F /* View */ = {
			isa = PBXGroup;
			children = (
				251525B120C149C800BA5170 /* CommonTableViewCell.swift */,
				2555D7D820BBF0B700CC010F /* CommonMovieCell.swift */,
			);
			path = View;
			sourceTree = "<group>";
		};
		2555D7D320BBF0A500CC010F /* Tools */ = {
			isa = PBXGroup;
			children = (
				2555D7D420BBF0A500CC010F /* Common.swift */,
				2555D7D520BBF0A500CC010F /* XUtils.swift */,
			);
			path = Tools;
			sourceTree = "<group>";
		};
		2579029420B7B2AC00272600 /* Common */ = {
			isa = PBXGroup;
			children = (
				25BE22A520BD3C3200D066D6 /* Config */,
				2555D7D320BBF0A500CC010F /* Tools */,
				2555D7D220BBF0A500CC010F /* View */,
				25BE227720BCEC5600D066D6 /* ViewModel */,
				25BE228F20BCF8FC00D066D6 /* Model */,
			);
			name = Common;
			path = magnetX/Common;
			sourceTree = SOURCE_ROOT;
		};
		257902A420B7BE7B00272600 /* Vendor */ = {
			isa = PBXGroup;
			children = (
				25BE22A820BD3DC000D066D6 /* ExtensionX */,
				25BE229220BD2A7F00D066D6 /* CleanJSON */,
				257902A920B7BE7B00272600 /* Router */,
				257902AB20B7BE7B00272600 /* UI */,
			);
			path = Vendor;
			sourceTree = "<group>";
		};
		257902A920B7BE7B00272600 /* Router */ = {
			isa = PBXGroup;
			children = (
				257902AA20B7BE7B00272600 /* Router.swift */,
			);
			path = Router;
			sourceTree = "<group>";
		};
		257902AB20B7BE7B00272600 /* UI */ = {
			isa = PBXGroup;
			children = (
				257902AC20B7BE7B00272600 /* HUD.swift */,
				2555D7CF20BBEEA300CC010F /* SwiftyStarRatingView */,
				257902AD20B7BE7B00272600 /* KRActivityIndicatorView */,
				257902B220B7BE7B00272600 /* KRProgressHUD */,
				257902BD20B7BE7B00272600 /* WebViewContainer */,
			);
			path = UI;
			sourceTree = "<group>";
		};
		257902AD20B7BE7B00272600 /* KRActivityIndicatorView */ = {
			isa = PBXGroup;
			children = (
				257902AE20B7BE7B00272600 /* Classes */,
			);
			path = KRActivityIndicatorView;
			sourceTree = "<group>";
		};
		257902AE20B7BE7B00272600 /* Classes */ = {
			isa = PBXGroup;
			children = (
				257902AF20B7BE7B00272600 /* KRActivityIndicatorPath.swift */,
				257902B020B7BE7B00272600 /* KRActivityIndicatorView.swift */,
				257902B120B7BE7B00272600 /* KRActivityIndicatorViewStyle.swift */,
			);
			path = Classes;
			sourceTree = "<group>";
		};
		257902B220B7BE7B00272600 /* KRProgressHUD */ = {
			isa = PBXGroup;
			children = (
				257902B320B7BE7B00272600 /* Classes */,
			);
			path = KRProgressHUD;
			sourceTree = "<group>";
		};
		257902B320B7BE7B00272600 /* Classes */ = {
			isa = PBXGroup;
			children = (
				257902B420B7BE7B00272600 /* Extensions.swift */,
				257902B520B7BE7B00272600 /* InnerKRProgressHUD.swift */,
				257902B620B7BE7B00272600 /* KRProgressHUD.swift */,
				257902B720B7BE7B00272600 /* KRProgressHUDIconType.swift */,
				257902B820B7BE7B00272600 /* KRProgressHUDViewController.swift */,
			);
			path = Classes;
			sourceTree = "<group>";
		};
		257902BD20B7BE7B00272600 /* WebViewContainer */ = {
			isa = PBXGroup;
			children = (
				257902BE20B7BE7B00272600 /* WebViewContainer.swift */,
				257902BF20B7BE7B00272600 /* WebViewController.swift */,
			);
			path = WebViewContainer;
			sourceTree = "<group>";
		};
		2579035820B7C01600272600 /* OCBridge */ = {
			isa = PBXGroup;
			children = (
				2579035920B7C03B00272600 /* magnetX-Bridging-Header.h */,
			);
			path = OCBridge;
			sourceTree = "<group>";
		};
		2579035A20B7D71D00272600 /* Target */ = {
			isa = PBXGroup;
			children = (
				25BE22D820BD571C00D066D6 /* TargetExt.swift */,
				2579035B20B7D76800272600 /* MoviesTarget.swift */,
			);
			path = Target;
			sourceTree = "<group>";
		};
		258F09D720B6A71C004256EF = {
			isa = PBXGroup;
			children = (
				258F09E220B6A71C004256EF /* magnetX */,
				258F09E120B6A71C004256EF /* Products */,
				1DAEB440FAC4ACCF2BAC7FC5 /* Pods */,
				E2E938FB4279700D08D1DF82 /* Frameworks */,
			);
			sourceTree = "<group>";
		};
		258F09E120B6A71C004256EF /* Products */ = {
			isa = PBXGroup;
			children = (
				258F09E020B6A71C004256EF /* magnetX.app */,
			);
			name = Products;
			sourceTree = "<group>";
		};
		258F09E220B6A71C004256EF /* magnetX */ = {
			isa = PBXGroup;
			children = (
				252758B520B6B2B000347877 /* App */,
				252758C520B6BE5700347877 /* Classes */,
				252758C220B6B4B900347877 /* Extension */,
				2579029420B7B2AC00272600 /* Common */,
				25BE22CD20BD47CE00D066D6 /* Network */,
				2579035A20B7D71D00272600 /* Target */,
				257902A420B7BE7B00272600 /* Vendor */,
				2579035820B7C01600272600 /* OCBridge */,
				252758B720B6B2B000347877 /* Other */,
				258F09EA20B6A71D004256EF /* Assets.xcassets */,
			);
			path = magnetX;
			sourceTree = "<group>";
		};
		25BE227720BCEC5600D066D6 /* ViewModel */ = {
			isa = PBXGroup;
			children = (
				25BE227C20BCEE3800D066D6 /* CommonViewModel.swift */,
				25BE227820BCEC6800D066D6 /* CommonMovieViewModel.swift */,
			);
			path = ViewModel;
			sourceTree = "<group>";
		};
		25BE227E20BCF15B00D066D6 /* Cocoa+Rx */ = {
			isa = PBXGroup;
			children = (
				25BE229B20BD3BC600D066D6 /* AsObservable.swift */,
				25BE229820BD3BC600D066D6 /* MapTo+Rx.swift */,
				25BE229620BD3BC600D066D6 /* Refresh+Rx.swift */,
				25BE229C20BD3BC600D066D6 /* ShareOnce+Rx.swift */,
				25BE229920BD3BC600D066D6 /* UIResponder+Rx.swift */,
				25BE229A20BD3BC600D066D6 /* UIViewController+Rx.swift */,
				252678CD20BE42B200F7627F /* UIState+Rx.swift */,
				252678CF20BE7D0000F7627F /* UIScrollView+Rx.swift */,
				25C1D54020BFC31E00DEFB3C /* HUD+Rx.swift */,
			);
			path = "Cocoa+Rx";
			sourceTree = "<group>";
		};
		25BE228F20BCF8FC00D066D6 /* Model */ = {
			isa = PBXGroup;
			children = (
				25BE229020BCF90700D066D6 /* CommonMovieModel.swift */,
			);
			path = Model;
			sourceTree = "<group>";
		};
		25BE229220BD2A7F00D066D6 /* CleanJSON */ = {
			isa = PBXGroup;
			children = (
				25BE229320BD2A7F00D066D6 /* CleanJSON.swift */,
			);
			path = CleanJSON;
			sourceTree = "<group>";
		};
		25BE22A520BD3C3200D066D6 /* Config */ = {
			isa = PBXGroup;
			children = (
				25BE22A620BD3C5200D066D6 /* ImportFile.swift */,
			);
			path = Config;
			sourceTree = "<group>";
		};
		25BE22A820BD3DC000D066D6 /* ExtensionX */ = {
			isa = PBXGroup;
			children = (
				25BE22C020BD3DED00D066D6 /* ArrayExt.swift */,
				25BE22BD20BD3DED00D066D6 /* StringExt.swift */,
				25BE22C220BD3DED00D066D6 /* UIBarButtonItemExt.swift */,
				25BE22BF20BD3DED00D066D6 /* UIColorExt.swift */,
				25BE22C120BD3DED00D066D6 /* UIScreenExt.swift */,
				25BE22BE20BD3DED00D066D6 /* UIViewControllerExt.swift */,
			);
			path = ExtensionX;
			sourceTree = "<group>";
		};
		25BE22CD20BD47CE00D066D6 /* Network */ = {
			isa = PBXGroup;
			children = (
				25BE22D020BD48E400D066D6 /* Network+Rx.swift */,
				25BE22D420BD50B400D066D6 /* NetworkEnvironment.swift */,
				25BE22D620BD51CD00D066D6 /* NetworkService.swift */,
			);
			path = Network;
			sourceTree = "<group>";
		};
		E2E938FB4279700D08D1DF82 /* Frameworks */ = {
			isa = PBXGroup;
			children = (
				FAE5AD0089BEF84A2A4E36F7 /* Pods_magnetX.framework */,
			);
			name = Frameworks;
			sourceTree = "<group>";
		};
/* End PBXGroup section */

/* Begin PBXNativeTarget section */
		258F09DF20B6A71C004256EF /* magnetX */ = {
			isa = PBXNativeTarget;
			buildConfigurationList = 258F09F220B6A71D004256EF /* Build configuration list for PBXNativeTarget "magnetX" */;
			buildPhases = (
				91607D6411947A02AFFA7EB4 /* [CP] Check Pods Manifest.lock */,
				258F09DC20B6A71C004256EF /* Sources */,
				258F09DD20B6A71C004256EF /* Frameworks */,
				258F09DE20B6A71C004256EF /* Resources */,
				CF5370125ADB527BEC9D24D8 /* [CP] Embed Pods Frameworks */,
			);
			buildRules = (
			);
			dependencies = (
			);
			name = magnetX;
			productName = magnetX;
			productReference = 258F09E020B6A71C004256EF /* magnetX.app */;
			productType = "com.apple.product-type.application";
		};
/* End PBXNativeTarget section */

/* Begin PBXProject section */
		258F09D820B6A71C004256EF /* Project object */ = {
			isa = PBXProject;
			attributes = {
				LastSwiftUpdateCheck = 0930;
				LastUpgradeCheck = 0930;
				ORGANIZATIONNAME = hsuyelin;
				TargetAttributes = {
					258F09DF20B6A71C004256EF = {
						CreatedOnToolsVersion = 9.3.1;
					};
				};
			};
			buildConfigurationList = 258F09DB20B6A71C004256EF /* Build configuration list for PBXProject "magnetX" */;
			compatibilityVersion = "Xcode 9.3";
			developmentRegion = en;
			hasScannedForEncodings = 0;
			knownRegions = (
				en,
				Base,
				es,
				fr,
				nl,
				ru,
				"zh-Hans",
			);
			mainGroup = 258F09D720B6A71C004256EF;
			productRefGroup = 258F09E120B6A71C004256EF /* Products */;
			projectDirPath = "";
			projectRoot = "";
			targets = (
				258F09DF20B6A71C004256EF /* magnetX */,
			);
		};
/* End PBXProject section */

/* Begin PBXResourcesBuildPhase section */
		258F09DE20B6A71C004256EF /* Resources */ = {
			isa = PBXResourcesBuildPhase;
			buildActionMask = 2147483647;
			files = (
				258F09EB20B6A71D004256EF /* Assets.xcassets in Resources */,
				252758BC20B6B2B000347877 /* LaunchScreen.storyboard in Resources */,
			);
			runOnlyForDeploymentPostprocessing = 0;
		};
/* End PBXResourcesBuildPhase section */

/* Begin PBXShellScriptBuildPhase section */
		91607D6411947A02AFFA7EB4 /* [CP] Check Pods Manifest.lock */ = {
			isa = PBXShellScriptBuildPhase;
			buildActionMask = 2147483647;
			files = (
			);
			inputPaths = (
				"${PODS_PODFILE_DIR_PATH}/Podfile.lock",
				"${PODS_ROOT}/Manifest.lock",
			);
			name = "[CP] Check Pods Manifest.lock";
			outputPaths = (
				"$(DERIVED_FILE_DIR)/Pods-magnetX-checkManifestLockResult.txt",
			);
			runOnlyForDeploymentPostprocessing = 0;
			shellPath = /bin/sh;
			shellScript = "diff \"${PODS_PODFILE_DIR_PATH}/Podfile.lock\" \"${PODS_ROOT}/Manifest.lock\" > /dev/null\nif [ $? != 0 ] ; then\n    # print error to STDERR\n    echo \"error: The sandbox is not in sync with the Podfile.lock. Run 'pod install' or update your CocoaPods installation.\" >&2\n    exit 1\nfi\n# This output is used by Xcode 'outputs' to avoid re-running this script phase.\necho \"SUCCESS\" > \"${SCRIPT_OUTPUT_FILE_0}\"\n";
			showEnvVarsInLog = 0;
		};
		CF5370125ADB527BEC9D24D8 /* [CP] Embed Pods Frameworks */ = {
			isa = PBXShellScriptBuildPhase;
			buildActionMask = 2147483647;
			files = (
			);
			inputPaths = (
				"${SRCROOT}/Pods/Target Support Files/Pods-magnetX/Pods-magnetX-frameworks.sh",
				"${BUILT_PRODUCTS_DIR}/Alamofire/Alamofire.framework",
				"${BUILT_PRODUCTS_DIR}/Cache/Cache.framework",
				"${BUILT_PRODUCTS_DIR}/CocoaChainKit/CocoaChainKit.framework",
				"${BUILT_PRODUCTS_DIR}/ColorThiefSwift/ColorThiefSwift.framework",
				"${BUILT_PRODUCTS_DIR}/Differentiator/Differentiator.framework",
				"${BUILT_PRODUCTS_DIR}/EachNavigationBar/EachNavigationBar.framework",
				"${BUILT_PRODUCTS_DIR}/FSPagerView/FSPagerView.framework",
				"${BUILT_PRODUCTS_DIR}/IQKeyboardManagerSwift/IQKeyboardManagerSwift.framework",
				"${BUILT_PRODUCTS_DIR}/Kingfisher/Kingfisher.framework",
				"${BUILT_PRODUCTS_DIR}/LTScrollView/LTScrollView.framework",
				"${BUILT_PRODUCTS_DIR}/MJRefresh/MJRefresh.framework",
				"${BUILT_PRODUCTS_DIR}/Moya/Moya.framework",
				"${BUILT_PRODUCTS_DIR}/Ono/Ono.framework",
				"${BUILT_PRODUCTS_DIR}/Result/Result.framework",
				"${BUILT_PRODUCTS_DIR}/RxCocoa/RxCocoa.framework",
				"${BUILT_PRODUCTS_DIR}/RxDataSources/RxDataSources.framework",
				"${BUILT_PRODUCTS_DIR}/RxNetwork/RxNetwork.framework",
				"${BUILT_PRODUCTS_DIR}/RxSwift/RxSwift.framework",
				"${BUILT_PRODUCTS_DIR}/RxSwiftExt/RxSwiftExt.framework",
				"${BUILT_PRODUCTS_DIR}/SkeletonView/SkeletonView.framework",
				"${BUILT_PRODUCTS_DIR}/SnapKit/SnapKit.framework",
				"${BUILT_PRODUCTS_DIR}/Toast-Swift/Toast_Swift.framework",
				"${BUILT_PRODUCTS_DIR}/WCDB.swift/WCDBSwift.framework",
				"${BUILT_PRODUCTS_DIR}/WKWebViewJavascriptBridge/WKWebViewJavascriptBridge.framework",
			);
			name = "[CP] Embed Pods Frameworks";
			outputPaths = (
				"${TARGET_BUILD_DIR}/${FRAMEWORKS_FOLDER_PATH}/Alamofire.framework",
				"${TARGET_BUILD_DIR}/${FRAMEWORKS_FOLDER_PATH}/Cache.framework",
				"${TARGET_BUILD_DIR}/${FRAMEWORKS_FOLDER_PATH}/CocoaChainKit.framework",
				"${TARGET_BUILD_DIR}/${FRAMEWORKS_FOLDER_PATH}/ColorThiefSwift.framework",
				"${TARGET_BUILD_DIR}/${FRAMEWORKS_FOLDER_PATH}/Differentiator.framework",
				"${TARGET_BUILD_DIR}/${FRAMEWORKS_FOLDER_PATH}/EachNavigationBar.framework",
				"${TARGET_BUILD_DIR}/${FRAMEWORKS_FOLDER_PATH}/FSPagerView.framework",
				"${TARGET_BUILD_DIR}/${FRAMEWORKS_FOLDER_PATH}/IQKeyboardManagerSwift.framework",
				"${TARGET_BUILD_DIR}/${FRAMEWORKS_FOLDER_PATH}/Kingfisher.framework",
				"${TARGET_BUILD_DIR}/${FRAMEWORKS_FOLDER_PATH}/LTScrollView.framework",
				"${TARGET_BUILD_DIR}/${FRAMEWORKS_FOLDER_PATH}/MJRefresh.framework",
				"${TARGET_BUILD_DIR}/${FRAMEWORKS_FOLDER_PATH}/Moya.framework",
				"${TARGET_BUILD_DIR}/${FRAMEWORKS_FOLDER_PATH}/Ono.framework",
				"${TARGET_BUILD_DIR}/${FRAMEWORKS_FOLDER_PATH}/Result.framework",
				"${TARGET_BUILD_DIR}/${FRAMEWORKS_FOLDER_PATH}/RxCocoa.framework",
				"${TARGET_BUILD_DIR}/${FRAMEWORKS_FOLDER_PATH}/RxDataSources.framework",
				"${TARGET_BUILD_DIR}/${FRAMEWORKS_FOLDER_PATH}/RxNetwork.framework",
				"${TARGET_BUILD_DIR}/${FRAMEWORKS_FOLDER_PATH}/RxSwift.framework",
				"${TARGET_BUILD_DIR}/${FRAMEWORKS_FOLDER_PATH}/RxSwiftExt.framework",
				"${TARGET_BUILD_DIR}/${FRAMEWORKS_FOLDER_PATH}/SkeletonView.framework",
				"${TARGET_BUILD_DIR}/${FRAMEWORKS_FOLDER_PATH}/SnapKit.framework",
				"${TARGET_BUILD_DIR}/${FRAMEWORKS_FOLDER_PATH}/Toast_Swift.framework",
				"${TARGET_BUILD_DIR}/${FRAMEWORKS_FOLDER_PATH}/WCDBSwift.framework",
				"${TARGET_BUILD_DIR}/${FRAMEWORKS_FOLDER_PATH}/WKWebViewJavascriptBridge.framework",
			);
			runOnlyForDeploymentPostprocessing = 0;
			shellPath = /bin/sh;
			shellScript = "\"${SRCROOT}/Pods/Target Support Files/Pods-magnetX/Pods-magnetX-frameworks.sh\"\n";
			showEnvVarsInLog = 0;
		};
/* End PBXShellScriptBuildPhase section */

/* Begin PBXSourcesBuildPhase section */
		258F09DC20B6A71C004256EF /* Sources */ = {
			isa = PBXSourcesBuildPhase;
			buildActionMask = 2147483647;
			files = (
				25BE227920BCEC6800D066D6 /* CommonMovieViewModel.swift in Sources */,
				25BE22CA20BD3F1500D066D6 /* UIColorExtension.swift in Sources */,
				2555D7D720BBF0A500CC010F /* XUtils.swift in Sources */,
				2579029220B7B23A00272600 /* PixelExtension.swift in Sources */,
				25BE229420BD2A7F00D066D6 /* CleanJSON.swift in Sources */,
				2579035C20B7D76800272600 /* MoviesTarget.swift in Sources */,
				25BE22C520BD3DED00D066D6 /* UIColorExt.swift in Sources */,
				2579031520B7BE7C00272600 /* InnerKRProgressHUD.swift in Sources */,
				2579031C20B7BE7C00272600 /* WebViewContainer.swift in Sources */,
				2579031220B7BE7C00272600 /* KRActivityIndicatorView.swift in Sources */,
				251525B220C149C800BA5170 /* CommonTableViewCell.swift in Sources */,
				2555D7B920BB8F6500CC010F /* HotViewController.swift in Sources */,
				252758E220B6C0D000347877 /* SearchViewController.swift in Sources */,
				25BE22A420BD3BC600D066D6 /* ShareOnce+Rx.swift in Sources */,
				252678D720BE875200F7627F /* MovieDetailViewController.swift in Sources */,
				25BE22A320BD3BC600D066D6 /* AsObservable.swift in Sources */,
				252678DB20BE8DE000F7627F /* MovieDetailMovieModel.swift in Sources */,
				2579031620B7BE7C00272600 /* KRProgressHUD.swift in Sources */,
				251525B620C14D6800BA5170 /* MovieRateAreaView.swift in Sources */,
				252758BF20B6B2E100347877 /* AppDelegat+Service.swift in Sources */,
				252758C120B6B47F00347877 /* AppDelegate+Root.swift in Sources */,
				25BE22C720BD3DED00D066D6 /* UIScreenExt.swift in Sources */,
				2579031120B7BE7C00272600 /* KRActivityIndicatorPath.swift in Sources */,
				2579031320B7BE7C00272600 /* KRActivityIndicatorViewStyle.swift in Sources */,
				25BE229120BCF90700D066D6 /* CommonMovieModel.swift in Sources */,
				25BE22A120BD3BC600D066D6 /* UIResponder+Rx.swift in Sources */,
				25BE22C820BD3DED00D066D6 /* UIBarButtonItemExt.swift in Sources */,
				2579030F20B7BE7C00272600 /* Router.swift in Sources */,
				25BE22A020BD3BC600D066D6 /* MapTo+Rx.swift in Sources */,
				252758E020B6C0C100347877 /* RecommendViewController.swift in Sources */,
				252678D920BE8DD200F7627F /* MovieDetailModel.swift in Sources */,
				2579031D20B7BE7C00272600 /* WebViewController.swift in Sources */,
				2579031020B7BE7C00272600 /* HUD.swift in Sources */,
				2555D7D120BBEEA300CC010F /* SwiftyStarRatingView.swift in Sources */,
				258F0DC020C1153400295E9F /* UIViewExtension.swift in Sources */,
				251525B420C14B3600BA5170 /* MovieDetailInfoCell.swift in Sources */,
				252678D020BE7D0000F7627F /* UIScrollView+Rx.swift in Sources */,
				2579031420B7BE7C00272600 /* Extensions.swift in Sources */,
				25BE229E20BD3BC600D066D6 /* Refresh+Rx.swift in Sources */,
				25BE228E20BCF61600D066D6 /* HotChildViewController.swift in Sources */,
				2579031820B7BE7C00272600 /* KRProgressHUDViewController.swift in Sources */,
				2555D7D920BBF0B700CC010F /* CommonMovieCell.swift in Sources */,
				2579028B20B7A2C600272600 /* UIImageExtension.swift in Sources */,
				25BE227D20BCEE3800D066D6 /* CommonViewModel.swift in Sources */,
				252758DE20B6C0AB00347877 /* PersonalViewController.swift in Sources */,
				25BE22D520BD50B400D066D6 /* NetworkEnvironment.swift in Sources */,
				252758BB20B6B2B000347877 /* AppDelegate.swift in Sources */,
				25BE22A720BD3C5200D066D6 /* ImportFile.swift in Sources */,
				25BE22D120BD48E400D066D6 /* Network+Rx.swift in Sources */,
				25BE22A220BD3BC600D066D6 /* UIViewController+Rx.swift in Sources */,
				25C1D54120BFC31E00DEFB3C /* HUD+Rx.swift in Sources */,
				25BE22D720BD51CD00D066D6 /* NetworkService.swift in Sources */,
				252758C920B6BE6800347877 /* MainViewController.swift in Sources */,
				25BE22D920BD571C00D066D6 /* TargetExt.swift in Sources */,
				2579031720B7BE7C00272600 /* KRProgressHUDIconType.swift in Sources */,
				25BE22C420BD3DED00D066D6 /* UIViewControllerExt.swift in Sources */,
				25BE22C320BD3DED00D066D6 /* StringExt.swift in Sources */,
				25C1D54320BFFE5F00DEFB3C /* MovieDetailHeaderView.swift in Sources */,
				2579028D20B7B01F00272600 /* PopularModel.swift in Sources */,
				2555D7D620BBF0A500CC010F /* Common.swift in Sources */,
				2555D7CE20BBE90C00CC010F /* BounceTabBar.swift in Sources */,
				25BE22C620BD3DED00D066D6 /* ArrayExt.swift in Sources */,
				252678CE20BE42B200F7627F /* UIState+Rx.swift in Sources */,
				252758DA20B6BFD000347877 /* BaseViewController.swift in Sources */,
			);
			runOnlyForDeploymentPostprocessing = 0;
		};
/* End PBXSourcesBuildPhase section */

/* Begin PBXVariantGroup section */
		252758B820B6B2B000347877 /* LaunchScreen.storyboard */ = {
			isa = PBXVariantGroup;
			children = (
				252758B920B6B2B000347877 /* Base */,
			);
			name = LaunchScreen.storyboard;
			sourceTree = "<group>";
		};
/* End PBXVariantGroup section */

/* Begin XCBuildConfiguration section */
		258F09F020B6A71D004256EF /* Debug */ = {
			isa = XCBuildConfiguration;
			buildSettings = {
				ALWAYS_SEARCH_USER_PATHS = NO;
				CLANG_ANALYZER_NONNULL = YES;
				CLANG_ANALYZER_NUMBER_OBJECT_CONVERSION = YES_AGGRESSIVE;
				CLANG_CXX_LANGUAGE_STANDARD = "gnu++14";
				CLANG_CXX_LIBRARY = "libc++";
				CLANG_ENABLE_MODULES = YES;
				CLANG_ENABLE_OBJC_ARC = YES;
				CLANG_ENABLE_OBJC_WEAK = YES;
				CLANG_WARN_BLOCK_CAPTURE_AUTORELEASING = YES;
				CLANG_WARN_BOOL_CONVERSION = YES;
				CLANG_WARN_COMMA = YES;
				CLANG_WARN_CONSTANT_CONVERSION = YES;
				CLANG_WARN_DEPRECATED_OBJC_IMPLEMENTATIONS = YES;
				CLANG_WARN_DIRECT_OBJC_ISA_USAGE = YES_ERROR;
				CLANG_WARN_DOCUMENTATION_COMMENTS = YES;
				CLANG_WARN_EMPTY_BODY = YES;
				CLANG_WARN_ENUM_CONVERSION = YES;
				CLANG_WARN_INFINITE_RECURSION = YES;
				CLANG_WARN_INT_CONVERSION = YES;
				CLANG_WARN_NON_LITERAL_NULL_CONVERSION = YES;
				CLANG_WARN_OBJC_IMPLICIT_RETAIN_SELF = YES;
				CLANG_WARN_OBJC_LITERAL_CONVERSION = YES;
				CLANG_WARN_OBJC_ROOT_CLASS = YES_ERROR;
				CLANG_WARN_RANGE_LOOP_ANALYSIS = YES;
				CLANG_WARN_STRICT_PROTOTYPES = YES;
				CLANG_WARN_SUSPICIOUS_MOVE = YES;
				CLANG_WARN_UNGUARDED_AVAILABILITY = YES_AGGRESSIVE;
				CLANG_WARN_UNREACHABLE_CODE = YES;
				CLANG_WARN__DUPLICATE_METHOD_MATCH = YES;
				CODE_SIGN_IDENTITY = "iPhone Developer";
				COPY_PHASE_STRIP = NO;
				DEBUG_INFORMATION_FORMAT = dwarf;
				ENABLE_STRICT_OBJC_MSGSEND = YES;
				ENABLE_TESTABILITY = YES;
				GCC_C_LANGUAGE_STANDARD = gnu11;
				GCC_DYNAMIC_NO_PIC = NO;
				GCC_NO_COMMON_BLOCKS = YES;
				GCC_OPTIMIZATION_LEVEL = 0;
				GCC_PREPROCESSOR_DEFINITIONS = (
					"DEBUG=1",
					"$(inherited)",
				);
				GCC_WARN_64_TO_32_BIT_CONVERSION = YES;
				GCC_WARN_ABOUT_RETURN_TYPE = YES_ERROR;
				GCC_WARN_UNDECLARED_SELECTOR = YES;
				GCC_WARN_UNINITIALIZED_AUTOS = YES_AGGRESSIVE;
				GCC_WARN_UNUSED_FUNCTION = YES;
				GCC_WARN_UNUSED_VARIABLE = YES;
				IPHONEOS_DEPLOYMENT_TARGET = 11.3;
				MTL_ENABLE_DEBUG_INFO = YES;
				ONLY_ACTIVE_ARCH = YES;
				SDKROOT = iphoneos;
				SWIFT_ACTIVE_COMPILATION_CONDITIONS = DEBUG;
				SWIFT_OPTIMIZATION_LEVEL = "-Onone";
			};
			name = Debug;
		};
		258F09F120B6A71D004256EF /* Release */ = {
			isa = XCBuildConfiguration;
			buildSettings = {
				ALWAYS_SEARCH_USER_PATHS = NO;
				CLANG_ANALYZER_NONNULL = YES;
				CLANG_ANALYZER_NUMBER_OBJECT_CONVERSION = YES_AGGRESSIVE;
				CLANG_CXX_LANGUAGE_STANDARD = "gnu++14";
				CLANG_CXX_LIBRARY = "libc++";
				CLANG_ENABLE_MODULES = YES;
				CLANG_ENABLE_OBJC_ARC = YES;
				CLANG_ENABLE_OBJC_WEAK = YES;
				CLANG_WARN_BLOCK_CAPTURE_AUTORELEASING = YES;
				CLANG_WARN_BOOL_CONVERSION = YES;
				CLANG_WARN_COMMA = YES;
				CLANG_WARN_CONSTANT_CONVERSION = YES;
				CLANG_WARN_DEPRECATED_OBJC_IMPLEMENTATIONS = YES;
				CLANG_WARN_DIRECT_OBJC_ISA_USAGE = YES_ERROR;
				CLANG_WARN_DOCUMENTATION_COMMENTS = YES;
				CLANG_WARN_EMPTY_BODY = YES;
				CLANG_WARN_ENUM_CONVERSION = YES;
				CLANG_WARN_INFINITE_RECURSION = YES;
				CLANG_WARN_INT_CONVERSION = YES;
				CLANG_WARN_NON_LITERAL_NULL_CONVERSION = YES;
				CLANG_WARN_OBJC_IMPLICIT_RETAIN_SELF = YES;
				CLANG_WARN_OBJC_LITERAL_CONVERSION = YES;
				CLANG_WARN_OBJC_ROOT_CLASS = YES_ERROR;
				CLANG_WARN_RANGE_LOOP_ANALYSIS = YES;
				CLANG_WARN_STRICT_PROTOTYPES = YES;
				CLANG_WARN_SUSPICIOUS_MOVE = YES;
				CLANG_WARN_UNGUARDED_AVAILABILITY = YES_AGGRESSIVE;
				CLANG_WARN_UNREACHABLE_CODE = YES;
				CLANG_WARN__DUPLICATE_METHOD_MATCH = YES;
				CODE_SIGN_IDENTITY = "iPhone Developer";
				COPY_PHASE_STRIP = NO;
				DEBUG_INFORMATION_FORMAT = "dwarf-with-dsym";
				ENABLE_NS_ASSERTIONS = NO;
				ENABLE_STRICT_OBJC_MSGSEND = YES;
				GCC_C_LANGUAGE_STANDARD = gnu11;
				GCC_NO_COMMON_BLOCKS = YES;
				GCC_WARN_64_TO_32_BIT_CONVERSION = YES;
				GCC_WARN_ABOUT_RETURN_TYPE = YES_ERROR;
				GCC_WARN_UNDECLARED_SELECTOR = YES;
				GCC_WARN_UNINITIALIZED_AUTOS = YES_AGGRESSIVE;
				GCC_WARN_UNUSED_FUNCTION = YES;
				GCC_WARN_UNUSED_VARIABLE = YES;
				IPHONEOS_DEPLOYMENT_TARGET = 11.3;
				MTL_ENABLE_DEBUG_INFO = NO;
				SDKROOT = iphoneos;
				SWIFT_COMPILATION_MODE = wholemodule;
				SWIFT_OPTIMIZATION_LEVEL = "-O";
				VALIDATE_PRODUCT = YES;
			};
			name = Release;
		};
		258F09F320B6A71D004256EF /* Debug */ = {
			isa = XCBuildConfiguration;
			baseConfigurationReference = 793B842B83B43925AAEC4A63 /* Pods-magnetX.debug.xcconfig */;
			buildSettings = {
				ASSETCATALOG_COMPILER_APPICON_NAME = AppIcon;
				ASSETCATALOG_COMPILER_LAUNCHIMAGE_NAME = LaunchImage;
				CODE_SIGN_STYLE = Manual;
				DEVELOPMENT_TEAM = LJFF9G7KHW;
				GCC_PREPROCESSOR_DEFINITIONS_NOT_USED_IN_PRECOMPS = "$(inherited)";
				INFOPLIST_FILE = "$(SRCROOT)/magnetX/Other/Info.plist";
				IPHONEOS_DEPLOYMENT_TARGET = 9.0;
				LD_RUNPATH_SEARCH_PATHS = (
					"$(inherited)",
					"@executable_path/Frameworks",
				);
				PRODUCT_BUNDLE_IDENTIFIER = com.yelin.magnetXD;
				PRODUCT_NAME = "$(TARGET_NAME)";
				PROVISIONING_PROFILE = "c590aa30-9c72-42ea-80c3-c1636d2f154a";
				PROVISIONING_PROFILE_SPECIFIER = magnetXD_dev;
				SWIFT_OBJC_BRIDGING_HEADER = "$(SRCROOT)/magnetX/OCBridge/magnetX-Bridging-Header.h";
				SWIFT_VERSION = 4.0;
				TARGETED_DEVICE_FAMILY = "1,2";
				WARNING_CFLAGS = (
					"-Wno-nonnull",
					"-Wno-shadow",
					"-Wno-comma",
					"-Wno-unguarded-availability",
					"-Wno-deprecated-declarations",
					"-Wno-incomplete-umbrella",
					"-Wno-objc-protocol-method-implementation",
				);
			};
			name = Debug;
		};
		258F09F420B6A71D004256EF /* Release */ = {
			isa = XCBuildConfiguration;
			baseConfigurationReference = 3AF93A1D4E4CAE38E95B98C0 /* Pods-magnetX.release.xcconfig */;
			buildSettings = {
				ASSETCATALOG_COMPILER_APPICON_NAME = AppIcon;
				ASSETCATALOG_COMPILER_LAUNCHIMAGE_NAME = LaunchImage;
				CODE_SIGN_IDENTITY = "iPhone Distribution";
				CODE_SIGN_STYLE = Manual;
				DEVELOPMENT_TEAM = LJFF9G7KHW;
				GCC_PREPROCESSOR_DEFINITIONS_NOT_USED_IN_PRECOMPS = "$(inherited)";
				INFOPLIST_FILE = "$(SRCROOT)/magnetX/Other/Info.plist";
				IPHONEOS_DEPLOYMENT_TARGET = 9.0;
				LD_RUNPATH_SEARCH_PATHS = (
					"$(inherited)",
					"@executable_path/Frameworks",
				);
				PRODUCT_BUNDLE_IDENTIFIER = com.yelin.magnetXD;
				PRODUCT_NAME = "$(TARGET_NAME)";
				PROVISIONING_PROFILE = "15f7c584-1194-48ea-bc2f-0bf9071f9cbb";
				PROVISIONING_PROFILE_SPECIFIER = magnetXD_adhoc;
				SWIFT_OBJC_BRIDGING_HEADER = "$(SRCROOT)/magnetX/OCBridge/magnetX-Bridging-Header.h";
				SWIFT_VERSION = 4.0;
				TARGETED_DEVICE_FAMILY = "1,2";
				WARNING_CFLAGS = (
					"-Wno-nonnull",
					"-Wno-shadow",
					"-Wno-comma",
					"-Wno-unguarded-availability",
					"-Wno-deprecated-declarations",
					"-Wno-incomplete-umbrella",
					"-Wno-objc-protocol-method-implementation",
				);
			};
			name = Release;
		};
/* End XCBuildConfiguration section */

/* Begin XCConfigurationList section */
		258F09DB20B6A71C004256EF /* Build configuration list for PBXProject "magnetX" */ = {
			isa = XCConfigurationList;
			buildConfigurations = (
				258F09F020B6A71D004256EF /* Debug */,
				258F09F120B6A71D004256EF /* Release */,
			);
			defaultConfigurationIsVisible = 0;
			defaultConfigurationName = Release;
		};
		258F09F220B6A71D004256EF /* Build configuration list for PBXNativeTarget "magnetX" */ = {
			isa = XCConfigurationList;
			buildConfigurations = (
				258F09F320B6A71D004256EF /* Debug */,
				258F09F420B6A71D004256EF /* Release */,
			);
			defaultConfigurationIsVisible = 0;
			defaultConfigurationName = Release;
		};
/* End XCConfigurationList section */
	};
	rootObject = 258F09D820B6A71C004256EF /* Project object */;
}
