// !$*UTF8*$!
{
	archiveVersion = 1;
	classes = {
	};
	objectVersion = 50;
	objects = {

/* Begin PBXBuildFile section */
		252758BB20B6B2B000347877 /* AppDelegate.swift in Sources */ = {isa = PBXBuildFile; fileRef = 252758B620B6B2B000347877 /* AppDelegate.swift */; };
		252758BC20B6B2B000347877 /* LaunchScreen.storyboard in Resources */ = {isa = PBXBuildFile; fileRef = 252758B820B6B2B000347877 /* LaunchScreen.storyboard */; };
		252758BD20B6B2B000347877 /* Info.plist in Resources */ = {isa = PBXBuildFile; fileRef = 252758BA20B6B2B000347877 /* Info.plist */; };
		252758BF20B6B2E100347877 /* AppDelegat+Service.swift in Sources */ = {isa = PBXBuildFile; fileRef = 252758BE20B6B2E100347877 /* AppDelegat+Service.swift */; };
		252758C120B6B47F00347877 /* AppDelegate+Root.swift in Sources */ = {isa = PBXBuildFile; fileRef = 252758C020B6B47F00347877 /* AppDelegate+Root.swift */; };
		252758C420B6BDB700347877 /* UIColorExtension.swift in Sources */ = {isa = PBXBuildFile; fileRef = 252758C320B6BDB700347877 /* UIColorExtension.swift */; };
		252758C920B6BE6800347877 /* MainViewController.swift in Sources */ = {isa = PBXBuildFile; fileRef = 252758C820B6BE6800347877 /* MainViewController.swift */; };
		252758DA20B6BFD000347877 /* BaseViewController.swift in Sources */ = {isa = PBXBuildFile; fileRef = 252758D920B6BFD000347877 /* BaseViewController.swift */; };
		252758DC20B6BFF200347877 /* UIViewControllerExtension.swift in Sources */ = {isa = PBXBuildFile; fileRef = 252758DB20B6BFF200347877 /* UIViewControllerExtension.swift */; };
		252758DE20B6C0AB00347877 /* PersonalViewController.swift in Sources */ = {isa = PBXBuildFile; fileRef = 252758DD20B6C0AB00347877 /* PersonalViewController.swift */; };
		252758E020B6C0C100347877 /* RecommendViewController.swift in Sources */ = {isa = PBXBuildFile; fileRef = 252758DF20B6C0C100347877 /* RecommendViewController.swift */; };
		252758E220B6C0D000347877 /* SearchViewController.swift in Sources */ = {isa = PBXBuildFile; fileRef = 252758E120B6C0D000347877 /* SearchViewController.swift */; };
		258F09EB20B6A71D004256EF /* Assets.xcassets in Resources */ = {isa = PBXBuildFile; fileRef = 258F09EA20B6A71D004256EF /* Assets.xcassets */; };
		2892E8EDB65262D04C0C20F4 /* Pods_magnetX.framework in Frameworks */ = {isa = PBXBuildFile; fileRef = FAE5AD0089BEF84A2A4E36F7 /* Pods_magnetX.framework */; };
/* End PBXBuildFile section */

/* Begin PBXFileReference section */
		252758B620B6B2B000347877 /* AppDelegate.swift */ = {isa = PBXFileReference; fileEncoding = 4; lastKnownFileType = sourcecode.swift; path = AppDelegate.swift; sourceTree = "<group>"; };
		252758B920B6B2B000347877 /* Base */ = {isa = PBXFileReference; lastKnownFileType = file.storyboard; name = Base; path = Base.lproj/LaunchScreen.storyboard; sourceTree = "<group>"; };
		252758BA20B6B2B000347877 /* Info.plist */ = {isa = PBXFileReference; fileEncoding = 4; lastKnownFileType = text.plist.xml; path = Info.plist; sourceTree = "<group>"; };
		252758BE20B6B2E100347877 /* AppDelegat+Service.swift */ = {isa = PBXFileReference; lastKnownFileType = sourcecode.swift; path = "AppDelegat+Service.swift"; sourceTree = "<group>"; };
		252758C020B6B47F00347877 /* AppDelegate+Root.swift */ = {isa = PBXFileReference; lastKnownFileType = sourcecode.swift; path = "AppDelegate+Root.swift"; sourceTree = "<group>"; };
		252758C320B6BDB700347877 /* UIColorExtension.swift */ = {isa = PBXFileReference; lastKnownFileType = sourcecode.swift; path = UIColorExtension.swift; sourceTree = "<group>"; };
		252758C820B6BE6800347877 /* MainViewController.swift */ = {isa = PBXFileReference; lastKnownFileType = sourcecode.swift; path = MainViewController.swift; sourceTree = "<group>"; };
		252758D920B6BFD000347877 /* BaseViewController.swift */ = {isa = PBXFileReference; lastKnownFileType = sourcecode.swift; path = BaseViewController.swift; sourceTree = "<group>"; };
		252758DB20B6BFF200347877 /* UIViewControllerExtension.swift */ = {isa = PBXFileReference; fileEncoding = 4; lastKnownFileType = sourcecode.swift; path = UIViewControllerExtension.swift; sourceTree = "<group>"; };
		252758DD20B6C0AB00347877 /* PersonalViewController.swift */ = {isa = PBXFileReference; lastKnownFileType = sourcecode.swift; path = PersonalViewController.swift; sourceTree = "<group>"; };
		252758DF20B6C0C100347877 /* RecommendViewController.swift */ = {isa = PBXFileReference; lastKnownFileType = sourcecode.swift; path = RecommendViewController.swift; sourceTree = "<group>"; };
		252758E120B6C0D000347877 /* SearchViewController.swift */ = {isa = PBXFileReference; lastKnownFileType = sourcecode.swift; path = SearchViewController.swift; sourceTree = "<group>"; };
		258F09E020B6A71C004256EF /* magnetX.app */ = {isa = PBXFileReference; explicitFileType = wrapper.application; includeInIndex = 0; path = magnetX.app; sourceTree = BUILT_PRODUCTS_DIR; };
		258F09EA20B6A71D004256EF /* Assets.xcassets */ = {isa = PBXFileReference; lastKnownFileType = folder.assetcatalog; path = Assets.xcassets; sourceTree = "<group>"; };
		3AF93A1D4E4CAE38E95B98C0 /* Pods-magnetX.release.xcconfig */ = {isa = PBXFileReference; includeInIndex = 1; lastKnownFileType = text.xcconfig; name = "Pods-magnetX.release.xcconfig"; path = "Pods/Target Support Files/Pods-magnetX/Pods-magnetX.release.xcconfig"; sourceTree = "<group>"; };
		793B842B83B43925AAEC4A63 /* Pods-magnetX.debug.xcconfig */ = {isa = PBXFileReference; includeInIndex = 1; lastKnownFileType = text.xcconfig; name = "Pods-magnetX.debug.xcconfig"; path = "Pods/Target Support Files/Pods-magnetX/Pods-magnetX.debug.xcconfig"; sourceTree = "<group>"; };
		FAE5AD0089BEF84A2A4E36F7 /* Pods_magnetX.framework */ = {isa = PBXFileReference; explicitFileType = wrapper.framework; includeInIndex = 0; path = Pods_magnetX.framework; sourceTree = BUILT_PRODUCTS_DIR; };
/* End PBXFileReference section */

/* Begin PBXFrameworksBuildPhase section */
		258F09DD20B6A71C004256EF /* Frameworks */ = {
			isa = PBXFrameworksBuildPhase;
			buildActionMask = 2147483647;
			files = (
				2892E8EDB65262D04C0C20F4 /* Pods_magnetX.framework in Frameworks */,
			);
			runOnlyForDeploymentPostprocessing = 0;
		};
/* End PBXFrameworksBuildPhase section */

/* Begin PBXGroup section */
		1DAEB440FAC4ACCF2BAC7FC5 /* Pods */ = {
			isa = PBXGroup;
			children = (
				793B842B83B43925AAEC4A63 /* Pods-magnetX.debug.xcconfig */,
				3AF93A1D4E4CAE38E95B98C0 /* Pods-magnetX.release.xcconfig */,
			);
			name = Pods;
			sourceTree = "<group>";
		};
		252758B520B6B2B000347877 /* App */ = {
			isa = PBXGroup;
			children = (
				252758B620B6B2B000347877 /* AppDelegate.swift */,
				252758BE20B6B2E100347877 /* AppDelegat+Service.swift */,
				252758C020B6B47F00347877 /* AppDelegate+Root.swift */,
			);
			path = App;
			sourceTree = "<group>";
		};
		252758B720B6B2B000347877 /* Other */ = {
			isa = PBXGroup;
			children = (
				252758B820B6B2B000347877 /* LaunchScreen.storyboard */,
				252758BA20B6B2B000347877 /* Info.plist */,
			);
			path = Other;
			sourceTree = "<group>";
		};
		252758C220B6B4B900347877 /* Extension */ = {
			isa = PBXGroup;
			children = (
				252758C320B6BDB700347877 /* UIColorExtension.swift */,
				252758DB20B6BFF200347877 /* UIViewControllerExtension.swift */,
			);
			path = Extension;
			sourceTree = "<group>";
		};
		252758C520B6BE5700347877 /* Classes */ = {
			isa = PBXGroup;
			children = (
				252758C720B6BE5700347877 /* Main */,
				252758C620B6BE5700347877 /* Base */,
				252758CA20B6BF8700347877 /* Recommend */,
				252758CF20B6BF8700347877 /* Search */,
				252758D420B6BF8700347877 /* Personal */,
			);
			path = Classes;
			sourceTree = "<group>";
		};
		252758C620B6BE5700347877 /* Base */ = {
			isa = PBXGroup;
			children = (
				252758D920B6BFD000347877 /* BaseViewController.swift */,
			);
			path = Base;
			sourceTree = "<group>";
		};
		252758C720B6BE5700347877 /* Main */ = {
			isa = PBXGroup;
			children = (
				252758C820B6BE6800347877 /* MainViewController.swift */,
			);
			path = Main;
			sourceTree = "<group>";
		};
		252758CA20B6BF8700347877 /* Recommend */ = {
			isa = PBXGroup;
			children = (
				252758CB20B6BF8700347877 /* Controller */,
				252758CC20B6BF8700347877 /* Model */,
				252758CD20B6BF8700347877 /* View */,
				252758CE20B6BF8700347877 /* ViewModel */,
			);
			path = Recommend;
			sourceTree = "<group>";
		};
		252758CB20B6BF8700347877 /* Controller */ = {
			isa = PBXGroup;
			children = (
				252758DF20B6C0C100347877 /* RecommendViewController.swift */,
			);
			path = Controller;
			sourceTree = "<group>";
		};
		252758CC20B6BF8700347877 /* Model */ = {
			isa = PBXGroup;
			children = (
			);
			path = Model;
			sourceTree = "<group>";
		};
		252758CD20B6BF8700347877 /* View */ = {
			isa = PBXGroup;
			children = (
			);
			path = View;
			sourceTree = "<group>";
		};
		252758CE20B6BF8700347877 /* ViewModel */ = {
			isa = PBXGroup;
			children = (
			);
			path = ViewModel;
			sourceTree = "<group>";
		};
		252758CF20B6BF8700347877 /* Search */ = {
			isa = PBXGroup;
			children = (
				252758D020B6BF8700347877 /* Controller */,
				252758D120B6BF8700347877 /* Model */,
				252758D220B6BF8700347877 /* View */,
				252758D320B6BF8700347877 /* ViewModel */,
			);
			path = Search;
			sourceTree = "<group>";
		};
		252758D020B6BF8700347877 /* Controller */ = {
			isa = PBXGroup;
			children = (
				252758E120B6C0D000347877 /* SearchViewController.swift */,
			);
			path = Controller;
			sourceTree = "<group>";
		};
		252758D120B6BF8700347877 /* Model */ = {
			isa = PBXGroup;
			children = (
			);
			path = Model;
			sourceTree = "<group>";
		};
		252758D220B6BF8700347877 /* View */ = {
			isa = PBXGroup;
			children = (
			);
			path = View;
			sourceTree = "<group>";
		};
		252758D320B6BF8700347877 /* ViewModel */ = {
			isa = PBXGroup;
			children = (
			);
			path = ViewModel;
			sourceTree = "<group>";
		};
		252758D420B6BF8700347877 /* Personal */ = {
			isa = PBXGroup;
			children = (
				252758D520B6BF8700347877 /* Controller */,
				252758D620B6BF8700347877 /* Model */,
				252758D720B6BF8700347877 /* View */,
				252758D820B6BF8700347877 /* ViewModel */,
			);
			path = Personal;
			sourceTree = "<group>";
		};
		252758D520B6BF8700347877 /* Controller */ = {
			isa = PBXGroup;
			children = (
				252758DD20B6C0AB00347877 /* PersonalViewController.swift */,
			);
			path = Controller;
			sourceTree = "<group>";
		};
		252758D620B6BF8700347877 /* Model */ = {
			isa = PBXGroup;
			children = (
			);
			path = Model;
			sourceTree = "<group>";
		};
		252758D720B6BF8700347877 /* View */ = {
			isa = PBXGroup;
			children = (
			);
			path = View;
			sourceTree = "<group>";
		};
		252758D820B6BF8700347877 /* ViewModel */ = {
			isa = PBXGroup;
			children = (
			);
			path = ViewModel;
			sourceTree = "<group>";
		};
		258F09D720B6A71C004256EF = {
			isa = PBXGroup;
			children = (
				258F09E220B6A71C004256EF /* magnetX */,
				258F09E120B6A71C004256EF /* Products */,
				1DAEB440FAC4ACCF2BAC7FC5 /* Pods */,
				E2E938FB4279700D08D1DF82 /* Frameworks */,
			);
			sourceTree = "<group>";
		};
		258F09E120B6A71C004256EF /* Products */ = {
			isa = PBXGroup;
			children = (
				258F09E020B6A71C004256EF /* magnetX.app */,
			);
			name = Products;
			sourceTree = "<group>";
		};
		258F09E220B6A71C004256EF /* magnetX */ = {
			isa = PBXGroup;
			children = (
				252758B520B6B2B000347877 /* App */,
				252758C520B6BE5700347877 /* Classes */,
				252758C220B6B4B900347877 /* Extension */,
				252758B720B6B2B000347877 /* Other */,
				258F09EA20B6A71D004256EF /* Assets.xcassets */,
			);
			path = magnetX;
			sourceTree = "<group>";
		};
		E2E938FB4279700D08D1DF82 /* Frameworks */ = {
			isa = PBXGroup;
			children = (
				FAE5AD0089BEF84A2A4E36F7 /* Pods_magnetX.framework */,
			);
			name = Frameworks;
			sourceTree = "<group>";
		};
/* End PBXGroup section */

/* Begin PBXNativeTarget section */
		258F09DF20B6A71C004256EF /* magnetX */ = {
			isa = PBXNativeTarget;
			buildConfigurationList = 258F09F220B6A71D004256EF /* Build configuration list for PBXNativeTarget "magnetX" */;
			buildPhases = (
				91607D6411947A02AFFA7EB4 /* [CP] Check Pods Manifest.lock */,
				258F09DC20B6A71C004256EF /* Sources */,
				258F09DD20B6A71C004256EF /* Frameworks */,
				258F09DE20B6A71C004256EF /* Resources */,
				CF5370125ADB527BEC9D24D8 /* [CP] Embed Pods Frameworks */,
			);
			buildRules = (
			);
			dependencies = (
			);
			name = magnetX;
			productName = magnetX;
			productReference = 258F09E020B6A71C004256EF /* magnetX.app */;
			productType = "com.apple.product-type.application";
		};
/* End PBXNativeTarget section */

/* Begin PBXProject section */
		258F09D820B6A71C004256EF /* Project object */ = {
			isa = PBXProject;
			attributes = {
				LastSwiftUpdateCheck = 0930;
				LastUpgradeCheck = 0930;
				ORGANIZATIONNAME = hsuyelin;
				TargetAttributes = {
					258F09DF20B6A71C004256EF = {
						CreatedOnToolsVersion = 9.3.1;
					};
				};
			};
			buildConfigurationList = 258F09DB20B6A71C004256EF /* Build configuration list for PBXProject "magnetX" */;
			compatibilityVersion = "Xcode 9.3";
			developmentRegion = en;
			hasScannedForEncodings = 0;
			knownRegions = (
				en,
				Base,
			);
			mainGroup = 258F09D720B6A71C004256EF;
			productRefGroup = 258F09E120B6A71C004256EF /* Products */;
			projectDirPath = "";
			projectRoot = "";
			targets = (
				258F09DF20B6A71C004256EF /* magnetX */,
			);
		};
/* End PBXProject section */

/* Begin PBXResourcesBuildPhase section */
		258F09DE20B6A71C004256EF /* Resources */ = {
			isa = PBXResourcesBuildPhase;
			buildActionMask = 2147483647;
			files = (
				258F09EB20B6A71D004256EF /* Assets.xcassets in Resources */,
				252758BC20B6B2B000347877 /* LaunchScreen.storyboard in Resources */,
				252758BD20B6B2B000347877 /* Info.plist in Resources */,
			);
			runOnlyForDeploymentPostprocessing = 0;
		};
/* End PBXResourcesBuildPhase section */

/* Begin PBXShellScriptBuildPhase section */
		91607D6411947A02AFFA7EB4 /* [CP] Check Pods Manifest.lock */ = {
			isa = PBXShellScriptBuildPhase;
			buildActionMask = 2147483647;
			files = (
			);
			inputPaths = (
				"${PODS_PODFILE_DIR_PATH}/Podfile.lock",
				"${PODS_ROOT}/Manifest.lock",
			);
			name = "[CP] Check Pods Manifest.lock";
			outputPaths = (
				"$(DERIVED_FILE_DIR)/Pods-magnetX-checkManifestLockResult.txt",
			);
			runOnlyForDeploymentPostprocessing = 0;
			shellPath = /bin/sh;
			shellScript = "diff \"${PODS_PODFILE_DIR_PATH}/Podfile.lock\" \"${PODS_ROOT}/Manifest.lock\" > /dev/null\nif [ $? != 0 ] ; then\n    # print error to STDERR\n    echo \"error: The sandbox is not in sync with the Podfile.lock. Run 'pod install' or update your CocoaPods installation.\" >&2\n    exit 1\nfi\n# This output is used by Xcode 'outputs' to avoid re-running this script phase.\necho \"SUCCESS\" > \"${SCRIPT_OUTPUT_FILE_0}\"\n";
			showEnvVarsInLog = 0;
		};
		CF5370125ADB527BEC9D24D8 /* [CP] Embed Pods Frameworks */ = {
			isa = PBXShellScriptBuildPhase;
			buildActionMask = 2147483647;
			files = (
			);
			inputPaths = (
				"${SRCROOT}/Pods/Target Support Files/Pods-magnetX/Pods-magnetX-frameworks.sh",
				"${BUILT_PRODUCTS_DIR}/Alamofire/Alamofire.framework",
				"${BUILT_PRODUCTS_DIR}/Differentiator/Differentiator.framework",
				"${BUILT_PRODUCTS_DIR}/EachNavigationBar/EachNavigationBar.framework",
				"${BUILT_PRODUCTS_DIR}/FDFullscreenPopGesture/FDFullscreenPopGesture.framework",
				"${BUILT_PRODUCTS_DIR}/FSPagerView/FSPagerView.framework",
				"${BUILT_PRODUCTS_DIR}/HandyJSON/HandyJSON.framework",
				"${BUILT_PRODUCTS_DIR}/IQKeyboardManagerSwift/IQKeyboardManagerSwift.framework",
				"${BUILT_PRODUCTS_DIR}/Kingfisher/Kingfisher.framework",
				"${BUILT_PRODUCTS_DIR}/MJRefresh/MJRefresh.framework",
				"${BUILT_PRODUCTS_DIR}/Moya/Moya.framework",
				"${BUILT_PRODUCTS_DIR}/Ono/Ono.framework",
				"${BUILT_PRODUCTS_DIR}/Result/Result.framework",
				"${BUILT_PRODUCTS_DIR}/RxCocoa/RxCocoa.framework",
				"${BUILT_PRODUCTS_DIR}/RxDataSources/RxDataSources.framework",
				"${BUILT_PRODUCTS_DIR}/RxSwift/RxSwift.framework",
				"${BUILT_PRODUCTS_DIR}/SnapKit/SnapKit.framework",
				"${BUILT_PRODUCTS_DIR}/SteviaLayout/Stevia.framework",
				"${BUILT_PRODUCTS_DIR}/WCDB.swift/WCDBSwift.framework",
				"${BUILT_PRODUCTS_DIR}/WKWebViewJavascriptBridge/WKWebViewJavascriptBridge.framework",
			);
			name = "[CP] Embed Pods Frameworks";
			outputPaths = (
				"${TARGET_BUILD_DIR}/${FRAMEWORKS_FOLDER_PATH}/Alamofire.framework",
				"${TARGET_BUILD_DIR}/${FRAMEWORKS_FOLDER_PATH}/Differentiator.framework",
				"${TARGET_BUILD_DIR}/${FRAMEWORKS_FOLDER_PATH}/EachNavigationBar.framework",
				"${TARGET_BUILD_DIR}/${FRAMEWORKS_FOLDER_PATH}/FDFullscreenPopGesture.framework",
				"${TARGET_BUILD_DIR}/${FRAMEWORKS_FOLDER_PATH}/FSPagerView.framework",
				"${TARGET_BUILD_DIR}/${FRAMEWORKS_FOLDER_PATH}/HandyJSON.framework",
				"${TARGET_BUILD_DIR}/${FRAMEWORKS_FOLDER_PATH}/IQKeyboardManagerSwift.framework",
				"${TARGET_BUILD_DIR}/${FRAMEWORKS_FOLDER_PATH}/Kingfisher.framework",
				"${TARGET_BUILD_DIR}/${FRAMEWORKS_FOLDER_PATH}/MJRefresh.framework",
				"${TARGET_BUILD_DIR}/${FRAMEWORKS_FOLDER_PATH}/Moya.framework",
				"${TARGET_BUILD_DIR}/${FRAMEWORKS_FOLDER_PATH}/Ono.framework",
				"${TARGET_BUILD_DIR}/${FRAMEWORKS_FOLDER_PATH}/Result.framework",
				"${TARGET_BUILD_DIR}/${FRAMEWORKS_FOLDER_PATH}/RxCocoa.framework",
				"${TARGET_BUILD_DIR}/${FRAMEWORKS_FOLDER_PATH}/RxDataSources.framework",
				"${TARGET_BUILD_DIR}/${FRAMEWORKS_FOLDER_PATH}/RxSwift.framework",
				"${TARGET_BUILD_DIR}/${FRAMEWORKS_FOLDER_PATH}/SnapKit.framework",
				"${TARGET_BUILD_DIR}/${FRAMEWORKS_FOLDER_PATH}/Stevia.framework",
				"${TARGET_BUILD_DIR}/${FRAMEWORKS_FOLDER_PATH}/WCDBSwift.framework",
				"${TARGET_BUILD_DIR}/${FRAMEWORKS_FOLDER_PATH}/WKWebViewJavascriptBridge.framework",
			);
			runOnlyForDeploymentPostprocessing = 0;
			shellPath = /bin/sh;
			shellScript = "\"${SRCROOT}/Pods/Target Support Files/Pods-magnetX/Pods-magnetX-frameworks.sh\"\n";
			showEnvVarsInLog = 0;
		};
/* End PBXShellScriptBuildPhase section */

/* Begin PBXSourcesBuildPhase section */
		258F09DC20B6A71C004256EF /* Sources */ = {
			isa = PBXSourcesBuildPhase;
			buildActionMask = 2147483647;
			files = (
				252758E220B6C0D000347877 /* SearchViewController.swift in Sources */,
				252758BF20B6B2E100347877 /* AppDelegat+Service.swift in Sources */,
				252758C120B6B47F00347877 /* AppDelegate+Root.swift in Sources */,
				252758E020B6C0C100347877 /* RecommendViewController.swift in Sources */,
				252758DE20B6C0AB00347877 /* PersonalViewController.swift in Sources */,
				252758BB20B6B2B000347877 /* AppDelegate.swift in Sources */,
				252758C420B6BDB700347877 /* UIColorExtension.swift in Sources */,
				252758C920B6BE6800347877 /* MainViewController.swift in Sources */,
				252758DC20B6BFF200347877 /* UIViewControllerExtension.swift in Sources */,
				252758DA20B6BFD000347877 /* BaseViewController.swift in Sources */,
			);
			runOnlyForDeploymentPostprocessing = 0;
		};
/* End PBXSourcesBuildPhase section */

/* Begin PBXVariantGroup section */
		252758B820B6B2B000347877 /* LaunchScreen.storyboard */ = {
			isa = PBXVariantGroup;
			children = (
				252758B920B6B2B000347877 /* Base */,
			);
			name = LaunchScreen.storyboard;
			sourceTree = "<group>";
		};
/* End PBXVariantGroup section */

/* Begin XCBuildConfiguration section */
		258F09F020B6A71D004256EF /* Debug */ = {
			isa = XCBuildConfiguration;
			buildSettings = {
				ALWAYS_SEARCH_USER_PATHS = NO;
				CLANG_ANALYZER_NONNULL = YES;
				CLANG_ANALYZER_NUMBER_OBJECT_CONVERSION = YES_AGGRESSIVE;
				CLANG_CXX_LANGUAGE_STANDARD = "gnu++14";
				CLANG_CXX_LIBRARY = "libc++";
				CLANG_ENABLE_MODULES = YES;
				CLANG_ENABLE_OBJC_ARC = YES;
				CLANG_ENABLE_OBJC_WEAK = YES;
				CLANG_WARN_BLOCK_CAPTURE_AUTORELEASING = YES;
				CLANG_WARN_BOOL_CONVERSION = YES;
				CLANG_WARN_COMMA = YES;
				CLANG_WARN_CONSTANT_CONVERSION = YES;
				CLANG_WARN_DEPRECATED_OBJC_IMPLEMENTATIONS = YES;
				CLANG_WARN_DIRECT_OBJC_ISA_USAGE = YES_ERROR;
				CLANG_WARN_DOCUMENTATION_COMMENTS = YES;
				CLANG_WARN_EMPTY_BODY = YES;
				CLANG_WARN_ENUM_CONVERSION = YES;
				CLANG_WARN_INFINITE_RECURSION = YES;
				CLANG_WARN_INT_CONVERSION = YES;
				CLANG_WARN_NON_LITERAL_NULL_CONVERSION = YES;
				CLANG_WARN_OBJC_IMPLICIT_RETAIN_SELF = YES;
				CLANG_WARN_OBJC_LITERAL_CONVERSION = YES;
				CLANG_WARN_OBJC_ROOT_CLASS = YES_ERROR;
				CLANG_WARN_RANGE_LOOP_ANALYSIS = YES;
				CLANG_WARN_STRICT_PROTOTYPES = YES;
				CLANG_WARN_SUSPICIOUS_MOVE = YES;
				CLANG_WARN_UNGUARDED_AVAILABILITY = YES_AGGRESSIVE;
				CLANG_WARN_UNREACHABLE_CODE = YES;
				CLANG_WARN__DUPLICATE_METHOD_MATCH = YES;
				CODE_SIGN_IDENTITY = "iPhone Developer";
				COPY_PHASE_STRIP = NO;
				DEBUG_INFORMATION_FORMAT = dwarf;
				ENABLE_STRICT_OBJC_MSGSEND = YES;
				ENABLE_TESTABILITY = YES;
				GCC_C_LANGUAGE_STANDARD = gnu11;
				GCC_DYNAMIC_NO_PIC = NO;
				GCC_NO_COMMON_BLOCKS = YES;
				GCC_OPTIMIZATION_LEVEL = 0;
				GCC_PREPROCESSOR_DEFINITIONS = (
					"DEBUG=1",
					"$(inherited)",
				);
				GCC_WARN_64_TO_32_BIT_CONVERSION = YES;
				GCC_WARN_ABOUT_RETURN_TYPE = YES_ERROR;
				GCC_WARN_UNDECLARED_SELECTOR = YES;
				GCC_WARN_UNINITIALIZED_AUTOS = YES_AGGRESSIVE;
				GCC_WARN_UNUSED_FUNCTION = YES;
				GCC_WARN_UNUSED_VARIABLE = YES;
				IPHONEOS_DEPLOYMENT_TARGET = 11.3;
				MTL_ENABLE_DEBUG_INFO = YES;
				ONLY_ACTIVE_ARCH = YES;
				SDKROOT = iphoneos;
				SWIFT_ACTIVE_COMPILATION_CONDITIONS = DEBUG;
				SWIFT_OPTIMIZATION_LEVEL = "-Onone";
			};
			name = Debug;
		};
		258F09F120B6A71D004256EF /* Release */ = {
			isa = XCBuildConfiguration;
			buildSettings = {
				ALWAYS_SEARCH_USER_PATHS = NO;
				CLANG_ANALYZER_NONNULL = YES;
				CLANG_ANALYZER_NUMBER_OBJECT_CONVERSION = YES_AGGRESSIVE;
				CLANG_CXX_LANGUAGE_STANDARD = "gnu++14";
				CLANG_CXX_LIBRARY = "libc++";
				CLANG_ENABLE_MODULES = YES;
				CLANG_ENABLE_OBJC_ARC = YES;
				CLANG_ENABLE_OBJC_WEAK = YES;
				CLANG_WARN_BLOCK_CAPTURE_AUTORELEASING = YES;
				CLANG_WARN_BOOL_CONVERSION = YES;
				CLANG_WARN_COMMA = YES;
				CLANG_WARN_CONSTANT_CONVERSION = YES;
				CLANG_WARN_DEPRECATED_OBJC_IMPLEMENTATIONS = YES;
				CLANG_WARN_DIRECT_OBJC_ISA_USAGE = YES_ERROR;
				CLANG_WARN_DOCUMENTATION_COMMENTS = YES;
				CLANG_WARN_EMPTY_BODY = YES;
				CLANG_WARN_ENUM_CONVERSION = YES;
				CLANG_WARN_INFINITE_RECURSION = YES;
				CLANG_WARN_INT_CONVERSION = YES;
				CLANG_WARN_NON_LITERAL_NULL_CONVERSION = YES;
				CLANG_WARN_OBJC_IMPLICIT_RETAIN_SELF = YES;
				CLANG_WARN_OBJC_LITERAL_CONVERSION = YES;
				CLANG_WARN_OBJC_ROOT_CLASS = YES_ERROR;
				CLANG_WARN_RANGE_LOOP_ANALYSIS = YES;
				CLANG_WARN_STRICT_PROTOTYPES = YES;
				CLANG_WARN_SUSPICIOUS_MOVE = YES;
				CLANG_WARN_UNGUARDED_AVAILABILITY = YES_AGGRESSIVE;
				CLANG_WARN_UNREACHABLE_CODE = YES;
				CLANG_WARN__DUPLICATE_METHOD_MATCH = YES;
				CODE_SIGN_IDENTITY = "iPhone Developer";
				COPY_PHASE_STRIP = NO;
				DEBUG_INFORMATION_FORMAT = "dwarf-with-dsym";
				ENABLE_NS_ASSERTIONS = NO;
				ENABLE_STRICT_OBJC_MSGSEND = YES;
				GCC_C_LANGUAGE_STANDARD = gnu11;
				GCC_NO_COMMON_BLOCKS = YES;
				GCC_WARN_64_TO_32_BIT_CONVERSION = YES;
				GCC_WARN_ABOUT_RETURN_TYPE = YES_ERROR;
				GCC_WARN_UNDECLARED_SELECTOR = YES;
				GCC_WARN_UNINITIALIZED_AUTOS = YES_AGGRESSIVE;
				GCC_WARN_UNUSED_FUNCTION = YES;
				GCC_WARN_UNUSED_VARIABLE = YES;
				IPHONEOS_DEPLOYMENT_TARGET = 11.3;
				MTL_ENABLE_DEBUG_INFO = NO;
				SDKROOT = iphoneos;
				SWIFT_COMPILATION_MODE = wholemodule;
				SWIFT_OPTIMIZATION_LEVEL = "-O";
				VALIDATE_PRODUCT = YES;
			};
			name = Release;
		};
		258F09F320B6A71D004256EF /* Debug */ = {
			isa = XCBuildConfiguration;
			baseConfigurationReference = 793B842B83B43925AAEC4A63 /* Pods-magnetX.debug.xcconfig */;
			buildSettings = {
				ASSETCATALOG_COMPILER_APPICON_NAME = AppIcon;
				ASSETCATALOG_COMPILER_LAUNCHIMAGE_NAME = LaunchImage;
				CODE_SIGN_STYLE = Automatic;
				GCC_PREPROCESSOR_DEFINITIONS_NOT_USED_IN_PRECOMPS = "$(inherited)";
				INFOPLIST_FILE = "$(SRCROOT)/magnetX/Other/Info.plist";
				IPHONEOS_DEPLOYMENT_TARGET = 8.0;
				LD_RUNPATH_SEARCH_PATHS = (
					"$(inherited)",
					"@executable_path/Frameworks",
				);
				PRODUCT_BUNDLE_IDENTIFIER = hsuyelin.magnetX;
				PRODUCT_NAME = "$(TARGET_NAME)";
				SWIFT_VERSION = 4.0;
				TARGETED_DEVICE_FAMILY = "1,2";
			};
			name = Debug;
		};
		258F09F420B6A71D004256EF /* Release */ = {
			isa = XCBuildConfiguration;
			baseConfigurationReference = 3AF93A1D4E4CAE38E95B98C0 /* Pods-magnetX.release.xcconfig */;
			buildSettings = {
				ASSETCATALOG_COMPILER_APPICON_NAME = AppIcon;
				ASSETCATALOG_COMPILER_LAUNCHIMAGE_NAME = LaunchImage;
				CODE_SIGN_STYLE = Automatic;
				GCC_PREPROCESSOR_DEFINITIONS_NOT_USED_IN_PRECOMPS = "$(inherited)";
				INFOPLIST_FILE = "$(SRCROOT)/magnetX/Other/Info.plist";
				IPHONEOS_DEPLOYMENT_TARGET = 8.0;
				LD_RUNPATH_SEARCH_PATHS = (
					"$(inherited)",
					"@executable_path/Frameworks",
				);
				PRODUCT_BUNDLE_IDENTIFIER = hsuyelin.magnetX;
				PRODUCT_NAME = "$(TARGET_NAME)";
				SWIFT_VERSION = 4.0;
				TARGETED_DEVICE_FAMILY = "1,2";
			};
			name = Release;
		};
/* End XCBuildConfiguration section */

/* Begin XCConfigurationList section */
		258F09DB20B6A71C004256EF /* Build configuration list for PBXProject "magnetX" */ = {
			isa = XCConfigurationList;
			buildConfigurations = (
				258F09F020B6A71D004256EF /* Debug */,
				258F09F120B6A71D004256EF /* Release */,
			);
			defaultConfigurationIsVisible = 0;
			defaultConfigurationName = Release;
		};
		258F09F220B6A71D004256EF /* Build configuration list for PBXNativeTarget "magnetX" */ = {
			isa = XCConfigurationList;
			buildConfigurations = (
				258F09F320B6A71D004256EF /* Debug */,
				258F09F420B6A71D004256EF /* Release */,
			);
			defaultConfigurationIsVisible = 0;
			defaultConfigurationName = Release;
		};
/* End XCConfigurationList section */
	};
	rootObject = 258F09D820B6A71C004256EF /* Project object */;
}
