// !$*UTF8*$!
{
	archiveVersion = 1;
	classes = {
	};
	objectVersion = 50;
	objects = {

/* Begin PBXBuildFile section */
		252758BB20B6B2B000347877 /* AppDelegate.swift in Sources */ = {isa = PBXBuildFile; fileRef = 252758B620B6B2B000347877 /* AppDelegate.swift */; };
		252758BC20B6B2B000347877 /* LaunchScreen.storyboard in Resources */ = {isa = PBXBuildFile; fileRef = 252758B820B6B2B000347877 /* LaunchScreen.storyboard */; };
		252758BF20B6B2E100347877 /* AppDelegat+Service.swift in Sources */ = {isa = PBXBuildFile; fileRef = 252758BE20B6B2E100347877 /* AppDelegat+Service.swift */; };
		252758C120B6B47F00347877 /* AppDelegate+Root.swift in Sources */ = {isa = PBXBuildFile; fileRef = 252758C020B6B47F00347877 /* AppDelegate+Root.swift */; };
		252758C420B6BDB700347877 /* UIColorExtension.swift in Sources */ = {isa = PBXBuildFile; fileRef = 252758C320B6BDB700347877 /* UIColorExtension.swift */; };
		252758C920B6BE6800347877 /* MainViewController.swift in Sources */ = {isa = PBXBuildFile; fileRef = 252758C820B6BE6800347877 /* MainViewController.swift */; };
		252758DA20B6BFD000347877 /* BaseViewController.swift in Sources */ = {isa = PBXBuildFile; fileRef = 252758D920B6BFD000347877 /* BaseViewController.swift */; };
		252758DC20B6BFF200347877 /* UIViewControllerExtension.swift in Sources */ = {isa = PBXBuildFile; fileRef = 252758DB20B6BFF200347877 /* UIViewControllerExtension.swift */; };
		252758DE20B6C0AB00347877 /* PersonalViewController.swift in Sources */ = {isa = PBXBuildFile; fileRef = 252758DD20B6C0AB00347877 /* PersonalViewController.swift */; };
		252758E020B6C0C100347877 /* RecommendViewController.swift in Sources */ = {isa = PBXBuildFile; fileRef = 252758DF20B6C0C100347877 /* RecommendViewController.swift */; };
		252758E220B6C0D000347877 /* SearchViewController.swift in Sources */ = {isa = PBXBuildFile; fileRef = 252758E120B6C0D000347877 /* SearchViewController.swift */; };
		2555D7B920BB8F6500CC010F /* HotViewController.swift in Sources */ = {isa = PBXBuildFile; fileRef = 2555D7B820BB8F6500CC010F /* HotViewController.swift */; };
		2555D7C820BBC9AD00CC010F /* NowPlayingViewController.swift in Sources */ = {isa = PBXBuildFile; fileRef = 2555D7C720BBC9AD00CC010F /* NowPlayingViewController.swift */; };
		2555D7CA20BBC9C400CC010F /* UpComingViewController.swift in Sources */ = {isa = PBXBuildFile; fileRef = 2555D7C920BBC9C400CC010F /* UpComingViewController.swift */; };
		2555D7CE20BBE90C00CC010F /* BounceTabBar.swift in Sources */ = {isa = PBXBuildFile; fileRef = 2555D7CD20BBE90C00CC010F /* BounceTabBar.swift */; };
		2555D7D120BBEEA300CC010F /* SwiftyStarRatingView.swift in Sources */ = {isa = PBXBuildFile; fileRef = 2555D7D020BBEEA300CC010F /* SwiftyStarRatingView.swift */; };
		2555D7D620BBF0A500CC010F /* Common.swift in Sources */ = {isa = PBXBuildFile; fileRef = 2555D7D420BBF0A500CC010F /* Common.swift */; };
		2555D7D720BBF0A500CC010F /* XUtils.swift in Sources */ = {isa = PBXBuildFile; fileRef = 2555D7D520BBF0A500CC010F /* XUtils.swift */; };
		2555D7D920BBF0B700CC010F /* CommonMovieCell.swift in Sources */ = {isa = PBXBuildFile; fileRef = 2555D7D820BBF0B700CC010F /* CommonMovieCell.swift */; };
		2579028B20B7A2C600272600 /* UIImageExtension.swift in Sources */ = {isa = PBXBuildFile; fileRef = 2579028A20B7A2C600272600 /* UIImageExtension.swift */; };
		2579028D20B7B01F00272600 /* PopularModel.swift in Sources */ = {isa = PBXBuildFile; fileRef = 2579028C20B7B01F00272600 /* PopularModel.swift */; };
		2579029120B7B23A00272600 /* UIScreenExtension.swift in Sources */ = {isa = PBXBuildFile; fileRef = 2579028E20B7B23A00272600 /* UIScreenExtension.swift */; };
		2579029220B7B23A00272600 /* PixelExtension.swift in Sources */ = {isa = PBXBuildFile; fileRef = 2579028F20B7B23A00272600 /* PixelExtension.swift */; };
		2579029320B7B23A00272600 /* StringExtension.swift in Sources */ = {isa = PBXBuildFile; fileRef = 2579029020B7B23A00272600 /* StringExtension.swift */; };
		2579029D20B7B59400272600 /* Data+HandyJSON.swift in Sources */ = {isa = PBXBuildFile; fileRef = 2579029820B7B59300272600 /* Data+HandyJSON.swift */; };
		2579029E20B7B59400272600 /* HTTPResponse.swift in Sources */ = {isa = PBXBuildFile; fileRef = 2579029920B7B59300272600 /* HTTPResponse.swift */; };
		2579029F20B7B59400272600 /* Network+Rx.swift in Sources */ = {isa = PBXBuildFile; fileRef = 2579029A20B7B59300272600 /* Network+Rx.swift */; };
		257902A020B7B59400272600 /* Network.swift in Sources */ = {isa = PBXBuildFile; fileRef = 2579029B20B7B59300272600 /* Network.swift */; };
		257902A120B7B59400272600 /* NetworkEnvironment.swift in Sources */ = {isa = PBXBuildFile; fileRef = 2579029C20B7B59300272600 /* NetworkEnvironment.swift */; };
		257902A320B7B9ED00272600 /* ResponseCode.swift in Sources */ = {isa = PBXBuildFile; fileRef = 257902A220B7B9ED00272600 /* ResponseCode.swift */; };
		2579030C20B7BE7C00272600 /* HTTPActivityPlugin.swift in Sources */ = {isa = PBXBuildFile; fileRef = 257902A620B7BE7B00272600 /* HTTPActivityPlugin.swift */; };
		2579030D20B7BE7C00272600 /* HTTPCache.swift in Sources */ = {isa = PBXBuildFile; fileRef = 257902A720B7BE7B00272600 /* HTTPCache.swift */; };
		2579030E20B7BE7C00272600 /* HTTPLoggerPlugin.swift in Sources */ = {isa = PBXBuildFile; fileRef = 257902A820B7BE7B00272600 /* HTTPLoggerPlugin.swift */; };
		2579030F20B7BE7C00272600 /* Router.swift in Sources */ = {isa = PBXBuildFile; fileRef = 257902AA20B7BE7B00272600 /* Router.swift */; };
		2579031020B7BE7C00272600 /* HUD.swift in Sources */ = {isa = PBXBuildFile; fileRef = 257902AC20B7BE7B00272600 /* HUD.swift */; };
		2579031120B7BE7C00272600 /* KRActivityIndicatorPath.swift in Sources */ = {isa = PBXBuildFile; fileRef = 257902AF20B7BE7B00272600 /* KRActivityIndicatorPath.swift */; };
		2579031220B7BE7C00272600 /* KRActivityIndicatorView.swift in Sources */ = {isa = PBXBuildFile; fileRef = 257902B020B7BE7B00272600 /* KRActivityIndicatorView.swift */; };
		2579031320B7BE7C00272600 /* KRActivityIndicatorViewStyle.swift in Sources */ = {isa = PBXBuildFile; fileRef = 257902B120B7BE7B00272600 /* KRActivityIndicatorViewStyle.swift */; };
		2579031420B7BE7C00272600 /* Extensions.swift in Sources */ = {isa = PBXBuildFile; fileRef = 257902B420B7BE7B00272600 /* Extensions.swift */; };
		2579031520B7BE7C00272600 /* InnerKRProgressHUD.swift in Sources */ = {isa = PBXBuildFile; fileRef = 257902B520B7BE7B00272600 /* InnerKRProgressHUD.swift */; };
		2579031620B7BE7C00272600 /* KRProgressHUD.swift in Sources */ = {isa = PBXBuildFile; fileRef = 257902B620B7BE7B00272600 /* KRProgressHUD.swift */; };
		2579031720B7BE7C00272600 /* KRProgressHUDIconType.swift in Sources */ = {isa = PBXBuildFile; fileRef = 257902B720B7BE7B00272600 /* KRProgressHUDIconType.swift */; };
		2579031820B7BE7C00272600 /* KRProgressHUDViewController.swift in Sources */ = {isa = PBXBuildFile; fileRef = 257902B820B7BE7B00272600 /* KRProgressHUDViewController.swift */; };
		2579031920B7BE7C00272600 /* PageMenuCell.swift in Sources */ = {isa = PBXBuildFile; fileRef = 257902BA20B7BE7B00272600 /* PageMenuCell.swift */; };
		2579031A20B7BE7C00272600 /* PageMenuView.swift in Sources */ = {isa = PBXBuildFile; fileRef = 257902BB20B7BE7B00272600 /* PageMenuView.swift */; };
		2579031B20B7BE7C00272600 /* PageScrollView.swift in Sources */ = {isa = PBXBuildFile; fileRef = 257902BC20B7BE7B00272600 /* PageScrollView.swift */; };
		2579031C20B7BE7C00272600 /* WebViewContainer.swift in Sources */ = {isa = PBXBuildFile; fileRef = 257902BE20B7BE7B00272600 /* WebViewContainer.swift */; };
		2579031D20B7BE7C00272600 /* WebViewController.swift in Sources */ = {isa = PBXBuildFile; fileRef = 257902BF20B7BE7B00272600 /* WebViewController.swift */; };
		2579031E20B7BE7C00272600 /* Assets.xcassets in Resources */ = {isa = PBXBuildFile; fileRef = 257902C220B7BE7B00272600 /* Assets.xcassets */; };
		2579031F20B7BE7C00272600 /* Localizable.strings in Resources */ = {isa = PBXBuildFile; fileRef = 257902C320B7BE7B00272600 /* Localizable.strings */; };
		2579032020B7BE7C00272600 /* YPBottomPager.swift in Sources */ = {isa = PBXBuildFile; fileRef = 257902CC20B7BE7B00272600 /* YPBottomPager.swift */; };
		2579032120B7BE7C00272600 /* YPBottomPagerView.swift in Sources */ = {isa = PBXBuildFile; fileRef = 257902CD20B7BE7B00272600 /* YPBottomPagerView.swift */; };
		2579032220B7BE7C00272600 /* YPMenuItem.swift in Sources */ = {isa = PBXBuildFile; fileRef = 257902CE20B7BE7B00272600 /* YPMenuItem.swift */; };
		2579032320B7BE7C00272600 /* YPPagerMenu.swift in Sources */ = {isa = PBXBuildFile; fileRef = 257902CF20B7BE7B00272600 /* YPPagerMenu.swift */; };
		2579032420B7BE7C00272600 /* PostiOS10PhotoCapture.swift in Sources */ = {isa = PBXBuildFile; fileRef = 257902D120B7BE7B00272600 /* PostiOS10PhotoCapture.swift */; };
		2579032520B7BE7C00272600 /* PreiOS10PhotoCapture.swift in Sources */ = {isa = PBXBuildFile; fileRef = 257902D220B7BE7B00272600 /* PreiOS10PhotoCapture.swift */; };
		2579032620B7BE7C00272600 /* YPCameraVC.swift in Sources */ = {isa = PBXBuildFile; fileRef = 257902D320B7BE7B00272600 /* YPCameraVC.swift */; };
		2579032720B7BE7C00272600 /* YPCameraView.swift in Sources */ = {isa = PBXBuildFile; fileRef = 257902D420B7BE7B00272600 /* YPCameraView.swift */; };
		2579032820B7BE7C00272600 /* YPPhotoCapture.swift in Sources */ = {isa = PBXBuildFile; fileRef = 257902D520B7BE7B00272600 /* YPPhotoCapture.swift */; };
		2579032920B7BE7C00272600 /* YPPhotoCaptureDefaults.swift in Sources */ = {isa = PBXBuildFile; fileRef = 257902D620B7BE7B00272600 /* YPPhotoCaptureDefaults.swift */; };
		2579032A20B7BE7C00272600 /* YPImagePickerConfiguration.swift in Sources */ = {isa = PBXBuildFile; fileRef = 257902D820B7BE7B00272600 /* YPImagePickerConfiguration.swift */; };
		2579032B20B7BE7C00272600 /* YPLibraryImageSize.swift in Sources */ = {isa = PBXBuildFile; fileRef = 257902D920B7BE7B00272600 /* YPLibraryImageSize.swift */; };
		2579032C20B7BE7C00272600 /* YPPickerScreen.swift in Sources */ = {isa = PBXBuildFile; fileRef = 257902DA20B7BE7B00272600 /* YPPickerScreen.swift */; };
		2579032D20B7BE7C00272600 /* YPWordings.swift in Sources */ = {isa = PBXBuildFile; fileRef = 257902DB20B7BE7B00272600 /* YPWordings.swift */; };
		2579032E20B7BE7C00272600 /* YPCropVC.swift in Sources */ = {isa = PBXBuildFile; fileRef = 257902DD20B7BE7B00272600 /* YPCropVC.swift */; };
		2579032F20B7BE7C00272600 /* YPCropView.swift in Sources */ = {isa = PBXBuildFile; fileRef = 257902DE20B7BE7B00272600 /* YPCropView.swift */; };
		2579033020B7BE7C00272600 /* YPFilter.swift in Sources */ = {isa = PBXBuildFile; fileRef = 257902E020B7BE7B00272600 /* YPFilter.swift */; };
		2579033120B7BE7C00272600 /* YPFilterCollectionViewCell.swift in Sources */ = {isa = PBXBuildFile; fileRef = 257902E120B7BE7B00272600 /* YPFilterCollectionViewCell.swift */; };
		2579033220B7BE7C00272600 /* YPFilterPreview.swift in Sources */ = {isa = PBXBuildFile; fileRef = 257902E220B7BE7B00272600 /* YPFilterPreview.swift */; };
		2579033320B7BE7C00272600 /* YPFiltersVC.swift in Sources */ = {isa = PBXBuildFile; fileRef = 257902E320B7BE7B00272600 /* YPFiltersVC.swift */; };
		2579033420B7BE7C00272600 /* YPFiltersView.swift in Sources */ = {isa = PBXBuildFile; fileRef = 257902E420B7BE7B00272600 /* YPFiltersView.swift */; };
		2579033520B7BE7C00272600 /* CGRect+Difference.swift in Sources */ = {isa = PBXBuildFile; fileRef = 257902E620B7BE7B00272600 /* CGRect+Difference.swift */; };
		2579033620B7BE7C00272600 /* IndexSet+IndexPath.swift in Sources */ = {isa = PBXBuildFile; fileRef = 257902E720B7BE7B00272600 /* IndexSet+IndexPath.swift */; };
		2579033720B7BE7C00272600 /* PermissionCheckable.swift in Sources */ = {isa = PBXBuildFile; fileRef = 257902E820B7BE7B00272600 /* PermissionCheckable.swift */; };
		2579033820B7BE7C00272600 /* PHCachingImageManager+Helpers.swift in Sources */ = {isa = PBXBuildFile; fileRef = 257902E920B7BE7B00272600 /* PHCachingImageManager+Helpers.swift */; };
		2579033920B7BE7C00272600 /* PHFetchResult + IndexPath.swift in Sources */ = {isa = PBXBuildFile; fileRef = 257902EA20B7BE7B00272600 /* PHFetchResult + IndexPath.swift */; };
		2579033A20B7BE7C00272600 /* UICollectionView+IndexPath.swift in Sources */ = {isa = PBXBuildFile; fileRef = 257902EB20B7BE7B00272600 /* UICollectionView+IndexPath.swift */; };
		2579033B20B7BE7C00272600 /* UIImage+ResetOrientation.swift in Sources */ = {isa = PBXBuildFile; fileRef = 257902EC20B7BE7B00272600 /* UIImage+ResetOrientation.swift */; };
		2579033C20B7BE7C00272600 /* YPAlerts.swift in Sources */ = {isa = PBXBuildFile; fileRef = 257902ED20B7BE7B00272600 /* YPAlerts.swift */; };
		2579033D20B7BE7C00272600 /* YPDragDirection.swift in Sources */ = {isa = PBXBuildFile; fileRef = 257902EE20B7BE7B00272600 /* YPDragDirection.swift */; };
		2579033E20B7BE7C00272600 /* YPHelpers.swift in Sources */ = {isa = PBXBuildFile; fileRef = 257902EF20B7BE7B00272600 /* YPHelpers.swift */; };
		2579033F20B7BE7C00272600 /* YPPermissionDeniedPopup.swift in Sources */ = {isa = PBXBuildFile; fileRef = 257902F020B7BE7B00272600 /* YPPermissionDeniedPopup.swift */; };
		2579034020B7BE7C00272600 /* YPPhotoSaver.swift in Sources */ = {isa = PBXBuildFile; fileRef = 257902F120B7BE7B00272600 /* YPPhotoSaver.swift */; };
		2579034120B7BE7C00272600 /* Info.plist in Resources */ = {isa = PBXBuildFile; fileRef = 257902F220B7BE7B00272600 /* Info.plist */; };
		2579034220B7BE7C00272600 /* LibraryMediaManager.swift in Sources */ = {isa = PBXBuildFile; fileRef = 257902F420B7BE7B00272600 /* LibraryMediaManager.swift */; };
		2579034320B7BE7C00272600 /* YPAlbum.swift in Sources */ = {isa = PBXBuildFile; fileRef = 257902F520B7BE7B00272600 /* YPAlbum.swift */; };
		2579034420B7BE7C00272600 /* YPAlbumCell.swift in Sources */ = {isa = PBXBuildFile; fileRef = 257902F620B7BE7B00272600 /* YPAlbumCell.swift */; };
		2579034520B7BE7C00272600 /* YPAlbumsManager.swift in Sources */ = {isa = PBXBuildFile; fileRef = 257902F720B7BE7B00272600 /* YPAlbumsManager.swift */; };
		2579034620B7BE7C00272600 /* YPAlbumVC.swift in Sources */ = {isa = PBXBuildFile; fileRef = 257902F820B7BE7B00272600 /* YPAlbumVC.swift */; };
		2579034720B7BE7C00272600 /* YPAlbumView.swift in Sources */ = {isa = PBXBuildFile; fileRef = 257902F920B7BE7B00272600 /* YPAlbumView.swift */; };
		2579034820B7BE7C00272600 /* YPGridView.swift in Sources */ = {isa = PBXBuildFile; fileRef = 257902FA20B7BE7B00272600 /* YPGridView.swift */; };
		2579034920B7BE7C00272600 /* YPImageCropView.swift in Sources */ = {isa = PBXBuildFile; fileRef = 257902FB20B7BE7B00272600 /* YPImageCropView.swift */; };
		2579034A20B7BE7C00272600 /* YPImageCropViewContainer.swift in Sources */ = {isa = PBXBuildFile; fileRef = 257902FC20B7BE7B00272600 /* YPImageCropViewContainer.swift */; };
		2579034B20B7BE7C00272600 /* YPLibrary+LibraryChange.swift in Sources */ = {isa = PBXBuildFile; fileRef = 257902FD20B7BE7B00272600 /* YPLibrary+LibraryChange.swift */; };
		2579034C20B7BE7C00272600 /* YPLibraryVC + UIHelpers.swift in Sources */ = {isa = PBXBuildFile; fileRef = 257902FE20B7BE7B00272600 /* YPLibraryVC + UIHelpers.swift */; };
		2579034D20B7BE7C00272600 /* YPLibraryVC+CollectionView.swift in Sources */ = {isa = PBXBuildFile; fileRef = 257902FF20B7BE7B00272600 /* YPLibraryVC+CollectionView.swift */; };
		2579034E20B7BE7C00272600 /* YPLibraryVC+PanGesture.swift in Sources */ = {isa = PBXBuildFile; fileRef = 2579030020B7BE7B00272600 /* YPLibraryVC+PanGesture.swift */; };
		2579034F20B7BE7C00272600 /* YPLibraryVC.swift in Sources */ = {isa = PBXBuildFile; fileRef = 2579030120B7BE7B00272600 /* YPLibraryVC.swift */; };
		2579035020B7BE7C00272600 /* YPLibraryView.swift in Sources */ = {isa = PBXBuildFile; fileRef = 2579030220B7BE7B00272600 /* YPLibraryView.swift */; };
		2579035120B7BE7C00272600 /* YPLibraryView.xib in Resources */ = {isa = PBXBuildFile; fileRef = 2579030320B7BE7B00272600 /* YPLibraryView.xib */; };
		2579035220B7BE7C00272600 /* YPLibraryViewCell.swift in Sources */ = {isa = PBXBuildFile; fileRef = 2579030420B7BE7B00272600 /* YPLibraryViewCell.swift */; };
		2579035320B7BE7C00272600 /* YPLibraryViewDelegate.swift in Sources */ = {isa = PBXBuildFile; fileRef = 2579030520B7BE7B00272600 /* YPLibraryViewDelegate.swift */; };
		2579035420B7BE7C00272600 /* YPVideoHelper.swift in Sources */ = {isa = PBXBuildFile; fileRef = 2579030720B7BE7B00272600 /* YPVideoHelper.swift */; };
		2579035520B7BE7C00272600 /* YPVideoVC.swift in Sources */ = {isa = PBXBuildFile; fileRef = 2579030820B7BE7B00272600 /* YPVideoVC.swift */; };
		2579035620B7BE7C00272600 /* YPImagePicker.swift in Sources */ = {isa = PBXBuildFile; fileRef = 2579030920B7BE7B00272600 /* YPImagePicker.swift */; };
		2579035720B7BE7C00272600 /* YPPickerVC.swift in Sources */ = {isa = PBXBuildFile; fileRef = 2579030B20B7BE7B00272600 /* YPPickerVC.swift */; };
		2579035C20B7D76800272600 /* MoviesTarget.swift in Sources */ = {isa = PBXBuildFile; fileRef = 2579035B20B7D76800272600 /* MoviesTarget.swift */; };
		258F09EB20B6A71D004256EF /* Assets.xcassets in Resources */ = {isa = PBXBuildFile; fileRef = 258F09EA20B6A71D004256EF /* Assets.xcassets */; };
		25E178F620BBF9FB00720673 /* UIImageColors.swift in Sources */ = {isa = PBXBuildFile; fileRef = 25E178F520BBF9FB00720673 /* UIImageColors.swift */; };
		2892E8EDB65262D04C0C20F4 /* Pods_magnetX.framework in Frameworks */ = {isa = PBXBuildFile; fileRef = FAE5AD0089BEF84A2A4E36F7 /* Pods_magnetX.framework */; };
/* End PBXBuildFile section */

/* Begin PBXFileReference section */
		252758B620B6B2B000347877 /* AppDelegate.swift */ = {isa = PBXFileReference; fileEncoding = 4; lastKnownFileType = sourcecode.swift; path = AppDelegate.swift; sourceTree = "<group>"; };
		252758B920B6B2B000347877 /* Base */ = {isa = PBXFileReference; lastKnownFileType = file.storyboard; name = Base; path = Base.lproj/LaunchScreen.storyboard; sourceTree = "<group>"; };
		252758BA20B6B2B000347877 /* Info.plist */ = {isa = PBXFileReference; fileEncoding = 4; lastKnownFileType = text.plist.xml; path = Info.plist; sourceTree = "<group>"; };
		252758BE20B6B2E100347877 /* AppDelegat+Service.swift */ = {isa = PBXFileReference; lastKnownFileType = sourcecode.swift; path = "AppDelegat+Service.swift"; sourceTree = "<group>"; };
		252758C020B6B47F00347877 /* AppDelegate+Root.swift */ = {isa = PBXFileReference; lastKnownFileType = sourcecode.swift; path = "AppDelegate+Root.swift"; sourceTree = "<group>"; };
		252758C320B6BDB700347877 /* UIColorExtension.swift */ = {isa = PBXFileReference; lastKnownFileType = sourcecode.swift; path = UIColorExtension.swift; sourceTree = "<group>"; };
		252758C820B6BE6800347877 /* MainViewController.swift */ = {isa = PBXFileReference; lastKnownFileType = sourcecode.swift; path = MainViewController.swift; sourceTree = "<group>"; };
		252758D920B6BFD000347877 /* BaseViewController.swift */ = {isa = PBXFileReference; lastKnownFileType = sourcecode.swift; path = BaseViewController.swift; sourceTree = "<group>"; };
		252758DB20B6BFF200347877 /* UIViewControllerExtension.swift */ = {isa = PBXFileReference; fileEncoding = 4; lastKnownFileType = sourcecode.swift; path = UIViewControllerExtension.swift; sourceTree = "<group>"; };
		252758DD20B6C0AB00347877 /* PersonalViewController.swift */ = {isa = PBXFileReference; lastKnownFileType = sourcecode.swift; path = PersonalViewController.swift; sourceTree = "<group>"; };
		252758DF20B6C0C100347877 /* RecommendViewController.swift */ = {isa = PBXFileReference; lastKnownFileType = sourcecode.swift; path = RecommendViewController.swift; sourceTree = "<group>"; };
		252758E120B6C0D000347877 /* SearchViewController.swift */ = {isa = PBXFileReference; lastKnownFileType = sourcecode.swift; path = SearchViewController.swift; sourceTree = "<group>"; };
		2555D7B820BB8F6500CC010F /* HotViewController.swift */ = {isa = PBXFileReference; lastKnownFileType = sourcecode.swift; path = HotViewController.swift; sourceTree = "<group>"; };
		2555D7C720BBC9AD00CC010F /* NowPlayingViewController.swift */ = {isa = PBXFileReference; lastKnownFileType = sourcecode.swift; path = NowPlayingViewController.swift; sourceTree = "<group>"; };
		2555D7C920BBC9C400CC010F /* UpComingViewController.swift */ = {isa = PBXFileReference; lastKnownFileType = sourcecode.swift; path = UpComingViewController.swift; sourceTree = "<group>"; };
		2555D7CD20BBE90C00CC010F /* BounceTabBar.swift */ = {isa = PBXFileReference; lastKnownFileType = sourcecode.swift; path = BounceTabBar.swift; sourceTree = "<group>"; };
		2555D7D020BBEEA300CC010F /* SwiftyStarRatingView.swift */ = {isa = PBXFileReference; fileEncoding = 4; lastKnownFileType = sourcecode.swift; path = SwiftyStarRatingView.swift; sourceTree = "<group>"; };
		2555D7D420BBF0A500CC010F /* Common.swift */ = {isa = PBXFileReference; fileEncoding = 4; lastKnownFileType = sourcecode.swift; path = Common.swift; sourceTree = "<group>"; };
		2555D7D520BBF0A500CC010F /* XUtils.swift */ = {isa = PBXFileReference; fileEncoding = 4; lastKnownFileType = sourcecode.swift; path = XUtils.swift; sourceTree = "<group>"; };
		2555D7D820BBF0B700CC010F /* CommonMovieCell.swift */ = {isa = PBXFileReference; lastKnownFileType = sourcecode.swift; path = CommonMovieCell.swift; sourceTree = "<group>"; };
		2579028A20B7A2C600272600 /* UIImageExtension.swift */ = {isa = PBXFileReference; lastKnownFileType = sourcecode.swift; path = UIImageExtension.swift; sourceTree = "<group>"; };
		2579028C20B7B01F00272600 /* PopularModel.swift */ = {isa = PBXFileReference; lastKnownFileType = sourcecode.swift; path = PopularModel.swift; sourceTree = "<group>"; };
		2579028E20B7B23A00272600 /* UIScreenExtension.swift */ = {isa = PBXFileReference; fileEncoding = 4; lastKnownFileType = sourcecode.swift; path = UIScreenExtension.swift; sourceTree = "<group>"; };
		2579028F20B7B23A00272600 /* PixelExtension.swift */ = {isa = PBXFileReference; fileEncoding = 4; lastKnownFileType = sourcecode.swift; path = PixelExtension.swift; sourceTree = "<group>"; };
		2579029020B7B23A00272600 /* StringExtension.swift */ = {isa = PBXFileReference; fileEncoding = 4; lastKnownFileType = sourcecode.swift; path = StringExtension.swift; sourceTree = "<group>"; };
		2579029820B7B59300272600 /* Data+HandyJSON.swift */ = {isa = PBXFileReference; fileEncoding = 4; lastKnownFileType = sourcecode.swift; path = "Data+HandyJSON.swift"; sourceTree = "<group>"; };
		2579029920B7B59300272600 /* HTTPResponse.swift */ = {isa = PBXFileReference; fileEncoding = 4; lastKnownFileType = sourcecode.swift; path = HTTPResponse.swift; sourceTree = "<group>"; };
		2579029A20B7B59300272600 /* Network+Rx.swift */ = {isa = PBXFileReference; fileEncoding = 4; lastKnownFileType = sourcecode.swift; path = "Network+Rx.swift"; sourceTree = "<group>"; };
		2579029B20B7B59300272600 /* Network.swift */ = {isa = PBXFileReference; fileEncoding = 4; lastKnownFileType = sourcecode.swift; path = Network.swift; sourceTree = "<group>"; };
		2579029C20B7B59300272600 /* NetworkEnvironment.swift */ = {isa = PBXFileReference; fileEncoding = 4; lastKnownFileType = sourcecode.swift; path = NetworkEnvironment.swift; sourceTree = "<group>"; };
		257902A220B7B9ED00272600 /* ResponseCode.swift */ = {isa = PBXFileReference; lastKnownFileType = sourcecode.swift; path = ResponseCode.swift; sourceTree = "<group>"; };
		257902A620B7BE7B00272600 /* HTTPActivityPlugin.swift */ = {isa = PBXFileReference; fileEncoding = 4; lastKnownFileType = sourcecode.swift; path = HTTPActivityPlugin.swift; sourceTree = "<group>"; };
		257902A720B7BE7B00272600 /* HTTPCache.swift */ = {isa = PBXFileReference; fileEncoding = 4; lastKnownFileType = sourcecode.swift; path = HTTPCache.swift; sourceTree = "<group>"; };
		257902A820B7BE7B00272600 /* HTTPLoggerPlugin.swift */ = {isa = PBXFileReference; fileEncoding = 4; lastKnownFileType = sourcecode.swift; path = HTTPLoggerPlugin.swift; sourceTree = "<group>"; };
		257902AA20B7BE7B00272600 /* Router.swift */ = {isa = PBXFileReference; fileEncoding = 4; lastKnownFileType = sourcecode.swift; path = Router.swift; sourceTree = "<group>"; };
		257902AC20B7BE7B00272600 /* HUD.swift */ = {isa = PBXFileReference; fileEncoding = 4; lastKnownFileType = sourcecode.swift; path = HUD.swift; sourceTree = "<group>"; };
		257902AF20B7BE7B00272600 /* KRActivityIndicatorPath.swift */ = {isa = PBXFileReference; fileEncoding = 4; lastKnownFileType = sourcecode.swift; path = KRActivityIndicatorPath.swift; sourceTree = "<group>"; };
		257902B020B7BE7B00272600 /* KRActivityIndicatorView.swift */ = {isa = PBXFileReference; fileEncoding = 4; lastKnownFileType = sourcecode.swift; path = KRActivityIndicatorView.swift; sourceTree = "<group>"; };
		257902B120B7BE7B00272600 /* KRActivityIndicatorViewStyle.swift */ = {isa = PBXFileReference; fileEncoding = 4; lastKnownFileType = sourcecode.swift; path = KRActivityIndicatorViewStyle.swift; sourceTree = "<group>"; };
		257902B420B7BE7B00272600 /* Extensions.swift */ = {isa = PBXFileReference; fileEncoding = 4; lastKnownFileType = sourcecode.swift; path = Extensions.swift; sourceTree = "<group>"; };
		257902B520B7BE7B00272600 /* InnerKRProgressHUD.swift */ = {isa = PBXFileReference; fileEncoding = 4; lastKnownFileType = sourcecode.swift; path = InnerKRProgressHUD.swift; sourceTree = "<group>"; };
		257902B620B7BE7B00272600 /* KRProgressHUD.swift */ = {isa = PBXFileReference; fileEncoding = 4; lastKnownFileType = sourcecode.swift; path = KRProgressHUD.swift; sourceTree = "<group>"; };
		257902B720B7BE7B00272600 /* KRProgressHUDIconType.swift */ = {isa = PBXFileReference; fileEncoding = 4; lastKnownFileType = sourcecode.swift; path = KRProgressHUDIconType.swift; sourceTree = "<group>"; };
		257902B820B7BE7B00272600 /* KRProgressHUDViewController.swift */ = {isa = PBXFileReference; fileEncoding = 4; lastKnownFileType = sourcecode.swift; path = KRProgressHUDViewController.swift; sourceTree = "<group>"; };
		257902BA20B7BE7B00272600 /* PageMenuCell.swift */ = {isa = PBXFileReference; fileEncoding = 4; lastKnownFileType = sourcecode.swift; path = PageMenuCell.swift; sourceTree = "<group>"; };
		257902BB20B7BE7B00272600 /* PageMenuView.swift */ = {isa = PBXFileReference; fileEncoding = 4; lastKnownFileType = sourcecode.swift; path = PageMenuView.swift; sourceTree = "<group>"; };
		257902BC20B7BE7B00272600 /* PageScrollView.swift */ = {isa = PBXFileReference; fileEncoding = 4; lastKnownFileType = sourcecode.swift; path = PageScrollView.swift; sourceTree = "<group>"; };
		257902BE20B7BE7B00272600 /* WebViewContainer.swift */ = {isa = PBXFileReference; fileEncoding = 4; lastKnownFileType = sourcecode.swift; path = WebViewContainer.swift; sourceTree = "<group>"; };
		257902BF20B7BE7B00272600 /* WebViewController.swift */ = {isa = PBXFileReference; fileEncoding = 4; lastKnownFileType = sourcecode.swift; path = WebViewController.swift; sourceTree = "<group>"; };
		257902C220B7BE7B00272600 /* Assets.xcassets */ = {isa = PBXFileReference; lastKnownFileType = folder.assetcatalog; path = Assets.xcassets; sourceTree = "<group>"; };
		257902C420B7BE7B00272600 /* en */ = {isa = PBXFileReference; lastKnownFileType = text.plist.strings; name = en; path = en.lproj/Localizable.strings; sourceTree = "<group>"; };
		257902C520B7BE7B00272600 /* es */ = {isa = PBXFileReference; lastKnownFileType = text.plist.strings; name = es; path = es.lproj/Localizable.strings; sourceTree = "<group>"; };
		257902C620B7BE7B00272600 /* fr */ = {isa = PBXFileReference; lastKnownFileType = text.plist.strings; name = fr; path = fr.lproj/Localizable.strings; sourceTree = "<group>"; };
		257902C720B7BE7B00272600 /* nl */ = {isa = PBXFileReference; lastKnownFileType = text.plist.strings; name = nl; path = nl.lproj/Localizable.strings; sourceTree = "<group>"; };
		257902C820B7BE7B00272600 /* ru */ = {isa = PBXFileReference; lastKnownFileType = text.plist.strings; name = ru; path = ru.lproj/Localizable.strings; sourceTree = "<group>"; };
		257902C920B7BE7B00272600 /* zh-Hans */ = {isa = PBXFileReference; lastKnownFileType = text.plist.strings; name = "zh-Hans"; path = "zh-Hans.lproj/Localizable.strings"; sourceTree = "<group>"; };
		257902CC20B7BE7B00272600 /* YPBottomPager.swift */ = {isa = PBXFileReference; fileEncoding = 4; lastKnownFileType = sourcecode.swift; path = YPBottomPager.swift; sourceTree = "<group>"; };
		257902CD20B7BE7B00272600 /* YPBottomPagerView.swift */ = {isa = PBXFileReference; fileEncoding = 4; lastKnownFileType = sourcecode.swift; path = YPBottomPagerView.swift; sourceTree = "<group>"; };
		257902CE20B7BE7B00272600 /* YPMenuItem.swift */ = {isa = PBXFileReference; fileEncoding = 4; lastKnownFileType = sourcecode.swift; path = YPMenuItem.swift; sourceTree = "<group>"; };
		257902CF20B7BE7B00272600 /* YPPagerMenu.swift */ = {isa = PBXFileReference; fileEncoding = 4; lastKnownFileType = sourcecode.swift; path = YPPagerMenu.swift; sourceTree = "<group>"; };
		257902D120B7BE7B00272600 /* PostiOS10PhotoCapture.swift */ = {isa = PBXFileReference; fileEncoding = 4; lastKnownFileType = sourcecode.swift; path = PostiOS10PhotoCapture.swift; sourceTree = "<group>"; };
		257902D220B7BE7B00272600 /* PreiOS10PhotoCapture.swift */ = {isa = PBXFileReference; fileEncoding = 4; lastKnownFileType = sourcecode.swift; path = PreiOS10PhotoCapture.swift; sourceTree = "<group>"; };
		257902D320B7BE7B00272600 /* YPCameraVC.swift */ = {isa = PBXFileReference; fileEncoding = 4; lastKnownFileType = sourcecode.swift; path = YPCameraVC.swift; sourceTree = "<group>"; };
		257902D420B7BE7B00272600 /* YPCameraView.swift */ = {isa = PBXFileReference; fileEncoding = 4; lastKnownFileType = sourcecode.swift; path = YPCameraView.swift; sourceTree = "<group>"; };
		257902D520B7BE7B00272600 /* YPPhotoCapture.swift */ = {isa = PBXFileReference; fileEncoding = 4; lastKnownFileType = sourcecode.swift; path = YPPhotoCapture.swift; sourceTree = "<group>"; };
		257902D620B7BE7B00272600 /* YPPhotoCaptureDefaults.swift */ = {isa = PBXFileReference; fileEncoding = 4; lastKnownFileType = sourcecode.swift; path = YPPhotoCaptureDefaults.swift; sourceTree = "<group>"; };
		257902D820B7BE7B00272600 /* YPImagePickerConfiguration.swift */ = {isa = PBXFileReference; fileEncoding = 4; lastKnownFileType = sourcecode.swift; path = YPImagePickerConfiguration.swift; sourceTree = "<group>"; };
		257902D920B7BE7B00272600 /* YPLibraryImageSize.swift */ = {isa = PBXFileReference; fileEncoding = 4; lastKnownFileType = sourcecode.swift; path = YPLibraryImageSize.swift; sourceTree = "<group>"; };
		257902DA20B7BE7B00272600 /* YPPickerScreen.swift */ = {isa = PBXFileReference; fileEncoding = 4; lastKnownFileType = sourcecode.swift; path = YPPickerScreen.swift; sourceTree = "<group>"; };
		257902DB20B7BE7B00272600 /* YPWordings.swift */ = {isa = PBXFileReference; fileEncoding = 4; lastKnownFileType = sourcecode.swift; path = YPWordings.swift; sourceTree = "<group>"; };
		257902DD20B7BE7B00272600 /* YPCropVC.swift */ = {isa = PBXFileReference; fileEncoding = 4; lastKnownFileType = sourcecode.swift; path = YPCropVC.swift; sourceTree = "<group>"; };
		257902DE20B7BE7B00272600 /* YPCropView.swift */ = {isa = PBXFileReference; fileEncoding = 4; lastKnownFileType = sourcecode.swift; path = YPCropView.swift; sourceTree = "<group>"; };
		257902E020B7BE7B00272600 /* YPFilter.swift */ = {isa = PBXFileReference; fileEncoding = 4; lastKnownFileType = sourcecode.swift; path = YPFilter.swift; sourceTree = "<group>"; };
		257902E120B7BE7B00272600 /* YPFilterCollectionViewCell.swift */ = {isa = PBXFileReference; fileEncoding = 4; lastKnownFileType = sourcecode.swift; path = YPFilterCollectionViewCell.swift; sourceTree = "<group>"; };
		257902E220B7BE7B00272600 /* YPFilterPreview.swift */ = {isa = PBXFileReference; fileEncoding = 4; lastKnownFileType = sourcecode.swift; path = YPFilterPreview.swift; sourceTree = "<group>"; };
		257902E320B7BE7B00272600 /* YPFiltersVC.swift */ = {isa = PBXFileReference; fileEncoding = 4; lastKnownFileType = sourcecode.swift; path = YPFiltersVC.swift; sourceTree = "<group>"; };
		257902E420B7BE7B00272600 /* YPFiltersView.swift */ = {isa = PBXFileReference; fileEncoding = 4; lastKnownFileType = sourcecode.swift; path = YPFiltersView.swift; sourceTree = "<group>"; };
		257902E620B7BE7B00272600 /* CGRect+Difference.swift */ = {isa = PBXFileReference; fileEncoding = 4; lastKnownFileType = sourcecode.swift; path = "CGRect+Difference.swift"; sourceTree = "<group>"; };
		257902E720B7BE7B00272600 /* IndexSet+IndexPath.swift */ = {isa = PBXFileReference; fileEncoding = 4; lastKnownFileType = sourcecode.swift; path = "IndexSet+IndexPath.swift"; sourceTree = "<group>"; };
		257902E820B7BE7B00272600 /* PermissionCheckable.swift */ = {isa = PBXFileReference; fileEncoding = 4; lastKnownFileType = sourcecode.swift; path = PermissionCheckable.swift; sourceTree = "<group>"; };
		257902E920B7BE7B00272600 /* PHCachingImageManager+Helpers.swift */ = {isa = PBXFileReference; fileEncoding = 4; lastKnownFileType = sourcecode.swift; path = "PHCachingImageManager+Helpers.swift"; sourceTree = "<group>"; };
		257902EA20B7BE7B00272600 /* PHFetchResult + IndexPath.swift */ = {isa = PBXFileReference; fileEncoding = 4; lastKnownFileType = sourcecode.swift; path = "PHFetchResult + IndexPath.swift"; sourceTree = "<group>"; };
		257902EB20B7BE7B00272600 /* UICollectionView+IndexPath.swift */ = {isa = PBXFileReference; fileEncoding = 4; lastKnownFileType = sourcecode.swift; path = "UICollectionView+IndexPath.swift"; sourceTree = "<group>"; };
		257902EC20B7BE7B00272600 /* UIImage+ResetOrientation.swift */ = {isa = PBXFileReference; fileEncoding = 4; lastKnownFileType = sourcecode.swift; path = "UIImage+ResetOrientation.swift"; sourceTree = "<group>"; };
		257902ED20B7BE7B00272600 /* YPAlerts.swift */ = {isa = PBXFileReference; fileEncoding = 4; lastKnownFileType = sourcecode.swift; path = YPAlerts.swift; sourceTree = "<group>"; };
		257902EE20B7BE7B00272600 /* YPDragDirection.swift */ = {isa = PBXFileReference; fileEncoding = 4; lastKnownFileType = sourcecode.swift; path = YPDragDirection.swift; sourceTree = "<group>"; };
		257902EF20B7BE7B00272600 /* YPHelpers.swift */ = {isa = PBXFileReference; fileEncoding = 4; lastKnownFileType = sourcecode.swift; path = YPHelpers.swift; sourceTree = "<group>"; };
		257902F020B7BE7B00272600 /* YPPermissionDeniedPopup.swift */ = {isa = PBXFileReference; fileEncoding = 4; lastKnownFileType = sourcecode.swift; path = YPPermissionDeniedPopup.swift; sourceTree = "<group>"; };
		257902F120B7BE7B00272600 /* YPPhotoSaver.swift */ = {isa = PBXFileReference; fileEncoding = 4; lastKnownFileType = sourcecode.swift; path = YPPhotoSaver.swift; sourceTree = "<group>"; };
		257902F220B7BE7B00272600 /* Info.plist */ = {isa = PBXFileReference; fileEncoding = 4; lastKnownFileType = text.plist.xml; path = Info.plist; sourceTree = "<group>"; };
		257902F420B7BE7B00272600 /* LibraryMediaManager.swift */ = {isa = PBXFileReference; fileEncoding = 4; lastKnownFileType = sourcecode.swift; path = LibraryMediaManager.swift; sourceTree = "<group>"; };
		257902F520B7BE7B00272600 /* YPAlbum.swift */ = {isa = PBXFileReference; fileEncoding = 4; lastKnownFileType = sourcecode.swift; path = YPAlbum.swift; sourceTree = "<group>"; };
		257902F620B7BE7B00272600 /* YPAlbumCell.swift */ = {isa = PBXFileReference; fileEncoding = 4; lastKnownFileType = sourcecode.swift; path = YPAlbumCell.swift; sourceTree = "<group>"; };
		257902F720B7BE7B00272600 /* YPAlbumsManager.swift */ = {isa = PBXFileReference; fileEncoding = 4; lastKnownFileType = sourcecode.swift; path = YPAlbumsManager.swift; sourceTree = "<group>"; };
		257902F820B7BE7B00272600 /* YPAlbumVC.swift */ = {isa = PBXFileReference; fileEncoding = 4; lastKnownFileType = sourcecode.swift; path = YPAlbumVC.swift; sourceTree = "<group>"; };
		257902F920B7BE7B00272600 /* YPAlbumView.swift */ = {isa = PBXFileReference; fileEncoding = 4; lastKnownFileType = sourcecode.swift; path = YPAlbumView.swift; sourceTree = "<group>"; };
		257902FA20B7BE7B00272600 /* YPGridView.swift */ = {isa = PBXFileReference; fileEncoding = 4; lastKnownFileType = sourcecode.swift; path = YPGridView.swift; sourceTree = "<group>"; };
		257902FB20B7BE7B00272600 /* YPImageCropView.swift */ = {isa = PBXFileReference; fileEncoding = 4; lastKnownFileType = sourcecode.swift; path = YPImageCropView.swift; sourceTree = "<group>"; };
		257902FC20B7BE7B00272600 /* YPImageCropViewContainer.swift */ = {isa = PBXFileReference; fileEncoding = 4; lastKnownFileType = sourcecode.swift; path = YPImageCropViewContainer.swift; sourceTree = "<group>"; };
		257902FD20B7BE7B00272600 /* YPLibrary+LibraryChange.swift */ = {isa = PBXFileReference; fileEncoding = 4; lastKnownFileType = sourcecode.swift; path = "YPLibrary+LibraryChange.swift"; sourceTree = "<group>"; };
		257902FE20B7BE7B00272600 /* YPLibraryVC + UIHelpers.swift */ = {isa = PBXFileReference; fileEncoding = 4; lastKnownFileType = sourcecode.swift; path = "YPLibraryVC + UIHelpers.swift"; sourceTree = "<group>"; };
		257902FF20B7BE7B00272600 /* YPLibraryVC+CollectionView.swift */ = {isa = PBXFileReference; fileEncoding = 4; lastKnownFileType = sourcecode.swift; path = "YPLibraryVC+CollectionView.swift"; sourceTree = "<group>"; };
		2579030020B7BE7B00272600 /* YPLibraryVC+PanGesture.swift */ = {isa = PBXFileReference; fileEncoding = 4; lastKnownFileType = sourcecode.swift; path = "YPLibraryVC+PanGesture.swift"; sourceTree = "<group>"; };
		2579030120B7BE7B00272600 /* YPLibraryVC.swift */ = {isa = PBXFileReference; fileEncoding = 4; lastKnownFileType = sourcecode.swift; path = YPLibraryVC.swift; sourceTree = "<group>"; };
		2579030220B7BE7B00272600 /* YPLibraryView.swift */ = {isa = PBXFileReference; fileEncoding = 4; lastKnownFileType = sourcecode.swift; path = YPLibraryView.swift; sourceTree = "<group>"; };
		2579030320B7BE7B00272600 /* YPLibraryView.xib */ = {isa = PBXFileReference; fileEncoding = 4; lastKnownFileType = file.xib; path = YPLibraryView.xib; sourceTree = "<group>"; };
		2579030420B7BE7B00272600 /* YPLibraryViewCell.swift */ = {isa = PBXFileReference; fileEncoding = 4; lastKnownFileType = sourcecode.swift; path = YPLibraryViewCell.swift; sourceTree = "<group>"; };
		2579030520B7BE7B00272600 /* YPLibraryViewDelegate.swift */ = {isa = PBXFileReference; fileEncoding = 4; lastKnownFileType = sourcecode.swift; path = YPLibraryViewDelegate.swift; sourceTree = "<group>"; };
		2579030720B7BE7B00272600 /* YPVideoHelper.swift */ = {isa = PBXFileReference; fileEncoding = 4; lastKnownFileType = sourcecode.swift; path = YPVideoHelper.swift; sourceTree = "<group>"; };
		2579030820B7BE7B00272600 /* YPVideoVC.swift */ = {isa = PBXFileReference; fileEncoding = 4; lastKnownFileType = sourcecode.swift; path = YPVideoVC.swift; sourceTree = "<group>"; };
		2579030920B7BE7B00272600 /* YPImagePicker.swift */ = {isa = PBXFileReference; fileEncoding = 4; lastKnownFileType = sourcecode.swift; path = YPImagePicker.swift; sourceTree = "<group>"; };
		2579030A20B7BE7B00272600 /* YPImagePickerHeader.h */ = {isa = PBXFileReference; fileEncoding = 4; lastKnownFileType = sourcecode.c.h; path = YPImagePickerHeader.h; sourceTree = "<group>"; };
		2579030B20B7BE7B00272600 /* YPPickerVC.swift */ = {isa = PBXFileReference; fileEncoding = 4; lastKnownFileType = sourcecode.swift; path = YPPickerVC.swift; sourceTree = "<group>"; };
		2579035920B7C03B00272600 /* magnetX-Bridging-Header.h */ = {isa = PBXFileReference; lastKnownFileType = sourcecode.c.h; path = "magnetX-Bridging-Header.h"; sourceTree = "<group>"; };
		2579035B20B7D76800272600 /* MoviesTarget.swift */ = {isa = PBXFileReference; lastKnownFileType = sourcecode.swift; path = MoviesTarget.swift; sourceTree = "<group>"; };
		258F09E020B6A71C004256EF /* magnetX.app */ = {isa = PBXFileReference; explicitFileType = wrapper.application; includeInIndex = 0; path = magnetX.app; sourceTree = BUILT_PRODUCTS_DIR; };
		258F09EA20B6A71D004256EF /* Assets.xcassets */ = {isa = PBXFileReference; lastKnownFileType = folder.assetcatalog; path = Assets.xcassets; sourceTree = "<group>"; };
		25E178F420BBF9FB00720673 /* UIImageColors.h */ = {isa = PBXFileReference; fileEncoding = 4; lastKnownFileType = sourcecode.c.h; path = UIImageColors.h; sourceTree = "<group>"; };
		25E178F520BBF9FB00720673 /* UIImageColors.swift */ = {isa = PBXFileReference; fileEncoding = 4; lastKnownFileType = sourcecode.swift; path = UIImageColors.swift; sourceTree = "<group>"; };
		3AF93A1D4E4CAE38E95B98C0 /* Pods-magnetX.release.xcconfig */ = {isa = PBXFileReference; includeInIndex = 1; lastKnownFileType = text.xcconfig; name = "Pods-magnetX.release.xcconfig"; path = "Pods/Target Support Files/Pods-magnetX/Pods-magnetX.release.xcconfig"; sourceTree = "<group>"; };
		793B842B83B43925AAEC4A63 /* Pods-magnetX.debug.xcconfig */ = {isa = PBXFileReference; includeInIndex = 1; lastKnownFileType = text.xcconfig; name = "Pods-magnetX.debug.xcconfig"; path = "Pods/Target Support Files/Pods-magnetX/Pods-magnetX.debug.xcconfig"; sourceTree = "<group>"; };
		FAE5AD0089BEF84A2A4E36F7 /* Pods_magnetX.framework */ = {isa = PBXFileReference; explicitFileType = wrapper.framework; includeInIndex = 0; path = Pods_magnetX.framework; sourceTree = BUILT_PRODUCTS_DIR; };
/* End PBXFileReference section */

/* Begin PBXFrameworksBuildPhase section */
		258F09DD20B6A71C004256EF /* Frameworks */ = {
			isa = PBXFrameworksBuildPhase;
			buildActionMask = 2147483647;
			files = (
				2892E8EDB65262D04C0C20F4 /* Pods_magnetX.framework in Frameworks */,
			);
			runOnlyForDeploymentPostprocessing = 0;
		};
/* End PBXFrameworksBuildPhase section */

/* Begin PBXGroup section */
		1DAEB440FAC4ACCF2BAC7FC5 /* Pods */ = {
			isa = PBXGroup;
			children = (
				793B842B83B43925AAEC4A63 /* Pods-magnetX.debug.xcconfig */,
				3AF93A1D4E4CAE38E95B98C0 /* Pods-magnetX.release.xcconfig */,
			);
			name = Pods;
			sourceTree = "<group>";
		};
		252758B520B6B2B000347877 /* App */ = {
			isa = PBXGroup;
			children = (
				252758B620B6B2B000347877 /* AppDelegate.swift */,
				252758BE20B6B2E100347877 /* AppDelegat+Service.swift */,
				252758C020B6B47F00347877 /* AppDelegate+Root.swift */,
			);
			path = App;
			sourceTree = "<group>";
		};
		252758B720B6B2B000347877 /* Other */ = {
			isa = PBXGroup;
			children = (
				252758B820B6B2B000347877 /* LaunchScreen.storyboard */,
				252758BA20B6B2B000347877 /* Info.plist */,
			);
			path = Other;
			sourceTree = "<group>";
		};
		252758C220B6B4B900347877 /* Extension */ = {
			isa = PBXGroup;
			children = (
				2579028A20B7A2C600272600 /* UIImageExtension.swift */,
				252758C320B6BDB700347877 /* UIColorExtension.swift */,
				252758DB20B6BFF200347877 /* UIViewControllerExtension.swift */,
				2579028F20B7B23A00272600 /* PixelExtension.swift */,
				2579029020B7B23A00272600 /* StringExtension.swift */,
				2579028E20B7B23A00272600 /* UIScreenExtension.swift */,
			);
			path = Extension;
			sourceTree = "<group>";
		};
		252758C520B6BE5700347877 /* Classes */ = {
			isa = PBXGroup;
			children = (
				252758C720B6BE5700347877 /* Main */,
				252758C620B6BE5700347877 /* Base */,
				2555D7B320BB8F5700CC010F /* Hot */,
				252758CA20B6BF8700347877 /* Recommend */,
				252758CF20B6BF8700347877 /* Search */,
				252758D420B6BF8700347877 /* Personal */,
			);
			path = Classes;
			sourceTree = "<group>";
		};
		252758C620B6BE5700347877 /* Base */ = {
			isa = PBXGroup;
			children = (
				252758D920B6BFD000347877 /* BaseViewController.swift */,
			);
			path = Base;
			sourceTree = "<group>";
		};
		252758C720B6BE5700347877 /* Main */ = {
			isa = PBXGroup;
			children = (
				252758C820B6BE6800347877 /* MainViewController.swift */,
				2555D7CD20BBE90C00CC010F /* BounceTabBar.swift */,
			);
			path = Main;
			sourceTree = "<group>";
		};
		252758CA20B6BF8700347877 /* Recommend */ = {
			isa = PBXGroup;
			children = (
				252758CB20B6BF8700347877 /* Controller */,
				252758CC20B6BF8700347877 /* Model */,
				252758CD20B6BF8700347877 /* View */,
				252758CE20B6BF8700347877 /* ViewModel */,
			);
			path = Recommend;
			sourceTree = "<group>";
		};
		252758CB20B6BF8700347877 /* Controller */ = {
			isa = PBXGroup;
			children = (
				252758DF20B6C0C100347877 /* RecommendViewController.swift */,
			);
			path = Controller;
			sourceTree = "<group>";
		};
		252758CC20B6BF8700347877 /* Model */ = {
			isa = PBXGroup;
			children = (
				2579028C20B7B01F00272600 /* PopularModel.swift */,
			);
			path = Model;
			sourceTree = "<group>";
		};
		252758CD20B6BF8700347877 /* View */ = {
			isa = PBXGroup;
			children = (
			);
			path = View;
			sourceTree = "<group>";
		};
		252758CE20B6BF8700347877 /* ViewModel */ = {
			isa = PBXGroup;
			children = (
			);
			path = ViewModel;
			sourceTree = "<group>";
		};
		252758CF20B6BF8700347877 /* Search */ = {
			isa = PBXGroup;
			children = (
				252758D020B6BF8700347877 /* Controller */,
				252758D120B6BF8700347877 /* Model */,
				252758D220B6BF8700347877 /* View */,
				252758D320B6BF8700347877 /* ViewModel */,
			);
			path = Search;
			sourceTree = "<group>";
		};
		252758D020B6BF8700347877 /* Controller */ = {
			isa = PBXGroup;
			children = (
				252758E120B6C0D000347877 /* SearchViewController.swift */,
			);
			path = Controller;
			sourceTree = "<group>";
		};
		252758D120B6BF8700347877 /* Model */ = {
			isa = PBXGroup;
			children = (
			);
			path = Model;
			sourceTree = "<group>";
		};
		252758D220B6BF8700347877 /* View */ = {
			isa = PBXGroup;
			children = (
			);
			path = View;
			sourceTree = "<group>";
		};
		252758D320B6BF8700347877 /* ViewModel */ = {
			isa = PBXGroup;
			children = (
			);
			path = ViewModel;
			sourceTree = "<group>";
		};
		252758D420B6BF8700347877 /* Personal */ = {
			isa = PBXGroup;
			children = (
				252758D520B6BF8700347877 /* Controller */,
				252758D620B6BF8700347877 /* Model */,
				252758D720B6BF8700347877 /* View */,
				252758D820B6BF8700347877 /* ViewModel */,
			);
			path = Personal;
			sourceTree = "<group>";
		};
		252758D520B6BF8700347877 /* Controller */ = {
			isa = PBXGroup;
			children = (
				252758DD20B6C0AB00347877 /* PersonalViewController.swift */,
			);
			path = Controller;
			sourceTree = "<group>";
		};
		252758D620B6BF8700347877 /* Model */ = {
			isa = PBXGroup;
			children = (
			);
			path = Model;
			sourceTree = "<group>";
		};
		252758D720B6BF8700347877 /* View */ = {
			isa = PBXGroup;
			children = (
			);
			path = View;
			sourceTree = "<group>";
		};
		252758D820B6BF8700347877 /* ViewModel */ = {
			isa = PBXGroup;
			children = (
			);
			path = ViewModel;
			sourceTree = "<group>";
		};
		2555D7B320BB8F5700CC010F /* Hot */ = {
			isa = PBXGroup;
			children = (
				2555D7B420BB8F5700CC010F /* Controller */,
				2555D7BC20BBA9C700CC010F /* Feature */,
				2555D7B520BB8F5700CC010F /* Model */,
				2555D7B620BB8F5700CC010F /* View */,
				2555D7B720BB8F5700CC010F /* ViewModel */,
			);
			path = Hot;
			sourceTree = "<group>";
		};
		2555D7B420BB8F5700CC010F /* Controller */ = {
			isa = PBXGroup;
			children = (
				2555D7B820BB8F6500CC010F /* HotViewController.swift */,
			);
			path = Controller;
			sourceTree = "<group>";
		};
		2555D7B520BB8F5700CC010F /* Model */ = {
			isa = PBXGroup;
			children = (
			);
			path = Model;
			sourceTree = "<group>";
		};
		2555D7B620BB8F5700CC010F /* View */ = {
			isa = PBXGroup;
			children = (
			);
			path = View;
			sourceTree = "<group>";
		};
		2555D7B720BB8F5700CC010F /* ViewModel */ = {
			isa = PBXGroup;
			children = (
			);
			path = ViewModel;
			sourceTree = "<group>";
		};
		2555D7BC20BBA9C700CC010F /* Feature */ = {
			isa = PBXGroup;
			children = (
				2555D7BD20BBAA5400CC010F /* NowPlaying */,
				2555D7C220BBAA5400CC010F /* UpComing */,
			);
			path = Feature;
			sourceTree = "<group>";
		};
		2555D7BD20BBAA5400CC010F /* NowPlaying */ = {
			isa = PBXGroup;
			children = (
				2555D7BE20BBAA5400CC010F /* Controller */,
				2555D7BF20BBAA5400CC010F /* Model */,
				2555D7C020BBAA5400CC010F /* View */,
				2555D7C120BBAA5400CC010F /* ViewModel */,
			);
			path = NowPlaying;
			sourceTree = "<group>";
		};
		2555D7BE20BBAA5400CC010F /* Controller */ = {
			isa = PBXGroup;
			children = (
				2555D7C720BBC9AD00CC010F /* NowPlayingViewController.swift */,
			);
			path = Controller;
			sourceTree = "<group>";
		};
		2555D7BF20BBAA5400CC010F /* Model */ = {
			isa = PBXGroup;
			children = (
			);
			path = Model;
			sourceTree = "<group>";
		};
		2555D7C020BBAA5400CC010F /* View */ = {
			isa = PBXGroup;
			children = (
			);
			path = View;
			sourceTree = "<group>";
		};
		2555D7C120BBAA5400CC010F /* ViewModel */ = {
			isa = PBXGroup;
			children = (
			);
			path = ViewModel;
			sourceTree = "<group>";
		};
		2555D7C220BBAA5400CC010F /* UpComing */ = {
			isa = PBXGroup;
			children = (
				2555D7C320BBAA5400CC010F /* Controller */,
				2555D7C420BBAA5400CC010F /* Model */,
				2555D7C520BBAA5400CC010F /* View */,
				2555D7C620BBAA5400CC010F /* ViewModel */,
			);
			path = UpComing;
			sourceTree = "<group>";
		};
		2555D7C320BBAA5400CC010F /* Controller */ = {
			isa = PBXGroup;
			children = (
				2555D7C920BBC9C400CC010F /* UpComingViewController.swift */,
			);
			path = Controller;
			sourceTree = "<group>";
		};
		2555D7C420BBAA5400CC010F /* Model */ = {
			isa = PBXGroup;
			children = (
			);
			path = Model;
			sourceTree = "<group>";
		};
		2555D7C520BBAA5400CC010F /* View */ = {
			isa = PBXGroup;
			children = (
			);
			path = View;
			sourceTree = "<group>";
		};
		2555D7C620BBAA5400CC010F /* ViewModel */ = {
			isa = PBXGroup;
			children = (
			);
			path = ViewModel;
			sourceTree = "<group>";
		};
		2555D7CF20BBEEA300CC010F /* SwiftyStarRatingView */ = {
			isa = PBXGroup;
			children = (
				2555D7D020BBEEA300CC010F /* SwiftyStarRatingView.swift */,
			);
			path = SwiftyStarRatingView;
			sourceTree = "<group>";
		};
		2555D7D220BBF0A500CC010F /* View */ = {
			isa = PBXGroup;
			children = (
				2555D7D820BBF0B700CC010F /* CommonMovieCell.swift */,
			);
			path = View;
			sourceTree = "<group>";
		};
		2555D7D320BBF0A500CC010F /* Tools */ = {
			isa = PBXGroup;
			children = (
				2555D7D420BBF0A500CC010F /* Common.swift */,
				2555D7D520BBF0A500CC010F /* XUtils.swift */,
			);
			path = Tools;
			sourceTree = "<group>";
		};
		2579029420B7B2AC00272600 /* Common */ = {
			isa = PBXGroup;
			children = (
				2555D7D320BBF0A500CC010F /* Tools */,
				2555D7D220BBF0A500CC010F /* View */,
			);
			name = Common;
			path = magnetX/Common;
			sourceTree = SOURCE_ROOT;
		};
		2579029720B7B59300272600 /* Network */ = {
			isa = PBXGroup;
			children = (
				2579029820B7B59300272600 /* Data+HandyJSON.swift */,
				2579029920B7B59300272600 /* HTTPResponse.swift */,
				2579029A20B7B59300272600 /* Network+Rx.swift */,
				2579029B20B7B59300272600 /* Network.swift */,
				2579029C20B7B59300272600 /* NetworkEnvironment.swift */,
				257902A220B7B9ED00272600 /* ResponseCode.swift */,
			);
			path = Network;
			sourceTree = "<group>";
		};
		257902A420B7BE7B00272600 /* Vendor */ = {
			isa = PBXGroup;
			children = (
				257902A520B7BE7B00272600 /* HTTPProvider */,
				257902A920B7BE7B00272600 /* Router */,
				257902AB20B7BE7B00272600 /* UI */,
				257902C020B7BE7B00272600 /* YPImagePicker */,
			);
			path = Vendor;
			sourceTree = "<group>";
		};
		257902A520B7BE7B00272600 /* HTTPProvider */ = {
			isa = PBXGroup;
			children = (
				257902A620B7BE7B00272600 /* HTTPActivityPlugin.swift */,
				257902A720B7BE7B00272600 /* HTTPCache.swift */,
				257902A820B7BE7B00272600 /* HTTPLoggerPlugin.swift */,
			);
			path = HTTPProvider;
			sourceTree = "<group>";
		};
		257902A920B7BE7B00272600 /* Router */ = {
			isa = PBXGroup;
			children = (
				257902AA20B7BE7B00272600 /* Router.swift */,
			);
			path = Router;
			sourceTree = "<group>";
		};
		257902AB20B7BE7B00272600 /* UI */ = {
			isa = PBXGroup;
			children = (
				257902AC20B7BE7B00272600 /* HUD.swift */,
				25E178F320BBF9FB00720673 /* UIImageColors */,
				2555D7CF20BBEEA300CC010F /* SwiftyStarRatingView */,
				257902AD20B7BE7B00272600 /* KRActivityIndicatorView */,
				257902B220B7BE7B00272600 /* KRProgressHUD */,
				257902B920B7BE7B00272600 /* PageScrollView */,
				257902BD20B7BE7B00272600 /* WebViewContainer */,
			);
			path = UI;
			sourceTree = "<group>";
		};
		257902AD20B7BE7B00272600 /* KRActivityIndicatorView */ = {
			isa = PBXGroup;
			children = (
				257902AE20B7BE7B00272600 /* Classes */,
			);
			path = KRActivityIndicatorView;
			sourceTree = "<group>";
		};
		257902AE20B7BE7B00272600 /* Classes */ = {
			isa = PBXGroup;
			children = (
				257902AF20B7BE7B00272600 /* KRActivityIndicatorPath.swift */,
				257902B020B7BE7B00272600 /* KRActivityIndicatorView.swift */,
				257902B120B7BE7B00272600 /* KRActivityIndicatorViewStyle.swift */,
			);
			path = Classes;
			sourceTree = "<group>";
		};
		257902B220B7BE7B00272600 /* KRProgressHUD */ = {
			isa = PBXGroup;
			children = (
				257902B320B7BE7B00272600 /* Classes */,
			);
			path = KRProgressHUD;
			sourceTree = "<group>";
		};
		257902B320B7BE7B00272600 /* Classes */ = {
			isa = PBXGroup;
			children = (
				257902B420B7BE7B00272600 /* Extensions.swift */,
				257902B520B7BE7B00272600 /* InnerKRProgressHUD.swift */,
				257902B620B7BE7B00272600 /* KRProgressHUD.swift */,
				257902B720B7BE7B00272600 /* KRProgressHUDIconType.swift */,
				257902B820B7BE7B00272600 /* KRProgressHUDViewController.swift */,
			);
			path = Classes;
			sourceTree = "<group>";
		};
		257902B920B7BE7B00272600 /* PageScrollView */ = {
			isa = PBXGroup;
			children = (
				257902BA20B7BE7B00272600 /* PageMenuCell.swift */,
				257902BB20B7BE7B00272600 /* PageMenuView.swift */,
				257902BC20B7BE7B00272600 /* PageScrollView.swift */,
			);
			path = PageScrollView;
			sourceTree = "<group>";
		};
		257902BD20B7BE7B00272600 /* WebViewContainer */ = {
			isa = PBXGroup;
			children = (
				257902BE20B7BE7B00272600 /* WebViewContainer.swift */,
				257902BF20B7BE7B00272600 /* WebViewController.swift */,
			);
			path = WebViewContainer;
			sourceTree = "<group>";
		};
		257902C020B7BE7B00272600 /* YPImagePicker */ = {
			isa = PBXGroup;
			children = (
				257902C120B7BE7B00272600 /* Resources */,
				257902CA20B7BE7B00272600 /* Source */,
			);
			path = YPImagePicker;
			sourceTree = "<group>";
		};
		257902C120B7BE7B00272600 /* Resources */ = {
			isa = PBXGroup;
			children = (
				257902C220B7BE7B00272600 /* Assets.xcassets */,
				257902C320B7BE7B00272600 /* Localizable.strings */,
			);
			path = Resources;
			sourceTree = "<group>";
		};
		257902CA20B7BE7B00272600 /* Source */ = {
			isa = PBXGroup;
			children = (
				257902CB20B7BE7B00272600 /* BottomPager */,
				257902D020B7BE7B00272600 /* Camera */,
				257902D720B7BE7B00272600 /* Configuration */,
				257902DC20B7BE7B00272600 /* Crop */,
				257902DF20B7BE7B00272600 /* Filters */,
				257902E520B7BE7B00272600 /* Helpers */,
				257902F220B7BE7B00272600 /* Info.plist */,
				257902F320B7BE7B00272600 /* Library */,
				2579030620B7BE7B00272600 /* Video */,
				2579030920B7BE7B00272600 /* YPImagePicker.swift */,
				2579030A20B7BE7B00272600 /* YPImagePickerHeader.h */,
				2579030B20B7BE7B00272600 /* YPPickerVC.swift */,
			);
			path = Source;
			sourceTree = "<group>";
		};
		257902CB20B7BE7B00272600 /* BottomPager */ = {
			isa = PBXGroup;
			children = (
				257902CC20B7BE7B00272600 /* YPBottomPager.swift */,
				257902CD20B7BE7B00272600 /* YPBottomPagerView.swift */,
				257902CE20B7BE7B00272600 /* YPMenuItem.swift */,
				257902CF20B7BE7B00272600 /* YPPagerMenu.swift */,
			);
			path = BottomPager;
			sourceTree = "<group>";
		};
		257902D020B7BE7B00272600 /* Camera */ = {
			isa = PBXGroup;
			children = (
				257902D120B7BE7B00272600 /* PostiOS10PhotoCapture.swift */,
				257902D220B7BE7B00272600 /* PreiOS10PhotoCapture.swift */,
				257902D320B7BE7B00272600 /* YPCameraVC.swift */,
				257902D420B7BE7B00272600 /* YPCameraView.swift */,
				257902D520B7BE7B00272600 /* YPPhotoCapture.swift */,
				257902D620B7BE7B00272600 /* YPPhotoCaptureDefaults.swift */,
			);
			path = Camera;
			sourceTree = "<group>";
		};
		257902D720B7BE7B00272600 /* Configuration */ = {
			isa = PBXGroup;
			children = (
				257902D820B7BE7B00272600 /* YPImagePickerConfiguration.swift */,
				257902D920B7BE7B00272600 /* YPLibraryImageSize.swift */,
				257902DA20B7BE7B00272600 /* YPPickerScreen.swift */,
				257902DB20B7BE7B00272600 /* YPWordings.swift */,
			);
			path = Configuration;
			sourceTree = "<group>";
		};
		257902DC20B7BE7B00272600 /* Crop */ = {
			isa = PBXGroup;
			children = (
				257902DD20B7BE7B00272600 /* YPCropVC.swift */,
				257902DE20B7BE7B00272600 /* YPCropView.swift */,
			);
			path = Crop;
			sourceTree = "<group>";
		};
		257902DF20B7BE7B00272600 /* Filters */ = {
			isa = PBXGroup;
			children = (
				257902E020B7BE7B00272600 /* YPFilter.swift */,
				257902E120B7BE7B00272600 /* YPFilterCollectionViewCell.swift */,
				257902E220B7BE7B00272600 /* YPFilterPreview.swift */,
				257902E320B7BE7B00272600 /* YPFiltersVC.swift */,
				257902E420B7BE7B00272600 /* YPFiltersView.swift */,
			);
			path = Filters;
			sourceTree = "<group>";
		};
		257902E520B7BE7B00272600 /* Helpers */ = {
			isa = PBXGroup;
			children = (
				257902E620B7BE7B00272600 /* CGRect+Difference.swift */,
				257902E720B7BE7B00272600 /* IndexSet+IndexPath.swift */,
				257902E820B7BE7B00272600 /* PermissionCheckable.swift */,
				257902E920B7BE7B00272600 /* PHCachingImageManager+Helpers.swift */,
				257902EA20B7BE7B00272600 /* PHFetchResult + IndexPath.swift */,
				257902EB20B7BE7B00272600 /* UICollectionView+IndexPath.swift */,
				257902EC20B7BE7B00272600 /* UIImage+ResetOrientation.swift */,
				257902ED20B7BE7B00272600 /* YPAlerts.swift */,
				257902EE20B7BE7B00272600 /* YPDragDirection.swift */,
				257902EF20B7BE7B00272600 /* YPHelpers.swift */,
				257902F020B7BE7B00272600 /* YPPermissionDeniedPopup.swift */,
				257902F120B7BE7B00272600 /* YPPhotoSaver.swift */,
			);
			path = Helpers;
			sourceTree = "<group>";
		};
		257902F320B7BE7B00272600 /* Library */ = {
			isa = PBXGroup;
			children = (
				257902F420B7BE7B00272600 /* LibraryMediaManager.swift */,
				257902F520B7BE7B00272600 /* YPAlbum.swift */,
				257902F620B7BE7B00272600 /* YPAlbumCell.swift */,
				257902F720B7BE7B00272600 /* YPAlbumsManager.swift */,
				257902F820B7BE7B00272600 /* YPAlbumVC.swift */,
				257902F920B7BE7B00272600 /* YPAlbumView.swift */,
				257902FA20B7BE7B00272600 /* YPGridView.swift */,
				257902FB20B7BE7B00272600 /* YPImageCropView.swift */,
				257902FC20B7BE7B00272600 /* YPImageCropViewContainer.swift */,
				257902FD20B7BE7B00272600 /* YPLibrary+LibraryChange.swift */,
				257902FE20B7BE7B00272600 /* YPLibraryVC + UIHelpers.swift */,
				257902FF20B7BE7B00272600 /* YPLibraryVC+CollectionView.swift */,
				2579030020B7BE7B00272600 /* YPLibraryVC+PanGesture.swift */,
				2579030120B7BE7B00272600 /* YPLibraryVC.swift */,
				2579030220B7BE7B00272600 /* YPLibraryView.swift */,
				2579030320B7BE7B00272600 /* YPLibraryView.xib */,
				2579030420B7BE7B00272600 /* YPLibraryViewCell.swift */,
				2579030520B7BE7B00272600 /* YPLibraryViewDelegate.swift */,
			);
			path = Library;
			sourceTree = "<group>";
		};
		2579030620B7BE7B00272600 /* Video */ = {
			isa = PBXGroup;
			children = (
				2579030720B7BE7B00272600 /* YPVideoHelper.swift */,
				2579030820B7BE7B00272600 /* YPVideoVC.swift */,
			);
			path = Video;
			sourceTree = "<group>";
		};
		2579035820B7C01600272600 /* OCBridge */ = {
			isa = PBXGroup;
			children = (
				2579035920B7C03B00272600 /* magnetX-Bridging-Header.h */,
			);
			path = OCBridge;
			sourceTree = "<group>";
		};
		2579035A20B7D71D00272600 /* Target */ = {
			isa = PBXGroup;
			children = (
				2579035B20B7D76800272600 /* MoviesTarget.swift */,
			);
			path = Target;
			sourceTree = "<group>";
		};
		258F09D720B6A71C004256EF = {
			isa = PBXGroup;
			children = (
				258F09E220B6A71C004256EF /* magnetX */,
				258F09E120B6A71C004256EF /* Products */,
				1DAEB440FAC4ACCF2BAC7FC5 /* Pods */,
				E2E938FB4279700D08D1DF82 /* Frameworks */,
			);
			sourceTree = "<group>";
		};
		258F09E120B6A71C004256EF /* Products */ = {
			isa = PBXGroup;
			children = (
				258F09E020B6A71C004256EF /* magnetX.app */,
			);
			name = Products;
			sourceTree = "<group>";
		};
		258F09E220B6A71C004256EF /* magnetX */ = {
			isa = PBXGroup;
			children = (
				252758B520B6B2B000347877 /* App */,
				252758C520B6BE5700347877 /* Classes */,
				252758C220B6B4B900347877 /* Extension */,
				2579029420B7B2AC00272600 /* Common */,
				2579035A20B7D71D00272600 /* Target */,
				2579029720B7B59300272600 /* Network */,
				257902A420B7BE7B00272600 /* Vendor */,
				2579035820B7C01600272600 /* OCBridge */,
				252758B720B6B2B000347877 /* Other */,
				258F09EA20B6A71D004256EF /* Assets.xcassets */,
			);
			path = magnetX;
			sourceTree = "<group>";
		};
		25E178F320BBF9FB00720673 /* UIImageColors */ = {
			isa = PBXGroup;
			children = (
				25E178F420BBF9FB00720673 /* UIImageColors.h */,
				25E178F520BBF9FB00720673 /* UIImageColors.swift */,
			);
			path = UIImageColors;
			sourceTree = "<group>";
		};
		E2E938FB4279700D08D1DF82 /* Frameworks */ = {
			isa = PBXGroup;
			children = (
				FAE5AD0089BEF84A2A4E36F7 /* Pods_magnetX.framework */,
			);
			name = Frameworks;
			sourceTree = "<group>";
		};
/* End PBXGroup section */

/* Begin PBXNativeTarget section */
		258F09DF20B6A71C004256EF /* magnetX */ = {
			isa = PBXNativeTarget;
			buildConfigurationList = 258F09F220B6A71D004256EF /* Build configuration list for PBXNativeTarget "magnetX" */;
			buildPhases = (
				91607D6411947A02AFFA7EB4 /* [CP] Check Pods Manifest.lock */,
				258F09DC20B6A71C004256EF /* Sources */,
				258F09DD20B6A71C004256EF /* Frameworks */,
				258F09DE20B6A71C004256EF /* Resources */,
				CF5370125ADB527BEC9D24D8 /* [CP] Embed Pods Frameworks */,
			);
			buildRules = (
			);
			dependencies = (
			);
			name = magnetX;
			productName = magnetX;
			productReference = 258F09E020B6A71C004256EF /* magnetX.app */;
			productType = "com.apple.product-type.application";
		};
/* End PBXNativeTarget section */

/* Begin PBXProject section */
		258F09D820B6A71C004256EF /* Project object */ = {
			isa = PBXProject;
			attributes = {
				LastSwiftUpdateCheck = 0930;
				LastUpgradeCheck = 0930;
				ORGANIZATIONNAME = hsuyelin;
				TargetAttributes = {
					258F09DF20B6A71C004256EF = {
						CreatedOnToolsVersion = 9.3.1;
					};
				};
			};
			buildConfigurationList = 258F09DB20B6A71C004256EF /* Build configuration list for PBXProject "magnetX" */;
			compatibilityVersion = "Xcode 9.3";
			developmentRegion = en;
			hasScannedForEncodings = 0;
			knownRegions = (
				en,
				Base,
				es,
				fr,
				nl,
				ru,
				"zh-Hans",
			);
			mainGroup = 258F09D720B6A71C004256EF;
			productRefGroup = 258F09E120B6A71C004256EF /* Products */;
			projectDirPath = "";
			projectRoot = "";
			targets = (
				258F09DF20B6A71C004256EF /* magnetX */,
			);
		};
/* End PBXProject section */

/* Begin PBXResourcesBuildPhase section */
		258F09DE20B6A71C004256EF /* Resources */ = {
			isa = PBXResourcesBuildPhase;
			buildActionMask = 2147483647;
			files = (
				2579031F20B7BE7C00272600 /* Localizable.strings in Resources */,
				258F09EB20B6A71D004256EF /* Assets.xcassets in Resources */,
				2579034120B7BE7C00272600 /* Info.plist in Resources */,
				2579035120B7BE7C00272600 /* YPLibraryView.xib in Resources */,
				252758BC20B6B2B000347877 /* LaunchScreen.storyboard in Resources */,
				2579031E20B7BE7C00272600 /* Assets.xcassets in Resources */,
			);
			runOnlyForDeploymentPostprocessing = 0;
		};
/* End PBXResourcesBuildPhase section */

/* Begin PBXShellScriptBuildPhase section */
		91607D6411947A02AFFA7EB4 /* [CP] Check Pods Manifest.lock */ = {
			isa = PBXShellScriptBuildPhase;
			buildActionMask = 2147483647;
			files = (
			);
			inputPaths = (
				"${PODS_PODFILE_DIR_PATH}/Podfile.lock",
				"${PODS_ROOT}/Manifest.lock",
			);
			name = "[CP] Check Pods Manifest.lock";
			outputPaths = (
				"$(DERIVED_FILE_DIR)/Pods-magnetX-checkManifestLockResult.txt",
			);
			runOnlyForDeploymentPostprocessing = 0;
			shellPath = /bin/sh;
			shellScript = "diff \"${PODS_PODFILE_DIR_PATH}/Podfile.lock\" \"${PODS_ROOT}/Manifest.lock\" > /dev/null\nif [ $? != 0 ] ; then\n    # print error to STDERR\n    echo \"error: The sandbox is not in sync with the Podfile.lock. Run 'pod install' or update your CocoaPods installation.\" >&2\n    exit 1\nfi\n# This output is used by Xcode 'outputs' to avoid re-running this script phase.\necho \"SUCCESS\" > \"${SCRIPT_OUTPUT_FILE_0}\"\n";
			showEnvVarsInLog = 0;
		};
		CF5370125ADB527BEC9D24D8 /* [CP] Embed Pods Frameworks */ = {
			isa = PBXShellScriptBuildPhase;
			buildActionMask = 2147483647;
			files = (
			);
			inputPaths = (
				"${SRCROOT}/Pods/Target Support Files/Pods-magnetX/Pods-magnetX-frameworks.sh",
				"${BUILT_PRODUCTS_DIR}/Alamofire/Alamofire.framework",
				"${BUILT_PRODUCTS_DIR}/Differentiator/Differentiator.framework",
				"${BUILT_PRODUCTS_DIR}/EachNavigationBar/EachNavigationBar.framework",
				"${BUILT_PRODUCTS_DIR}/FDFullscreenPopGesture/FDFullscreenPopGesture.framework",
				"${BUILT_PRODUCTS_DIR}/FSPagerView/FSPagerView.framework",
				"${BUILT_PRODUCTS_DIR}/HandyJSON/HandyJSON.framework",
				"${BUILT_PRODUCTS_DIR}/IQKeyboardManagerSwift/IQKeyboardManagerSwift.framework",
				"${BUILT_PRODUCTS_DIR}/Kingfisher/Kingfisher.framework",
				"${BUILT_PRODUCTS_DIR}/LTScrollView/LTScrollView.framework",
				"${BUILT_PRODUCTS_DIR}/MJRefresh/MJRefresh.framework",
				"${BUILT_PRODUCTS_DIR}/Moya/Moya.framework",
				"${BUILT_PRODUCTS_DIR}/Ono/Ono.framework",
				"${BUILT_PRODUCTS_DIR}/Result/Result.framework",
				"${BUILT_PRODUCTS_DIR}/RxCocoa/RxCocoa.framework",
				"${BUILT_PRODUCTS_DIR}/RxDataSources/RxDataSources.framework",
				"${BUILT_PRODUCTS_DIR}/RxSwift/RxSwift.framework",
				"${BUILT_PRODUCTS_DIR}/SnapKit/SnapKit.framework",
				"${BUILT_PRODUCTS_DIR}/SteviaLayout/Stevia.framework",
				"${BUILT_PRODUCTS_DIR}/WCDB.swift/WCDBSwift.framework",
				"${BUILT_PRODUCTS_DIR}/WKWebViewJavascriptBridge/WKWebViewJavascriptBridge.framework",
			);
			name = "[CP] Embed Pods Frameworks";
			outputPaths = (
				"${TARGET_BUILD_DIR}/${FRAMEWORKS_FOLDER_PATH}/Alamofire.framework",
				"${TARGET_BUILD_DIR}/${FRAMEWORKS_FOLDER_PATH}/Differentiator.framework",
				"${TARGET_BUILD_DIR}/${FRAMEWORKS_FOLDER_PATH}/EachNavigationBar.framework",
				"${TARGET_BUILD_DIR}/${FRAMEWORKS_FOLDER_PATH}/FDFullscreenPopGesture.framework",
				"${TARGET_BUILD_DIR}/${FRAMEWORKS_FOLDER_PATH}/FSPagerView.framework",
				"${TARGET_BUILD_DIR}/${FRAMEWORKS_FOLDER_PATH}/HandyJSON.framework",
				"${TARGET_BUILD_DIR}/${FRAMEWORKS_FOLDER_PATH}/IQKeyboardManagerSwift.framework",
				"${TARGET_BUILD_DIR}/${FRAMEWORKS_FOLDER_PATH}/Kingfisher.framework",
				"${TARGET_BUILD_DIR}/${FRAMEWORKS_FOLDER_PATH}/LTScrollView.framework",
				"${TARGET_BUILD_DIR}/${FRAMEWORKS_FOLDER_PATH}/MJRefresh.framework",
				"${TARGET_BUILD_DIR}/${FRAMEWORKS_FOLDER_PATH}/Moya.framework",
				"${TARGET_BUILD_DIR}/${FRAMEWORKS_FOLDER_PATH}/Ono.framework",
				"${TARGET_BUILD_DIR}/${FRAMEWORKS_FOLDER_PATH}/Result.framework",
				"${TARGET_BUILD_DIR}/${FRAMEWORKS_FOLDER_PATH}/RxCocoa.framework",
				"${TARGET_BUILD_DIR}/${FRAMEWORKS_FOLDER_PATH}/RxDataSources.framework",
				"${TARGET_BUILD_DIR}/${FRAMEWORKS_FOLDER_PATH}/RxSwift.framework",
				"${TARGET_BUILD_DIR}/${FRAMEWORKS_FOLDER_PATH}/SnapKit.framework",
				"${TARGET_BUILD_DIR}/${FRAMEWORKS_FOLDER_PATH}/Stevia.framework",
				"${TARGET_BUILD_DIR}/${FRAMEWORKS_FOLDER_PATH}/WCDBSwift.framework",
				"${TARGET_BUILD_DIR}/${FRAMEWORKS_FOLDER_PATH}/WKWebViewJavascriptBridge.framework",
			);
			runOnlyForDeploymentPostprocessing = 0;
			shellPath = /bin/sh;
			shellScript = "\"${SRCROOT}/Pods/Target Support Files/Pods-magnetX/Pods-magnetX-frameworks.sh\"\n";
			showEnvVarsInLog = 0;
		};
/* End PBXShellScriptBuildPhase section */

/* Begin PBXSourcesBuildPhase section */
		258F09DC20B6A71C004256EF /* Sources */ = {
			isa = PBXSourcesBuildPhase;
			buildActionMask = 2147483647;
			files = (
				2579032120B7BE7C00272600 /* YPBottomPagerView.swift in Sources */,
				2579032020B7BE7C00272600 /* YPBottomPager.swift in Sources */,
				2579032820B7BE7C00272600 /* YPPhotoCapture.swift in Sources */,
				2555D7D720BBF0A500CC010F /* XUtils.swift in Sources */,
				2579029220B7B23A00272600 /* PixelExtension.swift in Sources */,
				2579033820B7BE7C00272600 /* PHCachingImageManager+Helpers.swift in Sources */,
				2579035C20B7D76800272600 /* MoviesTarget.swift in Sources */,
				2579034920B7BE7C00272600 /* YPImageCropView.swift in Sources */,
				2579033620B7BE7C00272600 /* IndexSet+IndexPath.swift in Sources */,
				2579034D20B7BE7C00272600 /* YPLibraryVC+CollectionView.swift in Sources */,
				2579031520B7BE7C00272600 /* InnerKRProgressHUD.swift in Sources */,
				2579031920B7BE7C00272600 /* PageMenuCell.swift in Sources */,
				2579031C20B7BE7C00272600 /* WebViewContainer.swift in Sources */,
				2579034C20B7BE7C00272600 /* YPLibraryVC + UIHelpers.swift in Sources */,
				2579033420B7BE7C00272600 /* YPFiltersView.swift in Sources */,
				2579035620B7BE7C00272600 /* YPImagePicker.swift in Sources */,
				2579031220B7BE7C00272600 /* KRActivityIndicatorView.swift in Sources */,
				2555D7B920BB8F6500CC010F /* HotViewController.swift in Sources */,
				252758E220B6C0D000347877 /* SearchViewController.swift in Sources */,
				2579032C20B7BE7C00272600 /* YPPickerScreen.swift in Sources */,
				2579034320B7BE7C00272600 /* YPAlbum.swift in Sources */,
				2579032220B7BE7C00272600 /* YPMenuItem.swift in Sources */,
				2579035420B7BE7C00272600 /* YPVideoHelper.swift in Sources */,
				2579032E20B7BE7C00272600 /* YPCropVC.swift in Sources */,
				2579033720B7BE7C00272600 /* PermissionCheckable.swift in Sources */,
				2579034020B7BE7C00272600 /* YPPhotoSaver.swift in Sources */,
				2579032720B7BE7C00272600 /* YPCameraView.swift in Sources */,
				2579031620B7BE7C00272600 /* KRProgressHUD.swift in Sources */,
				2579029320B7B23A00272600 /* StringExtension.swift in Sources */,
				2579033B20B7BE7C00272600 /* UIImage+ResetOrientation.swift in Sources */,
				2579033120B7BE7C00272600 /* YPFilterCollectionViewCell.swift in Sources */,
				252758BF20B6B2E100347877 /* AppDelegat+Service.swift in Sources */,
				252758C120B6B47F00347877 /* AppDelegate+Root.swift in Sources */,
				2579030D20B7BE7C00272600 /* HTTPCache.swift in Sources */,
				2579031A20B7BE7C00272600 /* PageMenuView.swift in Sources */,
				2579035020B7BE7C00272600 /* YPLibraryView.swift in Sources */,
				2579029E20B7B59400272600 /* HTTPResponse.swift in Sources */,
				2579031120B7BE7C00272600 /* KRActivityIndicatorPath.swift in Sources */,
				2579030C20B7BE7C00272600 /* HTTPActivityPlugin.swift in Sources */,
				2579029120B7B23A00272600 /* UIScreenExtension.swift in Sources */,
				2579032520B7BE7C00272600 /* PreiOS10PhotoCapture.swift in Sources */,
				2579031B20B7BE7C00272600 /* PageScrollView.swift in Sources */,
				2579033220B7BE7C00272600 /* YPFilterPreview.swift in Sources */,
				2579033020B7BE7C00272600 /* YPFilter.swift in Sources */,
				2579031320B7BE7C00272600 /* KRActivityIndicatorViewStyle.swift in Sources */,
				2579029F20B7B59400272600 /* Network+Rx.swift in Sources */,
				257902A320B7B9ED00272600 /* ResponseCode.swift in Sources */,
				2579033C20B7BE7C00272600 /* YPAlerts.swift in Sources */,
				2579030F20B7BE7C00272600 /* Router.swift in Sources */,
				2579032320B7BE7C00272600 /* YPPagerMenu.swift in Sources */,
				2579035320B7BE7C00272600 /* YPLibraryViewDelegate.swift in Sources */,
				252758E020B6C0C100347877 /* RecommendViewController.swift in Sources */,
				2579031D20B7BE7C00272600 /* WebViewController.swift in Sources */,
				257902A120B7B59400272600 /* NetworkEnvironment.swift in Sources */,
				2579031020B7BE7C00272600 /* HUD.swift in Sources */,
				2579034E20B7BE7C00272600 /* YPLibraryVC+PanGesture.swift in Sources */,
				2555D7D120BBEEA300CC010F /* SwiftyStarRatingView.swift in Sources */,
				2579034420B7BE7C00272600 /* YPAlbumCell.swift in Sources */,
				2579032F20B7BE7C00272600 /* YPCropView.swift in Sources */,
				2579035520B7BE7C00272600 /* YPVideoVC.swift in Sources */,
				2579031420B7BE7C00272600 /* Extensions.swift in Sources */,
				2579032420B7BE7C00272600 /* PostiOS10PhotoCapture.swift in Sources */,
				2579032B20B7BE7C00272600 /* YPLibraryImageSize.swift in Sources */,
				2579031820B7BE7C00272600 /* KRProgressHUDViewController.swift in Sources */,
				2579033520B7BE7C00272600 /* CGRect+Difference.swift in Sources */,
				257902A020B7B59400272600 /* Network.swift in Sources */,
				2579033920B7BE7C00272600 /* PHFetchResult + IndexPath.swift in Sources */,
				2555D7CA20BBC9C400CC010F /* UpComingViewController.swift in Sources */,
				2579034720B7BE7C00272600 /* YPAlbumView.swift in Sources */,
				2555D7D920BBF0B700CC010F /* CommonMovieCell.swift in Sources */,
				2579028B20B7A2C600272600 /* UIImageExtension.swift in Sources */,
				2579034B20B7BE7C00272600 /* YPLibrary+LibraryChange.swift in Sources */,
				252758DE20B6C0AB00347877 /* PersonalViewController.swift in Sources */,
				2579033D20B7BE7C00272600 /* YPDragDirection.swift in Sources */,
				2579033F20B7BE7C00272600 /* YPPermissionDeniedPopup.swift in Sources */,
				2579034A20B7BE7C00272600 /* YPImageCropViewContainer.swift in Sources */,
				25E178F620BBF9FB00720673 /* UIImageColors.swift in Sources */,
				2579035720B7BE7C00272600 /* YPPickerVC.swift in Sources */,
				252758BB20B6B2B000347877 /* AppDelegate.swift in Sources */,
				2579034520B7BE7C00272600 /* YPAlbumsManager.swift in Sources */,
				2579034F20B7BE7C00272600 /* YPLibraryVC.swift in Sources */,
				2579032A20B7BE7C00272600 /* YPImagePickerConfiguration.swift in Sources */,
				252758C420B6BDB700347877 /* UIColorExtension.swift in Sources */,
				2555D7C820BBC9AD00CC010F /* NowPlayingViewController.swift in Sources */,
				2579034620B7BE7C00272600 /* YPAlbumVC.swift in Sources */,
				2579034220B7BE7C00272600 /* LibraryMediaManager.swift in Sources */,
				252758C920B6BE6800347877 /* MainViewController.swift in Sources */,
				2579031720B7BE7C00272600 /* KRProgressHUDIconType.swift in Sources */,
				2579028D20B7B01F00272600 /* PopularModel.swift in Sources */,
				2579034820B7BE7C00272600 /* YPGridView.swift in Sources */,
				2579035220B7BE7C00272600 /* YPLibraryViewCell.swift in Sources */,
				2555D7D620BBF0A500CC010F /* Common.swift in Sources */,
				2579032D20B7BE7C00272600 /* YPWordings.swift in Sources */,
				252758DC20B6BFF200347877 /* UIViewControllerExtension.swift in Sources */,
				2579032620B7BE7C00272600 /* YPCameraVC.swift in Sources */,
				2579033A20B7BE7C00272600 /* UICollectionView+IndexPath.swift in Sources */,
				2555D7CE20BBE90C00CC010F /* BounceTabBar.swift in Sources */,
				2579029D20B7B59400272600 /* Data+HandyJSON.swift in Sources */,
				252758DA20B6BFD000347877 /* BaseViewController.swift in Sources */,
				2579032920B7BE7C00272600 /* YPPhotoCaptureDefaults.swift in Sources */,
				2579030E20B7BE7C00272600 /* HTTPLoggerPlugin.swift in Sources */,
				2579033E20B7BE7C00272600 /* YPHelpers.swift in Sources */,
				2579033320B7BE7C00272600 /* YPFiltersVC.swift in Sources */,
			);
			runOnlyForDeploymentPostprocessing = 0;
		};
/* End PBXSourcesBuildPhase section */

/* Begin PBXVariantGroup section */
		252758B820B6B2B000347877 /* LaunchScreen.storyboard */ = {
			isa = PBXVariantGroup;
			children = (
				252758B920B6B2B000347877 /* Base */,
			);
			name = LaunchScreen.storyboard;
			sourceTree = "<group>";
		};
		257902C320B7BE7B00272600 /* Localizable.strings */ = {
			isa = PBXVariantGroup;
			children = (
				257902C420B7BE7B00272600 /* en */,
				257902C520B7BE7B00272600 /* es */,
				257902C620B7BE7B00272600 /* fr */,
				257902C720B7BE7B00272600 /* nl */,
				257902C820B7BE7B00272600 /* ru */,
				257902C920B7BE7B00272600 /* zh-Hans */,
			);
			name = Localizable.strings;
			sourceTree = "<group>";
		};
/* End PBXVariantGroup section */

/* Begin XCBuildConfiguration section */
		258F09F020B6A71D004256EF /* Debug */ = {
			isa = XCBuildConfiguration;
			buildSettings = {
				ALWAYS_SEARCH_USER_PATHS = NO;
				CLANG_ANALYZER_NONNULL = YES;
				CLANG_ANALYZER_NUMBER_OBJECT_CONVERSION = YES_AGGRESSIVE;
				CLANG_CXX_LANGUAGE_STANDARD = "gnu++14";
				CLANG_CXX_LIBRARY = "libc++";
				CLANG_ENABLE_MODULES = YES;
				CLANG_ENABLE_OBJC_ARC = YES;
				CLANG_ENABLE_OBJC_WEAK = YES;
				CLANG_WARN_BLOCK_CAPTURE_AUTORELEASING = YES;
				CLANG_WARN_BOOL_CONVERSION = YES;
				CLANG_WARN_COMMA = YES;
				CLANG_WARN_CONSTANT_CONVERSION = YES;
				CLANG_WARN_DEPRECATED_OBJC_IMPLEMENTATIONS = YES;
				CLANG_WARN_DIRECT_OBJC_ISA_USAGE = YES_ERROR;
				CLANG_WARN_DOCUMENTATION_COMMENTS = YES;
				CLANG_WARN_EMPTY_BODY = YES;
				CLANG_WARN_ENUM_CONVERSION = YES;
				CLANG_WARN_INFINITE_RECURSION = YES;
				CLANG_WARN_INT_CONVERSION = YES;
				CLANG_WARN_NON_LITERAL_NULL_CONVERSION = YES;
				CLANG_WARN_OBJC_IMPLICIT_RETAIN_SELF = YES;
				CLANG_WARN_OBJC_LITERAL_CONVERSION = YES;
				CLANG_WARN_OBJC_ROOT_CLASS = YES_ERROR;
				CLANG_WARN_RANGE_LOOP_ANALYSIS = YES;
				CLANG_WARN_STRICT_PROTOTYPES = YES;
				CLANG_WARN_SUSPICIOUS_MOVE = YES;
				CLANG_WARN_UNGUARDED_AVAILABILITY = YES_AGGRESSIVE;
				CLANG_WARN_UNREACHABLE_CODE = YES;
				CLANG_WARN__DUPLICATE_METHOD_MATCH = YES;
				CODE_SIGN_IDENTITY = "iPhone Developer";
				COPY_PHASE_STRIP = NO;
				DEBUG_INFORMATION_FORMAT = dwarf;
				ENABLE_STRICT_OBJC_MSGSEND = YES;
				ENABLE_TESTABILITY = YES;
				GCC_C_LANGUAGE_STANDARD = gnu11;
				GCC_DYNAMIC_NO_PIC = NO;
				GCC_NO_COMMON_BLOCKS = YES;
				GCC_OPTIMIZATION_LEVEL = 0;
				GCC_PREPROCESSOR_DEFINITIONS = (
					"DEBUG=1",
					"$(inherited)",
				);
				GCC_WARN_64_TO_32_BIT_CONVERSION = YES;
				GCC_WARN_ABOUT_RETURN_TYPE = YES_ERROR;
				GCC_WARN_UNDECLARED_SELECTOR = YES;
				GCC_WARN_UNINITIALIZED_AUTOS = YES_AGGRESSIVE;
				GCC_WARN_UNUSED_FUNCTION = YES;
				GCC_WARN_UNUSED_VARIABLE = YES;
				IPHONEOS_DEPLOYMENT_TARGET = 11.3;
				MTL_ENABLE_DEBUG_INFO = YES;
				ONLY_ACTIVE_ARCH = YES;
				SDKROOT = iphoneos;
				SWIFT_ACTIVE_COMPILATION_CONDITIONS = DEBUG;
				SWIFT_OPTIMIZATION_LEVEL = "-Onone";
			};
			name = Debug;
		};
		258F09F120B6A71D004256EF /* Release */ = {
			isa = XCBuildConfiguration;
			buildSettings = {
				ALWAYS_SEARCH_USER_PATHS = NO;
				CLANG_ANALYZER_NONNULL = YES;
				CLANG_ANALYZER_NUMBER_OBJECT_CONVERSION = YES_AGGRESSIVE;
				CLANG_CXX_LANGUAGE_STANDARD = "gnu++14";
				CLANG_CXX_LIBRARY = "libc++";
				CLANG_ENABLE_MODULES = YES;
				CLANG_ENABLE_OBJC_ARC = YES;
				CLANG_ENABLE_OBJC_WEAK = YES;
				CLANG_WARN_BLOCK_CAPTURE_AUTORELEASING = YES;
				CLANG_WARN_BOOL_CONVERSION = YES;
				CLANG_WARN_COMMA = YES;
				CLANG_WARN_CONSTANT_CONVERSION = YES;
				CLANG_WARN_DEPRECATED_OBJC_IMPLEMENTATIONS = YES;
				CLANG_WARN_DIRECT_OBJC_ISA_USAGE = YES_ERROR;
				CLANG_WARN_DOCUMENTATION_COMMENTS = YES;
				CLANG_WARN_EMPTY_BODY = YES;
				CLANG_WARN_ENUM_CONVERSION = YES;
				CLANG_WARN_INFINITE_RECURSION = YES;
				CLANG_WARN_INT_CONVERSION = YES;
				CLANG_WARN_NON_LITERAL_NULL_CONVERSION = YES;
				CLANG_WARN_OBJC_IMPLICIT_RETAIN_SELF = YES;
				CLANG_WARN_OBJC_LITERAL_CONVERSION = YES;
				CLANG_WARN_OBJC_ROOT_CLASS = YES_ERROR;
				CLANG_WARN_RANGE_LOOP_ANALYSIS = YES;
				CLANG_WARN_STRICT_PROTOTYPES = YES;
				CLANG_WARN_SUSPICIOUS_MOVE = YES;
				CLANG_WARN_UNGUARDED_AVAILABILITY = YES_AGGRESSIVE;
				CLANG_WARN_UNREACHABLE_CODE = YES;
				CLANG_WARN__DUPLICATE_METHOD_MATCH = YES;
				CODE_SIGN_IDENTITY = "iPhone Developer";
				COPY_PHASE_STRIP = NO;
				DEBUG_INFORMATION_FORMAT = "dwarf-with-dsym";
				ENABLE_NS_ASSERTIONS = NO;
				ENABLE_STRICT_OBJC_MSGSEND = YES;
				GCC_C_LANGUAGE_STANDARD = gnu11;
				GCC_NO_COMMON_BLOCKS = YES;
				GCC_WARN_64_TO_32_BIT_CONVERSION = YES;
				GCC_WARN_ABOUT_RETURN_TYPE = YES_ERROR;
				GCC_WARN_UNDECLARED_SELECTOR = YES;
				GCC_WARN_UNINITIALIZED_AUTOS = YES_AGGRESSIVE;
				GCC_WARN_UNUSED_FUNCTION = YES;
				GCC_WARN_UNUSED_VARIABLE = YES;
				IPHONEOS_DEPLOYMENT_TARGET = 11.3;
				MTL_ENABLE_DEBUG_INFO = NO;
				SDKROOT = iphoneos;
				SWIFT_COMPILATION_MODE = wholemodule;
				SWIFT_OPTIMIZATION_LEVEL = "-O";
				VALIDATE_PRODUCT = YES;
			};
			name = Release;
		};
		258F09F320B6A71D004256EF /* Debug */ = {
			isa = XCBuildConfiguration;
			baseConfigurationReference = 793B842B83B43925AAEC4A63 /* Pods-magnetX.debug.xcconfig */;
			buildSettings = {
				ASSETCATALOG_COMPILER_APPICON_NAME = AppIcon;
				ASSETCATALOG_COMPILER_LAUNCHIMAGE_NAME = LaunchImage;
				CODE_SIGN_STYLE = Automatic;
				DEVELOPMENT_TEAM = QC2G2Y59YZ;
				GCC_PREPROCESSOR_DEFINITIONS_NOT_USED_IN_PRECOMPS = "$(inherited)";
				INFOPLIST_FILE = "$(SRCROOT)/magnetX/Other/Info.plist";
				IPHONEOS_DEPLOYMENT_TARGET = 9.0;
				LD_RUNPATH_SEARCH_PATHS = (
					"$(inherited)",
					"@executable_path/Frameworks",
				);
				PRODUCT_BUNDLE_IDENTIFIER = hsuyelin.magnetXD;
				PRODUCT_NAME = "$(TARGET_NAME)";
				SWIFT_OBJC_BRIDGING_HEADER = "$(SRCROOT)/magnetX/OCBridge/magnetX-Bridging-Header.h";
				SWIFT_VERSION = 4.0;
				TARGETED_DEVICE_FAMILY = "1,2";
				WARNING_CFLAGS = (
					"-Wno-nonnull",
					"-Wno-shadow",
					"-Wno-comma",
					"-Wno-unguarded-availability",
					"-Wno-deprecated-declarations",
					"-Wno-incomplete-umbrella",
					"-Wno-objc-protocol-method-implementation",
				);
			};
			name = Debug;
		};
		258F09F420B6A71D004256EF /* Release */ = {
			isa = XCBuildConfiguration;
			baseConfigurationReference = 3AF93A1D4E4CAE38E95B98C0 /* Pods-magnetX.release.xcconfig */;
			buildSettings = {
				ASSETCATALOG_COMPILER_APPICON_NAME = AppIcon;
				ASSETCATALOG_COMPILER_LAUNCHIMAGE_NAME = LaunchImage;
				CODE_SIGN_STYLE = Automatic;
				DEVELOPMENT_TEAM = QC2G2Y59YZ;
				GCC_PREPROCESSOR_DEFINITIONS_NOT_USED_IN_PRECOMPS = "$(inherited)";
				INFOPLIST_FILE = "$(SRCROOT)/magnetX/Other/Info.plist";
				IPHONEOS_DEPLOYMENT_TARGET = 9.0;
				LD_RUNPATH_SEARCH_PATHS = (
					"$(inherited)",
					"@executable_path/Frameworks",
				);
				PRODUCT_BUNDLE_IDENTIFIER = hsuyelin.magnetXD;
				PRODUCT_NAME = "$(TARGET_NAME)";
				SWIFT_OBJC_BRIDGING_HEADER = "$(SRCROOT)/magnetX/OCBridge/magnetX-Bridging-Header.h";
				SWIFT_VERSION = 4.0;
				TARGETED_DEVICE_FAMILY = "1,2";
				WARNING_CFLAGS = (
					"-Wno-nonnull",
					"-Wno-shadow",
					"-Wno-comma",
					"-Wno-unguarded-availability",
					"-Wno-deprecated-declarations",
					"-Wno-incomplete-umbrella",
					"-Wno-objc-protocol-method-implementation",
				);
			};
			name = Release;
		};
/* End XCBuildConfiguration section */

/* Begin XCConfigurationList section */
		258F09DB20B6A71C004256EF /* Build configuration list for PBXProject "magnetX" */ = {
			isa = XCConfigurationList;
			buildConfigurations = (
				258F09F020B6A71D004256EF /* Debug */,
				258F09F120B6A71D004256EF /* Release */,
			);
			defaultConfigurationIsVisible = 0;
			defaultConfigurationName = Release;
		};
		258F09F220B6A71D004256EF /* Build configuration list for PBXNativeTarget "magnetX" */ = {
			isa = XCConfigurationList;
			buildConfigurations = (
				258F09F320B6A71D004256EF /* Debug */,
				258F09F420B6A71D004256EF /* Release */,
			);
			defaultConfigurationIsVisible = 0;
			defaultConfigurationName = Release;
		};
/* End XCConfigurationList section */
	};
	rootObject = 258F09D820B6A71C004256EF /* Project object */;
}
